{
  "version": 4,
  "terraform_version": "0.15.0",
  "serial": 125,
  "lineage": "d4be505c-f3b5-d730-5cc1-8babc570981d",
  "outputs": {
    "algorithm": {
      "value": "RSA",
      "type": "string"
    },
    "private_key_pem": {
      "value": "-----BEGIN RSA PRIVATE KEY-----\nMIIJKAIBAAKCAgEAxB/V/CX67x+cwPZCLh/KNXfOoRstr3WmDE6NJd2pnOQ4c4Bw\nMY2Yr+JT6L8RPI5JSrm5MRgB7/MfIfAwXNKjIhZklhXk3dQgelZdWtn+QsjY1huQ\n/mvgxSD7yeIGHsItrlqU3je0i0W/il75Kzc9C/M94W94Yi2BAvfqhvt6V7VFWi3i\n5VypRUAFFEHVQxG70hVZxKYf0LxgRAgCdt5NRdZYKS1veQ8Eds/C9oFeVRiTlYvn\nQBAZ8vjzNCKHIPFdp/ZR53eNGS9wJWW/Z5C0Osd3TIh/v+NQdNegfU6IwLW2dVka\nc3o9uSAZce8hZY1nc9AT/cspo0pxPtLzZWhRSSw6kkE9Pvv15UsTpLyeImrFXChq\niO45NhedcbyTYI8idIfF6pfLRS0lt7GQZxIxpNL7Jkg2Vb5cDV/1YE7RPvpJZtHG\neO8KRUh4Jn4VGVzHwggqGZSOxIkWR/MSe9qo80KYT/EPzYGdp0w2e+ItwQb01gbd\n+T9RbOyWil6V4G5QA6rAbd3VLoHhuBECTBVQYCGcPeii5gutNwAy6c8m8wD1BXB8\nAqTulLtWn+thjVIHAkPEVuF+nrLytCtCDfptNh6g6mrePjb15t95mCuyNQaM8yYh\nFO48tm8H6AzT5xNvfi+rge31ZjShudbqXIhtkEhBQb7tubHGQ4jUxvSAf98CAwEA\nAQKCAgBuZu1yT37+dPEsvnNqu4J8rsCmeEIzbyrV6rISCsGcC+yrODXv7yFwgRty\n/Xuadw5S/lF9jWIpzNZNqIPQ/NHQMoLU6eY36V2PAGb06ZnzxlQp0sLANcIFtheH\nAbEoR26no14B6aG8dLrqDaR96052F6tR6AoAWlUxcpWW/qFUFjrAFOyQ6KRw0yUI\nzjZa1vS/wj0SMeHfAuu94DRi7ajaE1r1cxo5L3b32uSJFzIe/QK3QFYg/e9dkz50\nrqsapERwdHyOrAHFl6qtoqUoi5CpNfe2IXCoeDGmVGuHnlnlAWWAkXQOZVWxjJxG\nQrKuE/eUfiGC0IbT4Of20ZEqGJsIdTL+kdMYZifdg7q1Lt1UGJRNQ9WvCosTD9Ii\nAzQFAjDzphdJ88W/5DSnJqSuz/D23q6/Ou6Yh6VdBu2W8/ImR4I2/zpw/uvxkMPP\nmqgoCjA1IFNARaZz2g1wbgshOYyPufOksBIXes57nyrBxGI4mndQq5dM7DX/P6sp\nLsNDV69q/L84DBlP01v4vhu8wn3NkUgjGWOhdtTx9rLzJr9QfNPtBemoK76Hf+yA\nqZXWNtvz/1U0MQbREPUHbjISoijv2po3FaZF5RYTkr4iI/QTgVPqRsY0Q/tgebOa\nG2rFcymeYXjbnp1E31kSr7plG0+4nNxX1fmh+rtzL+6ERBAWYQKCAQEA1CF8aY4P\nTqqPhqknSvIiXkuA/ji0OxvfLKmRXVpZ1EzFQVLMh9tlRAjo9G9NkKXu/hJHgx/3\nSBSTmG5jlyBqJnilxpOXdMOsjRhq4qU2h1ExWl3S3lMzePHv3AWiOZLn6HLjHWIY\njlh41h6zZ+y5k53xPY+tJJKRprqt8KVIbCM89yO14kPZcVMGMAatALzSpeTJ2dM4\n+zE79rvz3rlyZh/CT8zdopKIvc6/unB/StaPtJ/D5wcXj5G9ai32g2XkRb0EmbJO\n2bId2q4CmMTwgUmvCBWMx++oPJGJaFrFbio+diV4p6RYklWWhQZlVU1d6AP9gnQp\nYiTJAzZxgAf2owKCAQEA7K7yAMCvbqxf7dPSAf1AUeulUN31OputRsqP0BE/3ZKO\nY+EPt/NKgq/BiA9FDU1ggpJzSMe87iWw7hAs65aO3nh4bBZfgubODDEgdTe+Si2n\nL5XsqbIMsBhHzOpFNaCnBaGlUFCH3f632HI1O/fT7enfE3jRJUzyYfWrOzKOjP6n\nXPfdvIzyfvmVzWk9jj5zQnFWWPxmaBFVeINMsd/y0pfoNjRq8kUKsk9jBZF9aS7f\nkIzU4pNFImSKs+lQFkWQYuHU/1lucFyRP/XvUxlLJQjJFL5DjDLERgfCtlCLjT1a\n9dga7nz+5BE5YYKPxDRLDC93dYEydpBBkcq3JABxlQKCAQAIKcm53iekpVeknPnQ\nHoVID6vFHLWC2M270EKxzvpJ+zJUEzWfvMem2JjuXyIjAN+zk0yBNUe01GXhpc3b\nUPoExPvMKn3XlngbbecfFbCFgJBfo+CrgZQngVfzpZvaj1axUUqAJPhA8hKkWsYY\np7l0fs17yv2kvKcyPVjYO+QPlUORVyR2spm5jLJeQsOBlcKdc7J42XIF6J0gH5eA\n6K4IVAyMOZwF15G/jCdAq3eaj6s0DjnhuBomAjvBzEcCQ3eHX4C/0WbLZdlUQwIC\nkwGWWBmOPBYQ054rxoX9KBEU7jc9ILAF84MdDoIeWGKp57JHbW/iB0pYZoX9w6iW\nfrf1AoIBAQCQeOl31CZB5C5aOeYDGNdeKf0rM5ExST2n7JWEaEMXuRH5nbO+kV92\nDlqP9uIrkIPMsCB22JVWuOMbLfx9gdWLrvWy5KVAfipf/szVQEWDegKHZXikzO45\nv1h0mLvOVFYfdeA2+jE1LPqDwJMGG+zdWNi2RhVEM4fwi8kNxXqGThtTAGn1YgPT\nxf3O+OJ+JVitwgj3IHpSI+KMQXlbSlwqeFdiXvS5FbPFy/ehuoFW5ynITm7ULxkQ\nOVcBIvWj4qqT8U3W4HwtUhPHexOvIc1gudAkPU92ELcGGE6eguPsPvt6/YLS+LGN\n/YWNI+kl1tXIhmDg9RAcl0mu+JJ6A1tRAoIBACtpwDHHdUiNFSmP7hvPKV+9jgmP\n11Xk4xy/U4mMfy0/dA7s1j694ReyycvWOrvJX5v4xULMIyZCIDQd6TP9WQ/DC18B\nwQloPMJ1kEducxb7E8iN5YQO/oy8BUXiE4eLuBcX0coDEdQdVjKYv0hPNWB6ZB4F\nxEpKgg25CKazVN8w6qPB+rZronRTE7riwIjiGtfKuCT160wfway52x1IvzZpT4T2\nTybW+gavWL3oE+cJKjv64zBevn3krn7mJytYHd/dVE8fmTiyaelOW0a+ucD4OVY0\nela77j1r8W6czvp0WuKjLJ+uaZGC4smuuLGTXw2MNbxrbSU4tpAq8Ee+y4s=\n-----END RSA PRIVATE KEY-----\n",
      "type": "string",
      "sensitive": true
    },
    "public_key_openssh": {
      "value": "ssh-rsa AAAAB3NzaC1yc2EAAAADAQABAAACAQDEH9X8JfrvH5zA9kIuH8o1d86hGy2vdaYMTo0l3amc5DhzgHAxjZiv4lPovxE8jklKubkxGAHv8x8h8DBc0qMiFmSWFeTd1CB6Vl1a2f5CyNjWG5D+a+DFIPvJ4gYewi2uWpTeN7SLRb+KXvkrNz0L8z3hb3hiLYEC9+qG+3pXtUVaLeLlXKlFQAUUQdVDEbvSFVnEph/QvGBECAJ23k1F1lgpLW95DwR2z8L2gV5VGJOVi+dAEBny+PM0Iocg8V2n9lHnd40ZL3AlZb9nkLQ6x3dMiH+/41B016B9TojAtbZ1WRpzej25IBlx7yFljWdz0BP9yymjSnE+0vNlaFFJLDqSQT0++/XlSxOkvJ4iasVcKGqI7jk2F51xvJNgjyJ0h8Xql8tFLSW3sZBnEjGk0vsmSDZVvlwNX/VgTtE++klm0cZ47wpFSHgmfhUZXMfCCCoZlI7EiRZH8xJ72qjzQphP8Q/NgZ2nTDZ74i3BBvTWBt35P1Fs7JaKXpXgblADqsBt3dUugeG4EQJMFVBgIZw96KLmC603ADLpzybzAPUFcHwCpO6Uu1af62GNUgcCQ8RW4X6esvK0K0IN+m02HqDqat4+NvXm33mYK7I1BozzJiEU7jy2bwfoDNPnE29+L6uB7fVmNKG51upciG2QSEFBvu25scZDiNTG9IB/3w==\n",
      "type": "string"
    },
    "public_key_pem": {
      "value": "-----BEGIN PUBLIC KEY-----\nMIICIjANBgkqhkiG9w0BAQEFAAOCAg8AMIICCgKCAgEAxB/V/CX67x+cwPZCLh/K\nNXfOoRstr3WmDE6NJd2pnOQ4c4BwMY2Yr+JT6L8RPI5JSrm5MRgB7/MfIfAwXNKj\nIhZklhXk3dQgelZdWtn+QsjY1huQ/mvgxSD7yeIGHsItrlqU3je0i0W/il75Kzc9\nC/M94W94Yi2BAvfqhvt6V7VFWi3i5VypRUAFFEHVQxG70hVZxKYf0LxgRAgCdt5N\nRdZYKS1veQ8Eds/C9oFeVRiTlYvnQBAZ8vjzNCKHIPFdp/ZR53eNGS9wJWW/Z5C0\nOsd3TIh/v+NQdNegfU6IwLW2dVkac3o9uSAZce8hZY1nc9AT/cspo0pxPtLzZWhR\nSSw6kkE9Pvv15UsTpLyeImrFXChqiO45NhedcbyTYI8idIfF6pfLRS0lt7GQZxIx\npNL7Jkg2Vb5cDV/1YE7RPvpJZtHGeO8KRUh4Jn4VGVzHwggqGZSOxIkWR/MSe9qo\n80KYT/EPzYGdp0w2e+ItwQb01gbd+T9RbOyWil6V4G5QA6rAbd3VLoHhuBECTBVQ\nYCGcPeii5gutNwAy6c8m8wD1BXB8AqTulLtWn+thjVIHAkPEVuF+nrLytCtCDfpt\nNh6g6mrePjb15t95mCuyNQaM8yYhFO48tm8H6AzT5xNvfi+rge31ZjShudbqXIht\nkEhBQb7tubHGQ4jUxvSAf98CAwEAAQ==\n-----END PUBLIC KEY-----\n",
      "type": "string"
    }
  },
  "resources": [
    {
      "mode": "managed",
      "type": "azurerm_linux_virtual_machine",
      "name": "VMs",
      "provider": "provider[\"registry.terraform.io/hashicorp/azurerm\"]",
      "instances": [
        {
          "index_key": 0,
          "schema_version": 0,
          "attributes": {
            "additional_capabilities": [],
            "admin_password": null,
            "admin_ssh_key": [
              {
                "public_key": "ssh-rsa AAAAB3NzaC1yc2EAAAADAQABAAACAQDEH9X8JfrvH5zA9kIuH8o1d86hGy2vdaYMTo0l3amc5DhzgHAxjZiv4lPovxE8jklKubkxGAHv8x8h8DBc0qMiFmSWFeTd1CB6Vl1a2f5CyNjWG5D+a+DFIPvJ4gYewi2uWpTeN7SLRb+KXvkrNz0L8z3hb3hiLYEC9+qG+3pXtUVaLeLlXKlFQAUUQdVDEbvSFVnEph/QvGBECAJ23k1F1lgpLW95DwR2z8L2gV5VGJOVi+dAEBny+PM0Iocg8V2n9lHnd40ZL3AlZb9nkLQ6x3dMiH+/41B016B9TojAtbZ1WRpzej25IBlx7yFljWdz0BP9yymjSnE+0vNlaFFJLDqSQT0++/XlSxOkvJ4iasVcKGqI7jk2F51xvJNgjyJ0h8Xql8tFLSW3sZBnEjGk0vsmSDZVvlwNX/VgTtE++klm0cZ47wpFSHgmfhUZXMfCCCoZlI7EiRZH8xJ72qjzQphP8Q/NgZ2nTDZ74i3BBvTWBt35P1Fs7JaKXpXgblADqsBt3dUugeG4EQJMFVBgIZw96KLmC603ADLpzybzAPUFcHwCpO6Uu1af62GNUgcCQ8RW4X6esvK0K0IN+m02HqDqat4+NvXm33mYK7I1BozzJiEU7jy2bwfoDNPnE29+L6uB7fVmNKG51upciG2QSEFBvu25scZDiNTG9IB/3w==\n",
                "username": "azureuser"
              }
            ],
            "admin_username": "azureuser",
            "allow_extension_operations": true,
            "availability_set_id": "",
            "boot_diagnostics": [
              {
                "storage_account_uri": "https://diag6107e4caea262bd6.blob.core.windows.net/"
              }
            ],
            "computer_name": "IBM-vm-0",
            "custom_data": null,
            "dedicated_host_id": "",
            "disable_password_authentication": true,
            "encryption_at_host_enabled": false,
            "eviction_policy": "",
            "extensions_time_budget": "PT1H30M",
            "id": "/subscriptions/838a252c-163f-461b-96d4-7f4f57559c2a/resourceGroups/IBM-RG/providers/Microsoft.Compute/virtualMachines/IBM-vm-0",
            "identity": [],
            "license_type": "",
            "location": "eastus",
            "max_bid_price": -1,
            "name": "IBM-vm-0",
            "network_interface_ids": [
              "/subscriptions/838a252c-163f-461b-96d4-7f4f57559c2a/resourceGroups/IBM-RG/providers/Microsoft.Network/networkInterfaces/IBM-nic-0"
            ],
            "os_disk": [
              {
                "caching": "ReadWrite",
                "diff_disk_settings": [],
                "disk_encryption_set_id": "",
                "disk_size_gb": 128,
                "name": "IBM-osdisk-0",
                "storage_account_type": "Standard_LRS",
                "write_accelerator_enabled": false
              }
            ],
            "plan": [],
            "platform_fault_domain": -1,
            "priority": "Regular",
            "private_ip_address": "10.0.1.7",
            "private_ip_addresses": [
              "10.0.1.7"
            ],
            "provision_vm_agent": true,
            "proximity_placement_group_id": "",
            "public_ip_address": "",
            "public_ip_addresses": [],
            "resource_group_name": "IBM-RG",
            "secret": [],
            "size": "Standard_DS1_v2",
            "source_image_id": "",
            "source_image_reference": [
              {
                "offer": "RHEL",
                "publisher": "RedHat",
                "sku": "7-LVM",
                "version": "latest"
              }
            ],
            "tags": null,
            "timeouts": null,
            "virtual_machine_id": "181159e3-ce28-40b6-a1ec-669afe0e5df6",
            "virtual_machine_scale_set_id": "",
            "zone": ""
          },
          "sensitive_attributes": [],
          "private": "eyJlMmJmYjczMC1lY2FhLTExZTYtOGY4OC0zNDM2M2JjN2M0YzAiOnsiY3JlYXRlIjoyNzAwMDAwMDAwMDAwLCJkZWxldGUiOjI3MDAwMDAwMDAwMDAsInJlYWQiOjMwMDAwMDAwMDAwMCwidXBkYXRlIjoyNzAwMDAwMDAwMDAwfX0=",
          "dependencies": [
            "azurerm_network_interface.nic",
            "azurerm_resource_group.RG",
            "azurerm_storage_account.mystorageaccount",
            "azurerm_subnet.Subnet1",
            "azurerm_virtual_network.VNET",
            "random_id.randomId",
            "tls_private_key.example_ssh"
          ]
        },
        {
          "index_key": 1,
          "schema_version": 0,
          "attributes": {
            "additional_capabilities": [],
            "admin_password": null,
            "admin_ssh_key": [
              {
                "public_key": "ssh-rsa AAAAB3NzaC1yc2EAAAADAQABAAACAQDEH9X8JfrvH5zA9kIuH8o1d86hGy2vdaYMTo0l3amc5DhzgHAxjZiv4lPovxE8jklKubkxGAHv8x8h8DBc0qMiFmSWFeTd1CB6Vl1a2f5CyNjWG5D+a+DFIPvJ4gYewi2uWpTeN7SLRb+KXvkrNz0L8z3hb3hiLYEC9+qG+3pXtUVaLeLlXKlFQAUUQdVDEbvSFVnEph/QvGBECAJ23k1F1lgpLW95DwR2z8L2gV5VGJOVi+dAEBny+PM0Iocg8V2n9lHnd40ZL3AlZb9nkLQ6x3dMiH+/41B016B9TojAtbZ1WRpzej25IBlx7yFljWdz0BP9yymjSnE+0vNlaFFJLDqSQT0++/XlSxOkvJ4iasVcKGqI7jk2F51xvJNgjyJ0h8Xql8tFLSW3sZBnEjGk0vsmSDZVvlwNX/VgTtE++klm0cZ47wpFSHgmfhUZXMfCCCoZlI7EiRZH8xJ72qjzQphP8Q/NgZ2nTDZ74i3BBvTWBt35P1Fs7JaKXpXgblADqsBt3dUugeG4EQJMFVBgIZw96KLmC603ADLpzybzAPUFcHwCpO6Uu1af62GNUgcCQ8RW4X6esvK0K0IN+m02HqDqat4+NvXm33mYK7I1BozzJiEU7jy2bwfoDNPnE29+L6uB7fVmNKG51upciG2QSEFBvu25scZDiNTG9IB/3w==\n",
                "username": "azureuser"
              }
            ],
            "admin_username": "azureuser",
            "allow_extension_operations": true,
            "availability_set_id": "",
            "boot_diagnostics": [
              {
                "storage_account_uri": "https://diag6107e4caea262bd6.blob.core.windows.net/"
              }
            ],
            "computer_name": "IBM-vm-1",
            "custom_data": null,
            "dedicated_host_id": "",
            "disable_password_authentication": true,
            "encryption_at_host_enabled": false,
            "eviction_policy": "",
            "extensions_time_budget": "PT1H30M",
            "id": "/subscriptions/838a252c-163f-461b-96d4-7f4f57559c2a/resourceGroups/IBM-RG/providers/Microsoft.Compute/virtualMachines/IBM-vm-1",
            "identity": [],
            "license_type": "",
            "location": "eastus",
            "max_bid_price": -1,
            "name": "IBM-vm-1",
            "network_interface_ids": [
              "/subscriptions/838a252c-163f-461b-96d4-7f4f57559c2a/resourceGroups/IBM-RG/providers/Microsoft.Network/networkInterfaces/IBM-nic-1"
            ],
            "os_disk": [
              {
                "caching": "ReadWrite",
                "diff_disk_settings": [],
                "disk_encryption_set_id": "",
                "disk_size_gb": 128,
                "name": "IBM-osdisk-1",
                "storage_account_type": "Standard_LRS",
                "write_accelerator_enabled": false
              }
            ],
            "plan": [],
            "platform_fault_domain": -1,
            "priority": "Regular",
            "private_ip_address": "10.0.1.6",
            "private_ip_addresses": [
              "10.0.1.6"
            ],
            "provision_vm_agent": true,
            "proximity_placement_group_id": "",
            "public_ip_address": "",
            "public_ip_addresses": [],
            "resource_group_name": "IBM-RG",
            "secret": [],
            "size": "Standard_DS1_v2",
            "source_image_id": "",
            "source_image_reference": [
              {
                "offer": "RHEL",
                "publisher": "RedHat",
                "sku": "7-LVM",
                "version": "latest"
              }
            ],
            "tags": null,
            "timeouts": null,
            "virtual_machine_id": "12bdb316-2003-4410-9a95-56127236bdea",
            "virtual_machine_scale_set_id": "",
            "zone": ""
          },
          "sensitive_attributes": [],
          "private": "eyJlMmJmYjczMC1lY2FhLTExZTYtOGY4OC0zNDM2M2JjN2M0YzAiOnsiY3JlYXRlIjoyNzAwMDAwMDAwMDAwLCJkZWxldGUiOjI3MDAwMDAwMDAwMDAsInJlYWQiOjMwMDAwMDAwMDAwMCwidXBkYXRlIjoyNzAwMDAwMDAwMDAwfX0=",
          "dependencies": [
            "azurerm_network_interface.nic",
            "azurerm_resource_group.RG",
            "azurerm_storage_account.mystorageaccount",
            "azurerm_subnet.Subnet1",
            "azurerm_virtual_network.VNET",
            "random_id.randomId",
            "tls_private_key.example_ssh"
          ]
        },
        {
          "index_key": 2,
          "schema_version": 0,
          "attributes": {
            "additional_capabilities": [],
            "admin_password": null,
            "admin_ssh_key": [
              {
                "public_key": "ssh-rsa AAAAB3NzaC1yc2EAAAADAQABAAACAQDEH9X8JfrvH5zA9kIuH8o1d86hGy2vdaYMTo0l3amc5DhzgHAxjZiv4lPovxE8jklKubkxGAHv8x8h8DBc0qMiFmSWFeTd1CB6Vl1a2f5CyNjWG5D+a+DFIPvJ4gYewi2uWpTeN7SLRb+KXvkrNz0L8z3hb3hiLYEC9+qG+3pXtUVaLeLlXKlFQAUUQdVDEbvSFVnEph/QvGBECAJ23k1F1lgpLW95DwR2z8L2gV5VGJOVi+dAEBny+PM0Iocg8V2n9lHnd40ZL3AlZb9nkLQ6x3dMiH+/41B016B9TojAtbZ1WRpzej25IBlx7yFljWdz0BP9yymjSnE+0vNlaFFJLDqSQT0++/XlSxOkvJ4iasVcKGqI7jk2F51xvJNgjyJ0h8Xql8tFLSW3sZBnEjGk0vsmSDZVvlwNX/VgTtE++klm0cZ47wpFSHgmfhUZXMfCCCoZlI7EiRZH8xJ72qjzQphP8Q/NgZ2nTDZ74i3BBvTWBt35P1Fs7JaKXpXgblADqsBt3dUugeG4EQJMFVBgIZw96KLmC603ADLpzybzAPUFcHwCpO6Uu1af62GNUgcCQ8RW4X6esvK0K0IN+m02HqDqat4+NvXm33mYK7I1BozzJiEU7jy2bwfoDNPnE29+L6uB7fVmNKG51upciG2QSEFBvu25scZDiNTG9IB/3w==\n",
                "username": "azureuser"
              }
            ],
            "admin_username": "azureuser",
            "allow_extension_operations": true,
            "availability_set_id": "",
            "boot_diagnostics": [
              {
                "storage_account_uri": "https://diag6107e4caea262bd6.blob.core.windows.net/"
              }
            ],
            "computer_name": "IBM-vm-2",
            "custom_data": null,
            "dedicated_host_id": "",
            "disable_password_authentication": true,
            "encryption_at_host_enabled": false,
            "eviction_policy": "",
            "extensions_time_budget": "PT1H30M",
            "id": "/subscriptions/838a252c-163f-461b-96d4-7f4f57559c2a/resourceGroups/IBM-RG/providers/Microsoft.Compute/virtualMachines/IBM-vm-2",
            "identity": [],
            "license_type": "",
            "location": "eastus",
            "max_bid_price": -1,
            "name": "IBM-vm-2",
            "network_interface_ids": [
              "/subscriptions/838a252c-163f-461b-96d4-7f4f57559c2a/resourceGroups/IBM-RG/providers/Microsoft.Network/networkInterfaces/IBM-nic-2"
            ],
            "os_disk": [
              {
                "caching": "ReadWrite",
                "diff_disk_settings": [],
                "disk_encryption_set_id": "",
                "disk_size_gb": 128,
                "name": "IBM-osdisk-2",
                "storage_account_type": "Standard_LRS",
                "write_accelerator_enabled": false
              }
            ],
            "plan": [],
            "platform_fault_domain": -1,
            "priority": "Regular",
            "private_ip_address": "10.0.1.4",
            "private_ip_addresses": [
              "10.0.1.4"
            ],
            "provision_vm_agent": true,
            "proximity_placement_group_id": "",
            "public_ip_address": "",
            "public_ip_addresses": [],
            "resource_group_name": "IBM-RG",
            "secret": [],
            "size": "Standard_DS1_v2",
            "source_image_id": "",
            "source_image_reference": [
              {
                "offer": "RHEL",
                "publisher": "RedHat",
                "sku": "7-LVM",
                "version": "latest"
              }
            ],
            "tags": null,
            "timeouts": null,
            "virtual_machine_id": "83e4cc2d-51ee-4d56-b9c6-648c29c856a4",
            "virtual_machine_scale_set_id": "",
            "zone": ""
          },
          "sensitive_attributes": [],
          "private": "eyJlMmJmYjczMC1lY2FhLTExZTYtOGY4OC0zNDM2M2JjN2M0YzAiOnsiY3JlYXRlIjoyNzAwMDAwMDAwMDAwLCJkZWxldGUiOjI3MDAwMDAwMDAwMDAsInJlYWQiOjMwMDAwMDAwMDAwMCwidXBkYXRlIjoyNzAwMDAwMDAwMDAwfX0=",
          "dependencies": [
            "azurerm_network_interface.nic",
            "azurerm_resource_group.RG",
            "azurerm_storage_account.mystorageaccount",
            "azurerm_subnet.Subnet1",
            "azurerm_virtual_network.VNET",
            "random_id.randomId",
            "tls_private_key.example_ssh"
          ]
        }
      ]
    },
    {
      "mode": "managed",
      "type": "azurerm_linux_virtual_machine",
      "name": "jumpboxVM",
      "provider": "provider[\"registry.terraform.io/hashicorp/azurerm\"]",
      "instances": [
        {
          "schema_version": 0,
          "attributes": {
            "additional_capabilities": [],
            "admin_password": null,
            "admin_ssh_key": [
              {
                "public_key": "ssh-rsa AAAAB3NzaC1yc2EAAAADAQABAAACAQDEH9X8JfrvH5zA9kIuH8o1d86hGy2vdaYMTo0l3amc5DhzgHAxjZiv4lPovxE8jklKubkxGAHv8x8h8DBc0qMiFmSWFeTd1CB6Vl1a2f5CyNjWG5D+a+DFIPvJ4gYewi2uWpTeN7SLRb+KXvkrNz0L8z3hb3hiLYEC9+qG+3pXtUVaLeLlXKlFQAUUQdVDEbvSFVnEph/QvGBECAJ23k1F1lgpLW95DwR2z8L2gV5VGJOVi+dAEBny+PM0Iocg8V2n9lHnd40ZL3AlZb9nkLQ6x3dMiH+/41B016B9TojAtbZ1WRpzej25IBlx7yFljWdz0BP9yymjSnE+0vNlaFFJLDqSQT0++/XlSxOkvJ4iasVcKGqI7jk2F51xvJNgjyJ0h8Xql8tFLSW3sZBnEjGk0vsmSDZVvlwNX/VgTtE++klm0cZ47wpFSHgmfhUZXMfCCCoZlI7EiRZH8xJ72qjzQphP8Q/NgZ2nTDZ74i3BBvTWBt35P1Fs7JaKXpXgblADqsBt3dUugeG4EQJMFVBgIZw96KLmC603ADLpzybzAPUFcHwCpO6Uu1af62GNUgcCQ8RW4X6esvK0K0IN+m02HqDqat4+NvXm33mYK7I1BozzJiEU7jy2bwfoDNPnE29+L6uB7fVmNKG51upciG2QSEFBvu25scZDiNTG9IB/3w==\n",
                "username": "azureuser"
              }
            ],
            "admin_username": "azureuser",
            "allow_extension_operations": true,
            "availability_set_id": "",
            "boot_diagnostics": [
              {
                "storage_account_uri": "https://diag6107e4caea262bd6.blob.core.windows.net/"
              }
            ],
            "computer_name": "IBM-jumpbox",
            "custom_data": null,
            "dedicated_host_id": "",
            "disable_password_authentication": true,
            "encryption_at_host_enabled": false,
            "eviction_policy": "",
            "extensions_time_budget": "PT1H30M",
            "id": "/subscriptions/838a252c-163f-461b-96d4-7f4f57559c2a/resourceGroups/IBM-RG/providers/Microsoft.Compute/virtualMachines/IBM-jumpbox",
            "identity": [],
            "license_type": "",
            "location": "eastus",
            "max_bid_price": -1,
            "name": "IBM-jumpbox",
            "network_interface_ids": [
              "/subscriptions/838a252c-163f-461b-96d4-7f4f57559c2a/resourceGroups/IBM-RG/providers/Microsoft.Network/networkInterfaces/IBM-jumpboxnic"
            ],
            "os_disk": [
              {
                "caching": "ReadWrite",
                "diff_disk_settings": [],
                "disk_encryption_set_id": "",
                "disk_size_gb": 128,
                "name": "IBM-osdisk-jump",
                "storage_account_type": "Standard_LRS",
                "write_accelerator_enabled": false
              }
            ],
            "plan": [],
            "platform_fault_domain": -1,
            "priority": "Regular",
            "private_ip_address": "10.0.1.5",
            "private_ip_addresses": [
              "10.0.1.5"
            ],
            "provision_vm_agent": true,
            "proximity_placement_group_id": "",
            "public_ip_address": "52.142.3.102",
            "public_ip_addresses": [
              "52.142.3.102"
            ],
            "resource_group_name": "IBM-RG",
            "secret": [],
            "size": "Standard_DS1_v2",
            "source_image_id": "",
            "source_image_reference": [
              {
                "offer": "RHEL",
                "publisher": "RedHat",
                "sku": "7-LVM",
                "version": "latest"
              }
            ],
            "tags": null,
            "timeouts": null,
            "virtual_machine_id": "e7f02fa3-6828-4f44-b508-50345f883f1f",
            "virtual_machine_scale_set_id": "",
            "zone": ""
          },
          "sensitive_attributes": [],
          "private": "eyJlMmJmYjczMC1lY2FhLTExZTYtOGY4OC0zNDM2M2JjN2M0YzAiOnsiY3JlYXRlIjoyNzAwMDAwMDAwMDAwLCJkZWxldGUiOjI3MDAwMDAwMDAwMDAsInJlYWQiOjMwMDAwMDAwMDAwMCwidXBkYXRlIjoyNzAwMDAwMDAwMDAwfX0=",
          "dependencies": [
            "azurerm_network_interface.jumpboxnic",
            "azurerm_public_ip.PIP",
            "azurerm_resource_group.RG",
            "azurerm_storage_account.mystorageaccount",
            "azurerm_subnet.Subnet1",
            "azurerm_virtual_network.VNET",
            "random_id.randomId",
            "tls_private_key.example_ssh"
          ]
        }
      ]
    },
    {
      "mode": "managed",
      "type": "azurerm_network_interface",
      "name": "jumpboxnic",
      "provider": "provider[\"registry.terraform.io/hashicorp/azurerm\"]",
      "instances": [
        {
          "schema_version": 0,
          "attributes": {
            "applied_dns_servers": [],
            "dns_servers": [],
            "enable_accelerated_networking": false,
            "enable_ip_forwarding": false,
            "id": "/subscriptions/838a252c-163f-461b-96d4-7f4f57559c2a/resourceGroups/IBM-RG/providers/Microsoft.Network/networkInterfaces/IBM-jumpboxnic",
            "internal_dns_name_label": "",
            "internal_domain_name_suffix": "cdkdgqjjhfte3fk4lg2tfe33lb.bx.internal.cloudapp.net",
            "ip_configuration": [
              {
                "name": "ipconfig-jump",
                "primary": true,
                "private_ip_address": "10.0.1.5",
                "private_ip_address_allocation": "Dynamic",
                "private_ip_address_version": "IPv4",
                "public_ip_address_id": "/subscriptions/838a252c-163f-461b-96d4-7f4f57559c2a/resourceGroups/IBM-RG/providers/Microsoft.Network/publicIPAddresses/IBM-publicip",
                "subnet_id": "/subscriptions/838a252c-163f-461b-96d4-7f4f57559c2a/resourceGroups/IBM-RG/providers/Microsoft.Network/virtualNetworks/IBM-vnet/subnets/internal"
              }
            ],
            "location": "eastus",
            "mac_address": "",
            "name": "IBM-jumpboxnic",
            "private_ip_address": "10.0.1.5",
            "private_ip_addresses": [
              "10.0.1.5"
            ],
            "resource_group_name": "IBM-RG",
            "tags": null,
            "timeouts": null,
            "virtual_machine_id": ""
          },
          "sensitive_attributes": [],
          "private": "eyJlMmJmYjczMC1lY2FhLTExZTYtOGY4OC0zNDM2M2JjN2M0YzAiOnsiY3JlYXRlIjoxODAwMDAwMDAwMDAwLCJkZWxldGUiOjE4MDAwMDAwMDAwMDAsInJlYWQiOjMwMDAwMDAwMDAwMCwidXBkYXRlIjoxODAwMDAwMDAwMDAwfX0=",
          "dependencies": [
            "azurerm_public_ip.PIP",
            "azurerm_resource_group.RG",
            "azurerm_subnet.Subnet1",
            "azurerm_virtual_network.VNET"
          ]
        }
      ]
    },
    {
      "mode": "managed",
      "type": "azurerm_network_interface",
      "name": "nic",
      "provider": "provider[\"registry.terraform.io/hashicorp/azurerm\"]",
      "instances": [
        {
          "index_key": 0,
          "schema_version": 0,
          "attributes": {
            "applied_dns_servers": [],
            "dns_servers": [],
            "enable_accelerated_networking": false,
            "enable_ip_forwarding": false,
            "id": "/subscriptions/838a252c-163f-461b-96d4-7f4f57559c2a/resourceGroups/IBM-RG/providers/Microsoft.Network/networkInterfaces/IBM-nic-0",
            "internal_dns_name_label": "",
            "internal_domain_name_suffix": "cdkdgqjjhfte3fk4lg2tfe33lb.bx.internal.cloudapp.net",
            "ip_configuration": [
              {
                "name": "ipconfig0",
                "primary": true,
                "private_ip_address": "10.0.1.7",
                "private_ip_address_allocation": "Dynamic",
                "private_ip_address_version": "IPv4",
                "public_ip_address_id": "",
                "subnet_id": "/subscriptions/838a252c-163f-461b-96d4-7f4f57559c2a/resourceGroups/IBM-RG/providers/Microsoft.Network/virtualNetworks/IBM-vnet/subnets/internal"
              }
            ],
            "location": "eastus",
            "mac_address": "",
            "name": "IBM-nic-0",
            "private_ip_address": "10.0.1.7",
            "private_ip_addresses": [
              "10.0.1.7"
            ],
            "resource_group_name": "IBM-RG",
            "tags": null,
            "timeouts": null,
            "virtual_machine_id": ""
          },
          "sensitive_attributes": [],
          "private": "eyJlMmJmYjczMC1lY2FhLTExZTYtOGY4OC0zNDM2M2JjN2M0YzAiOnsiY3JlYXRlIjoxODAwMDAwMDAwMDAwLCJkZWxldGUiOjE4MDAwMDAwMDAwMDAsInJlYWQiOjMwMDAwMDAwMDAwMCwidXBkYXRlIjoxODAwMDAwMDAwMDAwfX0=",
          "dependencies": [
            "azurerm_resource_group.RG",
            "azurerm_subnet.Subnet1",
            "azurerm_virtual_network.VNET"
          ]
        },
        {
          "index_key": 1,
          "schema_version": 0,
          "attributes": {
            "applied_dns_servers": [],
            "dns_servers": [],
            "enable_accelerated_networking": false,
            "enable_ip_forwarding": false,
            "id": "/subscriptions/838a252c-163f-461b-96d4-7f4f57559c2a/resourceGroups/IBM-RG/providers/Microsoft.Network/networkInterfaces/IBM-nic-1",
            "internal_dns_name_label": "",
            "internal_domain_name_suffix": "cdkdgqjjhfte3fk4lg2tfe33lb.bx.internal.cloudapp.net",
            "ip_configuration": [
              {
                "name": "ipconfig1",
                "primary": true,
                "private_ip_address": "10.0.1.6",
                "private_ip_address_allocation": "Dynamic",
                "private_ip_address_version": "IPv4",
                "public_ip_address_id": "",
                "subnet_id": "/subscriptions/838a252c-163f-461b-96d4-7f4f57559c2a/resourceGroups/IBM-RG/providers/Microsoft.Network/virtualNetworks/IBM-vnet/subnets/internal"
              }
            ],
            "location": "eastus",
            "mac_address": "",
            "name": "IBM-nic-1",
            "private_ip_address": "10.0.1.6",
            "private_ip_addresses": [
              "10.0.1.6"
            ],
            "resource_group_name": "IBM-RG",
            "tags": null,
            "timeouts": null,
            "virtual_machine_id": ""
          },
          "sensitive_attributes": [],
          "private": "eyJlMmJmYjczMC1lY2FhLTExZTYtOGY4OC0zNDM2M2JjN2M0YzAiOnsiY3JlYXRlIjoxODAwMDAwMDAwMDAwLCJkZWxldGUiOjE4MDAwMDAwMDAwMDAsInJlYWQiOjMwMDAwMDAwMDAwMCwidXBkYXRlIjoxODAwMDAwMDAwMDAwfX0=",
          "dependencies": [
            "azurerm_resource_group.RG",
            "azurerm_subnet.Subnet1",
            "azurerm_virtual_network.VNET"
          ]
        },
        {
          "index_key": 2,
          "schema_version": 0,
          "attributes": {
            "applied_dns_servers": [],
            "dns_servers": [],
            "enable_accelerated_networking": false,
            "enable_ip_forwarding": false,
            "id": "/subscriptions/838a252c-163f-461b-96d4-7f4f57559c2a/resourceGroups/IBM-RG/providers/Microsoft.Network/networkInterfaces/IBM-nic-2",
            "internal_dns_name_label": "",
            "internal_domain_name_suffix": "cdkdgqjjhfte3fk4lg2tfe33lb.bx.internal.cloudapp.net",
            "ip_configuration": [
              {
                "name": "ipconfig2",
                "primary": true,
                "private_ip_address": "10.0.1.4",
                "private_ip_address_allocation": "Dynamic",
                "private_ip_address_version": "IPv4",
                "public_ip_address_id": "",
                "subnet_id": "/subscriptions/838a252c-163f-461b-96d4-7f4f57559c2a/resourceGroups/IBM-RG/providers/Microsoft.Network/virtualNetworks/IBM-vnet/subnets/internal"
              }
            ],
            "location": "eastus",
            "mac_address": "",
            "name": "IBM-nic-2",
            "private_ip_address": "10.0.1.4",
            "private_ip_addresses": [
              "10.0.1.4"
            ],
            "resource_group_name": "IBM-RG",
            "tags": null,
            "timeouts": null,
            "virtual_machine_id": ""
          },
          "sensitive_attributes": [],
          "private": "eyJlMmJmYjczMC1lY2FhLTExZTYtOGY4OC0zNDM2M2JjN2M0YzAiOnsiY3JlYXRlIjoxODAwMDAwMDAwMDAwLCJkZWxldGUiOjE4MDAwMDAwMDAwMDAsInJlYWQiOjMwMDAwMDAwMDAwMCwidXBkYXRlIjoxODAwMDAwMDAwMDAwfX0=",
          "dependencies": [
            "azurerm_resource_group.RG",
            "azurerm_subnet.Subnet1",
            "azurerm_virtual_network.VNET"
          ]
        }
      ]
    },
    {
      "mode": "managed",
      "type": "azurerm_public_ip",
      "name": "PIP",
      "provider": "provider[\"registry.terraform.io/hashicorp/azurerm\"]",
      "instances": [
        {
          "schema_version": 0,
          "attributes": {
            "allocation_method": "Static",
            "domain_name_label": null,
            "fqdn": null,
            "id": "/subscriptions/838a252c-163f-461b-96d4-7f4f57559c2a/resourceGroups/IBM-RG/providers/Microsoft.Network/publicIPAddresses/IBM-publicip",
            "idle_timeout_in_minutes": 4,
            "ip_address": "52.142.3.102",
            "ip_tags": null,
            "ip_version": "IPv4",
            "location": "eastus",
            "name": "IBM-publicip",
            "public_ip_prefix_id": null,
            "resource_group_name": "IBM-RG",
            "reverse_fqdn": null,
            "sku": "Basic",
            "tags": null,
            "timeouts": null,
            "zones": null
          },
          "sensitive_attributes": [],
          "private": "eyJlMmJmYjczMC1lY2FhLTExZTYtOGY4OC0zNDM2M2JjN2M0YzAiOnsiY3JlYXRlIjoxODAwMDAwMDAwMDAwLCJkZWxldGUiOjE4MDAwMDAwMDAwMDAsInJlYWQiOjMwMDAwMDAwMDAwMCwidXBkYXRlIjoxODAwMDAwMDAwMDAwfX0=",
          "dependencies": [
            "azurerm_resource_group.RG"
          ]
        }
      ]
    },
    {
      "mode": "managed",
      "type": "azurerm_resource_group",
      "name": "RG",
      "provider": "provider[\"registry.terraform.io/hashicorp/azurerm\"]",
      "instances": [
        {
          "schema_version": 0,
          "attributes": {
            "id": "/subscriptions/838a252c-163f-461b-96d4-7f4f57559c2a/resourceGroups/IBM-RG",
            "location": "eastus",
            "name": "IBM-RG",
            "tags": null,
            "timeouts": null
          },
          "sensitive_attributes": [],
          "private": "eyJlMmJmYjczMC1lY2FhLTExZTYtOGY4OC0zNDM2M2JjN2M0YzAiOnsiY3JlYXRlIjo1NDAwMDAwMDAwMDAwLCJkZWxldGUiOjU0MDAwMDAwMDAwMDAsInJlYWQiOjMwMDAwMDAwMDAwMCwidXBkYXRlIjo1NDAwMDAwMDAwMDAwfX0="
        }
      ]
    },
    {
      "mode": "managed",
      "type": "azurerm_sql_server",
      "name": "sql",
      "provider": "provider[\"registry.terraform.io/hashicorp/azurerm\"]",
      "instances": [
        {
          "schema_version": 0,
          "attributes": {
            "administrator_login": "sqladmin",
            "administrator_login_password": "$7$\u0026l7q8zu*u1\u0026no",
            "connection_policy": "Default",
            "extended_auditing_policy": [],
            "fully_qualified_domain_name": "ibmdbserver.database.windows.net",
            "id": "/subscriptions/838a252c-163f-461b-96d4-7f4f57559c2a/resourceGroups/IBM-RG/providers/Microsoft.Sql/servers/ibmdbserver",
            "identity": [],
            "location": "eastus",
            "name": "ibmdbserver",
            "resource_group_name": "IBM-RG",
            "tags": null,
            "timeouts": null,
            "version": "12.0"
          },
          "sensitive_attributes": [],
          "private": "eyJlMmJmYjczMC1lY2FhLTExZTYtOGY4OC0zNDM2M2JjN2M0YzAiOnsiY3JlYXRlIjozNjAwMDAwMDAwMDAwLCJkZWxldGUiOjM2MDAwMDAwMDAwMDAsInJlYWQiOjMwMDAwMDAwMDAwMCwidXBkYXRlIjozNjAwMDAwMDAwMDAwfX0=",
          "dependencies": [
            "azurerm_resource_group.RG"
          ]
        }
      ]
    },
    {
      "mode": "managed",
      "type": "azurerm_storage_account",
      "name": "mystorageaccount",
      "provider": "provider[\"registry.terraform.io/hashicorp/azurerm\"]",
      "instances": [
        {
          "schema_version": 2,
          "attributes": {
            "access_tier": "Hot",
            "account_kind": "StorageV2",
            "account_replication_type": "LRS",
            "account_tier": "Standard",
            "allow_blob_public_access": false,
            "blob_properties": [],
            "custom_domain": [],
            "enable_https_traffic_only": true,
            "id": "/subscriptions/838a252c-163f-461b-96d4-7f4f57559c2a/resourceGroups/IBM-RG/providers/Microsoft.Storage/storageAccounts/diag6107e4caea262bd6",
            "identity": [],
            "is_hns_enabled": false,
            "large_file_share_enabled": null,
            "location": "eastus",
            "min_tls_version": "TLS1_0",
            "name": "diag6107e4caea262bd6",
            "network_rules": [
              {
                "bypass": [
                  "AzureServices"
                ],
                "default_action": "Allow",
                "ip_rules": [],
                "virtual_network_subnet_ids": []
              }
            ],
            "primary_access_key": "EErtZBCaw1roT3mPWp4A4JFyqkp6Vv0JLAoMqTjCydggb6EIdjU0/0WV0PqwEqlI6K3JePqxlTLBmYFP4ZKfuw==",
            "primary_blob_connection_string": "DefaultEndpointsProtocol=https;BlobEndpoint=https://diag6107e4caea262bd6.blob.core.windows.net/;AccountName=diag6107e4caea262bd6;AccountKey=EErtZBCaw1roT3mPWp4A4JFyqkp6Vv0JLAoMqTjCydggb6EIdjU0/0WV0PqwEqlI6K3JePqxlTLBmYFP4ZKfuw==",
            "primary_blob_endpoint": "https://diag6107e4caea262bd6.blob.core.windows.net/",
            "primary_blob_host": "diag6107e4caea262bd6.blob.core.windows.net",
            "primary_connection_string": "DefaultEndpointsProtocol=https;AccountName=diag6107e4caea262bd6;AccountKey=EErtZBCaw1roT3mPWp4A4JFyqkp6Vv0JLAoMqTjCydggb6EIdjU0/0WV0PqwEqlI6K3JePqxlTLBmYFP4ZKfuw==;EndpointSuffix=core.windows.net",
            "primary_dfs_endpoint": "https://diag6107e4caea262bd6.dfs.core.windows.net/",
            "primary_dfs_host": "diag6107e4caea262bd6.dfs.core.windows.net",
            "primary_file_endpoint": "https://diag6107e4caea262bd6.file.core.windows.net/",
            "primary_file_host": "diag6107e4caea262bd6.file.core.windows.net",
            "primary_location": "eastus",
            "primary_queue_endpoint": "https://diag6107e4caea262bd6.queue.core.windows.net/",
            "primary_queue_host": "diag6107e4caea262bd6.queue.core.windows.net",
            "primary_table_endpoint": "https://diag6107e4caea262bd6.table.core.windows.net/",
            "primary_table_host": "diag6107e4caea262bd6.table.core.windows.net",
            "primary_web_endpoint": "https://diag6107e4caea262bd6.z13.web.core.windows.net/",
            "primary_web_host": "diag6107e4caea262bd6.z13.web.core.windows.net",
            "queue_properties": [
              {
                "cors_rule": [],
                "hour_metrics": [
                  {
                    "enabled": true,
                    "include_apis": true,
                    "retention_policy_days": 7,
                    "version": "1.0"
                  }
                ],
                "logging": [
                  {
                    "delete": false,
                    "read": false,
                    "retention_policy_days": 0,
                    "version": "1.0",
                    "write": false
                  }
                ],
                "minute_metrics": [
                  {
                    "enabled": false,
                    "include_apis": false,
                    "retention_policy_days": 0,
                    "version": "1.0"
                  }
                ]
              }
            ],
            "resource_group_name": "IBM-RG",
            "secondary_access_key": "9zV3ZepEEUzIWwku649wsvJarOQMw2Z8kpQQePFz9z9nlv+lRNvrueW61PQwsZwkdkaw8Ih9EB+fPI/C6Mnd0A==",
            "secondary_blob_connection_string": "",
            "secondary_blob_endpoint": null,
            "secondary_blob_host": null,
            "secondary_connection_string": "DefaultEndpointsProtocol=https;AccountName=diag6107e4caea262bd6;AccountKey=9zV3ZepEEUzIWwku649wsvJarOQMw2Z8kpQQePFz9z9nlv+lRNvrueW61PQwsZwkdkaw8Ih9EB+fPI/C6Mnd0A==;EndpointSuffix=core.windows.net",
            "secondary_dfs_endpoint": null,
            "secondary_dfs_host": null,
            "secondary_file_endpoint": null,
            "secondary_file_host": null,
            "secondary_location": "",
            "secondary_queue_endpoint": null,
            "secondary_queue_host": null,
            "secondary_table_endpoint": null,
            "secondary_table_host": null,
            "secondary_web_endpoint": null,
            "secondary_web_host": null,
            "static_website": [],
            "tags": null,
            "timeouts": null
          },
          "sensitive_attributes": [],
          "private": "eyJlMmJmYjczMC1lY2FhLTExZTYtOGY4OC0zNDM2M2JjN2M0YzAiOnsiY3JlYXRlIjozNjAwMDAwMDAwMDAwLCJkZWxldGUiOjM2MDAwMDAwMDAwMDAsInJlYWQiOjMwMDAwMDAwMDAwMCwidXBkYXRlIjozNjAwMDAwMDAwMDAwfSwic2NoZW1hX3ZlcnNpb24iOiIyIn0=",
          "dependencies": [
            "azurerm_resource_group.RG",
            "random_id.randomId"
          ]
        }
      ]
    },
    {
      "mode": "managed",
      "type": "azurerm_subnet",
      "name": "Subnet1",
      "provider": "provider[\"registry.terraform.io/hashicorp/azurerm\"]",
      "instances": [
        {
          "schema_version": 0,
          "attributes": {
            "address_prefix": "10.0.1.0/24",
            "address_prefixes": [
              "10.0.1.0/24"
            ],
            "delegation": [],
            "enforce_private_link_endpoint_network_policies": false,
            "enforce_private_link_service_network_policies": false,
            "id": "/subscriptions/838a252c-163f-461b-96d4-7f4f57559c2a/resourceGroups/IBM-RG/providers/Microsoft.Network/virtualNetworks/IBM-vnet/subnets/internal",
            "name": "internal",
            "resource_group_name": "IBM-RG",
            "service_endpoint_policy_ids": null,
            "service_endpoints": null,
            "timeouts": null,
            "virtual_network_name": "IBM-vnet"
          },
          "sensitive_attributes": [],
          "private": "eyJlMmJmYjczMC1lY2FhLTExZTYtOGY4OC0zNDM2M2JjN2M0YzAiOnsiY3JlYXRlIjoxODAwMDAwMDAwMDAwLCJkZWxldGUiOjE4MDAwMDAwMDAwMDAsInJlYWQiOjMwMDAwMDAwMDAwMCwidXBkYXRlIjoxODAwMDAwMDAwMDAwfX0=",
          "dependencies": [
            "azurerm_resource_group.RG",
            "azurerm_virtual_network.VNET"
          ]
        }
      ]
    },
    {
      "mode": "managed",
      "type": "azurerm_virtual_network",
      "name": "VNET",
      "provider": "provider[\"registry.terraform.io/hashicorp/azurerm\"]",
      "instances": [
        {
          "schema_version": 0,
          "attributes": {
            "address_space": [
              "10.0.0.0/16"
            ],
            "bgp_community": "",
            "ddos_protection_plan": [],
            "dns_servers": null,
            "guid": "4133d410-3929-4e66-955e-59b93293bd59",
            "id": "/subscriptions/838a252c-163f-461b-96d4-7f4f57559c2a/resourceGroups/IBM-RG/providers/Microsoft.Network/virtualNetworks/IBM-vnet",
            "location": "eastus",
            "name": "IBM-vnet",
            "resource_group_name": "IBM-RG",
            "subnet": [],
            "tags": null,
            "timeouts": null,
            "vm_protection_enabled": false
          },
          "sensitive_attributes": [],
          "private": "eyJlMmJmYjczMC1lY2FhLTExZTYtOGY4OC0zNDM2M2JjN2M0YzAiOnsiY3JlYXRlIjoxODAwMDAwMDAwMDAwLCJkZWxldGUiOjE4MDAwMDAwMDAwMDAsInJlYWQiOjMwMDAwMDAwMDAwMCwidXBkYXRlIjoxODAwMDAwMDAwMDAwfX0=",
          "dependencies": [
            "azurerm_resource_group.RG"
          ]
        }
      ]
    },
    {
      "mode": "managed",
      "type": "random_id",
      "name": "randomId",
      "provider": "provider[\"registry.terraform.io/hashicorp/random\"]",
      "instances": [
        {
          "schema_version": 0,
          "attributes": {
            "b64_std": "YQfkyuomK9Y=",
            "b64_url": "YQfkyuomK9Y",
            "byte_length": 8,
            "dec": "6991808506678881238",
            "hex": "6107e4caea262bd6",
            "id": "YQfkyuomK9Y",
            "keepers": {
              "resource_group": "IBM-RG"
            },
            "prefix": null
          },
          "sensitive_attributes": [],
          "private": "bnVsbA==",
          "dependencies": [
            "azurerm_resource_group.RG"
          ]
        }
      ]
    },
    {
      "mode": "managed",
      "type": "tls_private_key",
      "name": "example_ssh",
      "provider": "provider[\"registry.terraform.io/hashicorp/tls\"]",
      "instances": [
        {
          "schema_version": 0,
          "attributes": {
            "algorithm": "RSA",
            "ecdsa_curve": "P224",
            "id": "b1f9a9778ac63741197a4e56039ade66110a5cae",
            "private_key_pem": "-----BEGIN RSA PRIVATE KEY-----\nMIIJKAIBAAKCAgEAxB/V/CX67x+cwPZCLh/KNXfOoRstr3WmDE6NJd2pnOQ4c4Bw\nMY2Yr+JT6L8RPI5JSrm5MRgB7/MfIfAwXNKjIhZklhXk3dQgelZdWtn+QsjY1huQ\n/mvgxSD7yeIGHsItrlqU3je0i0W/il75Kzc9C/M94W94Yi2BAvfqhvt6V7VFWi3i\n5VypRUAFFEHVQxG70hVZxKYf0LxgRAgCdt5NRdZYKS1veQ8Eds/C9oFeVRiTlYvn\nQBAZ8vjzNCKHIPFdp/ZR53eNGS9wJWW/Z5C0Osd3TIh/v+NQdNegfU6IwLW2dVka\nc3o9uSAZce8hZY1nc9AT/cspo0pxPtLzZWhRSSw6kkE9Pvv15UsTpLyeImrFXChq\niO45NhedcbyTYI8idIfF6pfLRS0lt7GQZxIxpNL7Jkg2Vb5cDV/1YE7RPvpJZtHG\neO8KRUh4Jn4VGVzHwggqGZSOxIkWR/MSe9qo80KYT/EPzYGdp0w2e+ItwQb01gbd\n+T9RbOyWil6V4G5QA6rAbd3VLoHhuBECTBVQYCGcPeii5gutNwAy6c8m8wD1BXB8\nAqTulLtWn+thjVIHAkPEVuF+nrLytCtCDfptNh6g6mrePjb15t95mCuyNQaM8yYh\nFO48tm8H6AzT5xNvfi+rge31ZjShudbqXIhtkEhBQb7tubHGQ4jUxvSAf98CAwEA\nAQKCAgBuZu1yT37+dPEsvnNqu4J8rsCmeEIzbyrV6rISCsGcC+yrODXv7yFwgRty\n/Xuadw5S/lF9jWIpzNZNqIPQ/NHQMoLU6eY36V2PAGb06ZnzxlQp0sLANcIFtheH\nAbEoR26no14B6aG8dLrqDaR96052F6tR6AoAWlUxcpWW/qFUFjrAFOyQ6KRw0yUI\nzjZa1vS/wj0SMeHfAuu94DRi7ajaE1r1cxo5L3b32uSJFzIe/QK3QFYg/e9dkz50\nrqsapERwdHyOrAHFl6qtoqUoi5CpNfe2IXCoeDGmVGuHnlnlAWWAkXQOZVWxjJxG\nQrKuE/eUfiGC0IbT4Of20ZEqGJsIdTL+kdMYZifdg7q1Lt1UGJRNQ9WvCosTD9Ii\nAzQFAjDzphdJ88W/5DSnJqSuz/D23q6/Ou6Yh6VdBu2W8/ImR4I2/zpw/uvxkMPP\nmqgoCjA1IFNARaZz2g1wbgshOYyPufOksBIXes57nyrBxGI4mndQq5dM7DX/P6sp\nLsNDV69q/L84DBlP01v4vhu8wn3NkUgjGWOhdtTx9rLzJr9QfNPtBemoK76Hf+yA\nqZXWNtvz/1U0MQbREPUHbjISoijv2po3FaZF5RYTkr4iI/QTgVPqRsY0Q/tgebOa\nG2rFcymeYXjbnp1E31kSr7plG0+4nNxX1fmh+rtzL+6ERBAWYQKCAQEA1CF8aY4P\nTqqPhqknSvIiXkuA/ji0OxvfLKmRXVpZ1EzFQVLMh9tlRAjo9G9NkKXu/hJHgx/3\nSBSTmG5jlyBqJnilxpOXdMOsjRhq4qU2h1ExWl3S3lMzePHv3AWiOZLn6HLjHWIY\njlh41h6zZ+y5k53xPY+tJJKRprqt8KVIbCM89yO14kPZcVMGMAatALzSpeTJ2dM4\n+zE79rvz3rlyZh/CT8zdopKIvc6/unB/StaPtJ/D5wcXj5G9ai32g2XkRb0EmbJO\n2bId2q4CmMTwgUmvCBWMx++oPJGJaFrFbio+diV4p6RYklWWhQZlVU1d6AP9gnQp\nYiTJAzZxgAf2owKCAQEA7K7yAMCvbqxf7dPSAf1AUeulUN31OputRsqP0BE/3ZKO\nY+EPt/NKgq/BiA9FDU1ggpJzSMe87iWw7hAs65aO3nh4bBZfgubODDEgdTe+Si2n\nL5XsqbIMsBhHzOpFNaCnBaGlUFCH3f632HI1O/fT7enfE3jRJUzyYfWrOzKOjP6n\nXPfdvIzyfvmVzWk9jj5zQnFWWPxmaBFVeINMsd/y0pfoNjRq8kUKsk9jBZF9aS7f\nkIzU4pNFImSKs+lQFkWQYuHU/1lucFyRP/XvUxlLJQjJFL5DjDLERgfCtlCLjT1a\n9dga7nz+5BE5YYKPxDRLDC93dYEydpBBkcq3JABxlQKCAQAIKcm53iekpVeknPnQ\nHoVID6vFHLWC2M270EKxzvpJ+zJUEzWfvMem2JjuXyIjAN+zk0yBNUe01GXhpc3b\nUPoExPvMKn3XlngbbecfFbCFgJBfo+CrgZQngVfzpZvaj1axUUqAJPhA8hKkWsYY\np7l0fs17yv2kvKcyPVjYO+QPlUORVyR2spm5jLJeQsOBlcKdc7J42XIF6J0gH5eA\n6K4IVAyMOZwF15G/jCdAq3eaj6s0DjnhuBomAjvBzEcCQ3eHX4C/0WbLZdlUQwIC\nkwGWWBmOPBYQ054rxoX9KBEU7jc9ILAF84MdDoIeWGKp57JHbW/iB0pYZoX9w6iW\nfrf1AoIBAQCQeOl31CZB5C5aOeYDGNdeKf0rM5ExST2n7JWEaEMXuRH5nbO+kV92\nDlqP9uIrkIPMsCB22JVWuOMbLfx9gdWLrvWy5KVAfipf/szVQEWDegKHZXikzO45\nv1h0mLvOVFYfdeA2+jE1LPqDwJMGG+zdWNi2RhVEM4fwi8kNxXqGThtTAGn1YgPT\nxf3O+OJ+JVitwgj3IHpSI+KMQXlbSlwqeFdiXvS5FbPFy/ehuoFW5ynITm7ULxkQ\nOVcBIvWj4qqT8U3W4HwtUhPHexOvIc1gudAkPU92ELcGGE6eguPsPvt6/YLS+LGN\n/YWNI+kl1tXIhmDg9RAcl0mu+JJ6A1tRAoIBACtpwDHHdUiNFSmP7hvPKV+9jgmP\n11Xk4xy/U4mMfy0/dA7s1j694ReyycvWOrvJX5v4xULMIyZCIDQd6TP9WQ/DC18B\nwQloPMJ1kEducxb7E8iN5YQO/oy8BUXiE4eLuBcX0coDEdQdVjKYv0hPNWB6ZB4F\nxEpKgg25CKazVN8w6qPB+rZronRTE7riwIjiGtfKuCT160wfway52x1IvzZpT4T2\nTybW+gavWL3oE+cJKjv64zBevn3krn7mJytYHd/dVE8fmTiyaelOW0a+ucD4OVY0\nela77j1r8W6czvp0WuKjLJ+uaZGC4smuuLGTXw2MNbxrbSU4tpAq8Ee+y4s=\n-----END RSA PRIVATE KEY-----\n",
            "public_key_fingerprint_md5": "43:40:03:8a:0d:b1:90:2b:f2:bd:67:25:a7:c6:5d:13",
            "public_key_openssh": "ssh-rsa AAAAB3NzaC1yc2EAAAADAQABAAACAQDEH9X8JfrvH5zA9kIuH8o1d86hGy2vdaYMTo0l3amc5DhzgHAxjZiv4lPovxE8jklKubkxGAHv8x8h8DBc0qMiFmSWFeTd1CB6Vl1a2f5CyNjWG5D+a+DFIPvJ4gYewi2uWpTeN7SLRb+KXvkrNz0L8z3hb3hiLYEC9+qG+3pXtUVaLeLlXKlFQAUUQdVDEbvSFVnEph/QvGBECAJ23k1F1lgpLW95DwR2z8L2gV5VGJOVi+dAEBny+PM0Iocg8V2n9lHnd40ZL3AlZb9nkLQ6x3dMiH+/41B016B9TojAtbZ1WRpzej25IBlx7yFljWdz0BP9yymjSnE+0vNlaFFJLDqSQT0++/XlSxOkvJ4iasVcKGqI7jk2F51xvJNgjyJ0h8Xql8tFLSW3sZBnEjGk0vsmSDZVvlwNX/VgTtE++klm0cZ47wpFSHgmfhUZXMfCCCoZlI7EiRZH8xJ72qjzQphP8Q/NgZ2nTDZ74i3BBvTWBt35P1Fs7JaKXpXgblADqsBt3dUugeG4EQJMFVBgIZw96KLmC603ADLpzybzAPUFcHwCpO6Uu1af62GNUgcCQ8RW4X6esvK0K0IN+m02HqDqat4+NvXm33mYK7I1BozzJiEU7jy2bwfoDNPnE29+L6uB7fVmNKG51upciG2QSEFBvu25scZDiNTG9IB/3w==\n",
            "public_key_pem": "-----BEGIN PUBLIC KEY-----\nMIICIjANBgkqhkiG9w0BAQEFAAOCAg8AMIICCgKCAgEAxB/V/CX67x+cwPZCLh/K\nNXfOoRstr3WmDE6NJd2pnOQ4c4BwMY2Yr+JT6L8RPI5JSrm5MRgB7/MfIfAwXNKj\nIhZklhXk3dQgelZdWtn+QsjY1huQ/mvgxSD7yeIGHsItrlqU3je0i0W/il75Kzc9\nC/M94W94Yi2BAvfqhvt6V7VFWi3i5VypRUAFFEHVQxG70hVZxKYf0LxgRAgCdt5N\nRdZYKS1veQ8Eds/C9oFeVRiTlYvnQBAZ8vjzNCKHIPFdp/ZR53eNGS9wJWW/Z5C0\nOsd3TIh/v+NQdNegfU6IwLW2dVkac3o9uSAZce8hZY1nc9AT/cspo0pxPtLzZWhR\nSSw6kkE9Pvv15UsTpLyeImrFXChqiO45NhedcbyTYI8idIfF6pfLRS0lt7GQZxIx\npNL7Jkg2Vb5cDV/1YE7RPvpJZtHGeO8KRUh4Jn4VGVzHwggqGZSOxIkWR/MSe9qo\n80KYT/EPzYGdp0w2e+ItwQb01gbd+T9RbOyWil6V4G5QA6rAbd3VLoHhuBECTBVQ\nYCGcPeii5gutNwAy6c8m8wD1BXB8AqTulLtWn+thjVIHAkPEVuF+nrLytCtCDfpt\nNh6g6mrePjb15t95mCuyNQaM8yYhFO48tm8H6AzT5xNvfi+rge31ZjShudbqXIht\nkEhBQb7tubHGQ4jUxvSAf98CAwEAAQ==\n-----END PUBLIC KEY-----\n",
            "rsa_bits": 4096
          },
          "sensitive_attributes": [],
          "private": "bnVsbA=="
        }
      ]
    }
  ]
}
