{
  "version": 4,
  "terraform_version": "0.15.0",
  "serial": 65,
  "lineage": "440616d2-52c1-8004-26cf-4dab6c5ac311",
  "outputs": {
    "algorithm": {
      "value": "RSA",
      "type": "string"
    },
    "private_key_pem": {
      "value": "-----BEGIN RSA PRIVATE KEY-----\nMIIJKQIBAAKCAgEAwp7XgD4fpsZPxcfQYmPI1SqB9NHqDVDehvRpoV8R7czUu7PN\ngSY7wVfJM2iqXUQ0Vu3itXv8ZeTVWukjyDhzuG/O/aM5gHieQxqyyyQhTqJPr4w6\nif+wasdWnUmbhIocDrY5LnGikR01U9kSL6jVyC/pWB3x4qgh5Rnd84qBPzCng0Ge\naMKBYCOxAxbLRRVQVN3W9rVWTvwDAqrPFVOSOi9OUU6ELuTZOmsmvzFqmvAdxLYN\nJPEW789MU9g8pwN6TxHIC51o0fl7CJBE1tNwdOez1nHtypgjQ+a7TeAj6PQv5KVk\n9UR0E3u1XpZqO1lDdKBsc9xp+MqYw9gSD22/CjgLfVGNsExSqudks/9NvQ9Bm9tF\neZm6u4Xn6vqnty/prxqLnlB7mdae7+HdcDnkeeXuYOEyp8Vog+53j7lDOKsqNwCY\nQxA84ay1JxiPZJPn9qUD+pPDWzDZ1bfTJRl1yIX2Xb9yBkHIfh3OpFfiw+AGRGeP\ns8d7Yy/bdbIB6AS/3mmu9EACGnJj1PgAYULwIzZ1CZ5vR+qFt26faqdjSpBr/8K6\n6mkyMzV6gv7pM/yqNJmvXrc783wGCDiYKEGepxIv1tQwRDCivzV91IX6CJUF+k0y\ns3YHVNBXsRXtvBPFFRN5dMtYGGYtYwym6/KsfUNRsqdTR3ATz5IXwNAZ828CAwEA\nAQKCAgA052bfRoPmGuxecCWWSVezkn2HJnTAL+Z9uvznz+cYxGBjscnAPLtroEhi\nQCZnef3cT4gcG1sN+7l/n/aJG8dhMIuM6QzdfmxPA3fsvqKLNJYCu1TCZI35SLyj\nvvmWetCLsz8x/9PYLJ9tbomCCRwr8dI1kNZK7bdhBroN1O2zVq+Cf5jnE1CF6M3a\ncBzLZ7LRjwg7Qin3CIxs8i+etXv/cxKQCY7nDHB8b9o1iOJYwcLl0TMbgqnggHJY\nLGS4Zbqeuc+uUJjI0099kXIVD573OHDrb0bblqWndJYf4jkAvzgxqEAcaAJBtZQk\n5TB1d5tdnao9iIIKDlCelCK8rPGMBTtcmGL1nGykVYemzvvjCt7BlwtzhWx1hAOh\nkl9Vh//BYjNGjvoQn0UIFzXwLcCX/+6dho0Evv39fDNmpefcIxo2Aw88FiYfoeuZ\ngPYuZEGtoxGlq4B13i6+Gf6ZmgZKv2WzuMeRPYpesi1Cie6crqZk66rpAXADo1PV\nIjfy3ithAKQOiHom121g2r5D2oFAATVBd3QSpieD5dCJgcBs+Z0rkFpc4sEOv4hR\nlXqQ0NnfV0bcoeRUadKKCBMP/qf6X2jnypvcAnd0A+G5v+hxogTDybZdMuP5obkv\ntpYjfGm+MJtmISUUsv71giYxLZIHbMyXYsqRKU9XA/dBqTb2oQKCAQEA4GPEvjaH\nht7BB0uaBaz0SPv/ZgAFRZaMxvhlj2wpwvVdKSDRR/RgMtje13JgrPdYlyHlBGXv\n1AwPCXHhg/Q5mUW4L26E6wbzrYBdvwc61DXI/5LriTN1hJ8MGHuGgKidap9VzIYR\nhJxcFnKGM3rELqwab+GGmjlb+PvRlTue1O1OsXiaYU4RATqxtLvichbqje5a/Xd3\nFqOECACTsSaTqRSimI6zS6gqwOPc+s6mzJqO3YtjIhcM8ZbAaclFjiRKKgOZ1/pT\n4rHCQwLcsyZzN8eg2HWUSa+ZjkEukQgf9xVhE3j2r9jIpVaA7CdOzmeiiaJf+1bs\nHsJLKECubj3wPwKCAQEA3gl/Eh5E0NvedpR6B2JrIRe4rvdGIZaYwqBoCEhi220X\n/WRo5m8Pi6MgzQ7qTuFZsBMBOi6SyDWi+ec/SFALdRGWJl+DS4g+Ya4MUeCTefGF\nvMnlthRajGQ58QLBsY/0sUE67Stpy3KDa4/W0lK49daOWtXQOiltAYLnx5L76we6\nRMN5uGl3gdr5yhlGxsYSwh18FGEhoF13FBLM3rqc+tMk0BMM1mFUiR9C95XbAlrb\nVSJU3cyJGvt5uFi8MZpknjT1NucGTNQGmVVH9JfPq7KTeZCa5P5bhAi5CrYwJJnS\nzder5YGroiZxOJKIyG2JIqvUEUBQDawLAxO0LkMw0QKCAQABat/tS67jfTi+8Q1S\nB9urMlxUqp9d5yuQfjU2CLrizmX+QoTP7Y1GBPSza7eMoCthGQe3VWWEc2cM6jlA\neiR7AWO+ePZB/dNAP1VYRZVrjcNtSeJPBZIyeka7SNx6p5YG/GawWhB2Q/6Y7bRH\nUvk2SkQIfOY6xy37jquuQ6gnNDCREm/3OWUGGvbQa3dsvRRSPTU58K1B6VqGKmrE\nbbf1E3pLeGtNiQxsF4Rn2TJYjIlmgODpcDfWttsUT/8ufLAzP76TDLPG9NSDU9tN\nDmsf6RTtCSEcrg1MRsEijWiWSP5J/zOfvMDXuoop872dtC3krK/qiIwJTbTn1jDD\n5YRFAoIBAQCTV7Xtbgy4lM9h3VHFSLhSs40o/oqZi3g/33Zp2K9RcWm0C0fZcuXc\nAhqoOTeftMdxoorz8ygQmBdYwu4prISN4WfEeymDnBvZckhWpTL4fyACkfBQDd2w\nwGn615t1m1QDtIfID0Ebcxhm7oLd+2smKIU7HhwaHJdro1TwCUgHRY+ERjul9scJ\ncyjDxlZDXfnguvQ2Cebopl15AqjVPP0jLa6GLb4dHWWdwRMNfXJic6yNKEUtEqgB\nMdQqUyg/unb+zaHUFycFIMZoRkGDvKJhDBX1W9KOF4Tfb3Jr+06jWziaxH4bxRsC\ndYQ4yHTgnF+elGwcLpNxHzQHjLHK6WehAoIBAQCIhflgKVGkkzXqu2pWQVNNMJK1\nmGBEAFwivXGNruisJia4nSR8WXxVUvtFl5OWkOKXnpLxelyj5TBnhOLV2uLKAprU\nLuamLGFKficus3rWUj28gN+mUNECCYTlvuTQfr4xWqJo5RAXyJqUrYEeQ4HwMeuX\noEYUxxuUGXqFEXH8y8r64P0V+BQtKjDTkk61pyHL7v518OmkOlOcN1E2APC8HZeb\nlWwoVnUeTYnYIpG3/vNQzmtuU5Ot3o7ac1+AwVxgX0xudJfxbPDV2wIF8rG3F0WN\n24miswwNj546UygmZrrtKdR1YKQDCeoWKlkKiHPJEZMHlmm0+Vy1gPpfeQsZ\n-----END RSA PRIVATE KEY-----\n",
      "type": "string",
      "sensitive": true
    },
    "public_key_openssh": {
      "value": "ssh-rsa AAAAB3NzaC1yc2EAAAADAQABAAACAQDCnteAPh+mxk/Fx9BiY8jVKoH00eoNUN6G9GmhXxHtzNS7s82BJjvBV8kzaKpdRDRW7eK1e/xl5NVa6SPIOHO4b879ozmAeJ5DGrLLJCFOok+vjDqJ/7Bqx1adSZuEihwOtjkucaKRHTVT2RIvqNXIL+lYHfHiqCHlGd3zioE/MKeDQZ5owoFgI7EDFstFFVBU3db2tVZO/AMCqs8VU5I6L05RToQu5Nk6aya/MWqa8B3Etg0k8Rbvz0xT2DynA3pPEcgLnWjR+XsIkETW03B057PWce3KmCND5rtN4CPo9C/kpWT1RHQTe7Velmo7WUN0oGxz3Gn4ypjD2BIPbb8KOAt9UY2wTFKq52Sz/029D0Gb20V5mbq7hefq+qe3L+mvGoueUHuZ1p7v4d1wOeR55e5g4TKnxWiD7nePuUM4qyo3AJhDEDzhrLUnGI9kk+f2pQP6k8NbMNnVt9MlGXXIhfZdv3IGQch+Hc6kV+LD4AZEZ4+zx3tjL9t1sgHoBL/eaa70QAIacmPU+ABhQvAjNnUJnm9H6oW3bp9qp2NKkGv/wrrqaTIzNXqC/ukz/Ko0ma9etzvzfAYIOJgoQZ6nEi/W1DBEMKK/NX3UhfoIlQX6TTKzdgdU0FexFe28E8UVE3l0y1gYZi1jDKbr8qx9Q1Gyp1NHcBPPkhfA0Bnzbw==\n",
      "type": "string"
    },
    "public_key_pem": {
      "value": "-----BEGIN PUBLIC KEY-----\nMIICIjANBgkqhkiG9w0BAQEFAAOCAg8AMIICCgKCAgEAwp7XgD4fpsZPxcfQYmPI\n1SqB9NHqDVDehvRpoV8R7czUu7PNgSY7wVfJM2iqXUQ0Vu3itXv8ZeTVWukjyDhz\nuG/O/aM5gHieQxqyyyQhTqJPr4w6if+wasdWnUmbhIocDrY5LnGikR01U9kSL6jV\nyC/pWB3x4qgh5Rnd84qBPzCng0GeaMKBYCOxAxbLRRVQVN3W9rVWTvwDAqrPFVOS\nOi9OUU6ELuTZOmsmvzFqmvAdxLYNJPEW789MU9g8pwN6TxHIC51o0fl7CJBE1tNw\ndOez1nHtypgjQ+a7TeAj6PQv5KVk9UR0E3u1XpZqO1lDdKBsc9xp+MqYw9gSD22/\nCjgLfVGNsExSqudks/9NvQ9Bm9tFeZm6u4Xn6vqnty/prxqLnlB7mdae7+HdcDnk\neeXuYOEyp8Vog+53j7lDOKsqNwCYQxA84ay1JxiPZJPn9qUD+pPDWzDZ1bfTJRl1\nyIX2Xb9yBkHIfh3OpFfiw+AGRGePs8d7Yy/bdbIB6AS/3mmu9EACGnJj1PgAYULw\nIzZ1CZ5vR+qFt26faqdjSpBr/8K66mkyMzV6gv7pM/yqNJmvXrc783wGCDiYKEGe\npxIv1tQwRDCivzV91IX6CJUF+k0ys3YHVNBXsRXtvBPFFRN5dMtYGGYtYwym6/Ks\nfUNRsqdTR3ATz5IXwNAZ828CAwEAAQ==\n-----END PUBLIC KEY-----\n",
      "type": "string"
    }
  },
  "resources": [
    {
      "mode": "managed",
      "type": "azurerm_linux_virtual_machine",
      "name": "VMs",
      "provider": "provider[\"registry.terraform.io/hashicorp/azurerm\"]",
      "instances": [
        {
          "index_key": 0,
          "schema_version": 0,
          "attributes": {
            "additional_capabilities": [],
            "admin_password": null,
            "admin_ssh_key": [
              {
                "public_key": "ssh-rsa AAAAB3NzaC1yc2EAAAADAQABAAACAQDCnteAPh+mxk/Fx9BiY8jVKoH00eoNUN6G9GmhXxHtzNS7s82BJjvBV8kzaKpdRDRW7eK1e/xl5NVa6SPIOHO4b879ozmAeJ5DGrLLJCFOok+vjDqJ/7Bqx1adSZuEihwOtjkucaKRHTVT2RIvqNXIL+lYHfHiqCHlGd3zioE/MKeDQZ5owoFgI7EDFstFFVBU3db2tVZO/AMCqs8VU5I6L05RToQu5Nk6aya/MWqa8B3Etg0k8Rbvz0xT2DynA3pPEcgLnWjR+XsIkETW03B057PWce3KmCND5rtN4CPo9C/kpWT1RHQTe7Velmo7WUN0oGxz3Gn4ypjD2BIPbb8KOAt9UY2wTFKq52Sz/029D0Gb20V5mbq7hefq+qe3L+mvGoueUHuZ1p7v4d1wOeR55e5g4TKnxWiD7nePuUM4qyo3AJhDEDzhrLUnGI9kk+f2pQP6k8NbMNnVt9MlGXXIhfZdv3IGQch+Hc6kV+LD4AZEZ4+zx3tjL9t1sgHoBL/eaa70QAIacmPU+ABhQvAjNnUJnm9H6oW3bp9qp2NKkGv/wrrqaTIzNXqC/ukz/Ko0ma9etzvzfAYIOJgoQZ6nEi/W1DBEMKK/NX3UhfoIlQX6TTKzdgdU0FexFe28E8UVE3l0y1gYZi1jDKbr8qx9Q1Gyp1NHcBPPkhfA0Bnzbw==\n",
                "username": "azureuser"
              }
            ],
            "admin_username": "azureuser",
            "allow_extension_operations": true,
            "availability_set_id": "",
            "boot_diagnostics": [],
            "computer_name": "EWM-vm-0",
            "custom_data": null,
            "dedicated_host_id": "",
            "disable_password_authentication": true,
            "encryption_at_host_enabled": false,
            "eviction_policy": "",
            "extensions_time_budget": "PT1H30M",
            "id": "/subscriptions/838a252c-163f-461b-96d4-7f4f57559c2a/resourceGroups/EWM-RG/providers/Microsoft.Compute/virtualMachines/EWM-vm-0",
            "identity": [],
            "license_type": "",
            "location": "eastus",
            "max_bid_price": -1,
            "name": "EWM-vm-0",
            "network_interface_ids": [
              "/subscriptions/838a252c-163f-461b-96d4-7f4f57559c2a/resourceGroups/EWM-RG/providers/Microsoft.Network/networkInterfaces/EWM-nic-0"
            ],
            "os_disk": [
              {
                "caching": "ReadWrite",
                "diff_disk_settings": [],
                "disk_encryption_set_id": "",
                "disk_size_gb": 128,
                "name": "EWM-osdisk-0",
                "storage_account_type": "Standard_LRS",
                "write_accelerator_enabled": false
              }
            ],
            "plan": [],
            "platform_fault_domain": -1,
            "priority": "Regular",
            "private_ip_address": "10.0.1.5",
            "private_ip_addresses": [
              "10.0.1.5"
            ],
            "provision_vm_agent": true,
            "proximity_placement_group_id": "",
            "public_ip_address": "40.112.56.156",
            "public_ip_addresses": [
              "40.112.56.156"
            ],
            "resource_group_name": "EWM-RG",
            "secret": [],
            "size": "Standard_DS1_v2",
            "source_image_id": "",
            "source_image_reference": [
              {
                "offer": "RHEL",
                "publisher": "RedHat",
                "sku": "7-LVM",
                "version": "latest"
              }
            ],
            "tags": null,
            "timeouts": null,
            "virtual_machine_id": "9243794f-501a-46ae-bb25-d0b7659e9cb5",
            "virtual_machine_scale_set_id": "",
            "zone": ""
          },
          "sensitive_attributes": [],
          "private": "eyJlMmJmYjczMC1lY2FhLTExZTYtOGY4OC0zNDM2M2JjN2M0YzAiOnsiY3JlYXRlIjoyNzAwMDAwMDAwMDAwLCJkZWxldGUiOjI3MDAwMDAwMDAwMDAsInJlYWQiOjMwMDAwMDAwMDAwMCwidXBkYXRlIjoyNzAwMDAwMDAwMDAwfX0=",
          "dependencies": [
            "azurerm_network_interface.nic",
            "azurerm_public_ip.PIP",
            "azurerm_resource_group.RG",
            "azurerm_subnet.Subnet1",
            "azurerm_virtual_network.VNET",
            "tls_private_key.example_ssh"
          ]
        },
        {
          "index_key": 1,
          "schema_version": 0,
          "attributes": {
            "additional_capabilities": [],
            "admin_password": null,
            "admin_ssh_key": [
              {
                "public_key": "ssh-rsa AAAAB3NzaC1yc2EAAAADAQABAAACAQDCnteAPh+mxk/Fx9BiY8jVKoH00eoNUN6G9GmhXxHtzNS7s82BJjvBV8kzaKpdRDRW7eK1e/xl5NVa6SPIOHO4b879ozmAeJ5DGrLLJCFOok+vjDqJ/7Bqx1adSZuEihwOtjkucaKRHTVT2RIvqNXIL+lYHfHiqCHlGd3zioE/MKeDQZ5owoFgI7EDFstFFVBU3db2tVZO/AMCqs8VU5I6L05RToQu5Nk6aya/MWqa8B3Etg0k8Rbvz0xT2DynA3pPEcgLnWjR+XsIkETW03B057PWce3KmCND5rtN4CPo9C/kpWT1RHQTe7Velmo7WUN0oGxz3Gn4ypjD2BIPbb8KOAt9UY2wTFKq52Sz/029D0Gb20V5mbq7hefq+qe3L+mvGoueUHuZ1p7v4d1wOeR55e5g4TKnxWiD7nePuUM4qyo3AJhDEDzhrLUnGI9kk+f2pQP6k8NbMNnVt9MlGXXIhfZdv3IGQch+Hc6kV+LD4AZEZ4+zx3tjL9t1sgHoBL/eaa70QAIacmPU+ABhQvAjNnUJnm9H6oW3bp9qp2NKkGv/wrrqaTIzNXqC/ukz/Ko0ma9etzvzfAYIOJgoQZ6nEi/W1DBEMKK/NX3UhfoIlQX6TTKzdgdU0FexFe28E8UVE3l0y1gYZi1jDKbr8qx9Q1Gyp1NHcBPPkhfA0Bnzbw==\n",
                "username": "azureuser"
              }
            ],
            "admin_username": "azureuser",
            "allow_extension_operations": true,
            "availability_set_id": "",
            "boot_diagnostics": [],
            "computer_name": "EWM-vm-1",
            "custom_data": null,
            "dedicated_host_id": "",
            "disable_password_authentication": true,
            "encryption_at_host_enabled": false,
            "eviction_policy": "",
            "extensions_time_budget": "PT1H30M",
            "id": "/subscriptions/838a252c-163f-461b-96d4-7f4f57559c2a/resourceGroups/EWM-RG/providers/Microsoft.Compute/virtualMachines/EWM-vm-1",
            "identity": [],
            "license_type": "",
            "location": "eastus",
            "max_bid_price": -1,
            "name": "EWM-vm-1",
            "network_interface_ids": [
              "/subscriptions/838a252c-163f-461b-96d4-7f4f57559c2a/resourceGroups/EWM-RG/providers/Microsoft.Network/networkInterfaces/EWM-nic-1"
            ],
            "os_disk": [
              {
                "caching": "ReadWrite",
                "diff_disk_settings": [],
                "disk_encryption_set_id": "",
                "disk_size_gb": 128,
                "name": "EWM-osdisk-1",
                "storage_account_type": "Standard_LRS",
                "write_accelerator_enabled": false
              }
            ],
            "plan": [],
            "platform_fault_domain": -1,
            "priority": "Regular",
            "private_ip_address": "10.0.1.4",
            "private_ip_addresses": [
              "10.0.1.4"
            ],
            "provision_vm_agent": true,
            "proximity_placement_group_id": "",
            "public_ip_address": "40.112.56.154",
            "public_ip_addresses": [
              "40.112.56.154"
            ],
            "resource_group_name": "EWM-RG",
            "secret": [],
            "size": "Standard_DS1_v2",
            "source_image_id": "",
            "source_image_reference": [
              {
                "offer": "RHEL",
                "publisher": "RedHat",
                "sku": "7-LVM",
                "version": "latest"
              }
            ],
            "tags": null,
            "timeouts": null,
            "virtual_machine_id": "b28d6533-641a-49e2-8260-1bdf1cbc8bcb",
            "virtual_machine_scale_set_id": "",
            "zone": ""
          },
          "sensitive_attributes": [],
          "private": "eyJlMmJmYjczMC1lY2FhLTExZTYtOGY4OC0zNDM2M2JjN2M0YzAiOnsiY3JlYXRlIjoyNzAwMDAwMDAwMDAwLCJkZWxldGUiOjI3MDAwMDAwMDAwMDAsInJlYWQiOjMwMDAwMDAwMDAwMCwidXBkYXRlIjoyNzAwMDAwMDAwMDAwfX0=",
          "dependencies": [
            "azurerm_network_interface.nic",
            "azurerm_public_ip.PIP",
            "azurerm_resource_group.RG",
            "azurerm_subnet.Subnet1",
            "azurerm_virtual_network.VNET",
            "tls_private_key.example_ssh"
          ]
        }
      ]
    },
    {
      "mode": "managed",
      "type": "azurerm_network_interface",
      "name": "nic",
      "provider": "provider[\"registry.terraform.io/hashicorp/azurerm\"]",
      "instances": [
        {
          "index_key": 0,
          "schema_version": 0,
          "attributes": {
            "applied_dns_servers": [],
            "dns_servers": [],
            "enable_accelerated_networking": false,
            "enable_ip_forwarding": false,
            "id": "/subscriptions/838a252c-163f-461b-96d4-7f4f57559c2a/resourceGroups/EWM-RG/providers/Microsoft.Network/networkInterfaces/EWM-nic-0",
            "internal_dns_name_label": "",
            "internal_domain_name_suffix": "b10koeal22jedbhdiy0eboueee.bx.internal.cloudapp.net",
            "ip_configuration": [
              {
                "name": "ipconfig0",
                "primary": true,
                "private_ip_address": "10.0.1.5",
                "private_ip_address_allocation": "Dynamic",
                "private_ip_address_version": "IPv4",
                "public_ip_address_id": "/subscriptions/838a252c-163f-461b-96d4-7f4f57559c2a/resourceGroups/EWM-RG/providers/Microsoft.Network/publicIPAddresses/EWM-publicip-0",
                "subnet_id": "/subscriptions/838a252c-163f-461b-96d4-7f4f57559c2a/resourceGroups/EWM-RG/providers/Microsoft.Network/virtualNetworks/EWM-vnet/subnets/internal"
              }
            ],
            "location": "eastus",
            "mac_address": "",
            "name": "EWM-nic-0",
            "private_ip_address": "10.0.1.5",
            "private_ip_addresses": [
              "10.0.1.5"
            ],
            "resource_group_name": "EWM-RG",
            "tags": null,
            "timeouts": null,
            "virtual_machine_id": ""
          },
          "sensitive_attributes": [],
          "private": "eyJlMmJmYjczMC1lY2FhLTExZTYtOGY4OC0zNDM2M2JjN2M0YzAiOnsiY3JlYXRlIjoxODAwMDAwMDAwMDAwLCJkZWxldGUiOjE4MDAwMDAwMDAwMDAsInJlYWQiOjMwMDAwMDAwMDAwMCwidXBkYXRlIjoxODAwMDAwMDAwMDAwfX0=",
          "dependencies": [
            "azurerm_public_ip.PIP",
            "azurerm_resource_group.RG",
            "azurerm_subnet.Subnet1",
            "azurerm_virtual_network.VNET"
          ]
        },
        {
          "index_key": 1,
          "schema_version": 0,
          "attributes": {
            "applied_dns_servers": [],
            "dns_servers": [],
            "enable_accelerated_networking": false,
            "enable_ip_forwarding": false,
            "id": "/subscriptions/838a252c-163f-461b-96d4-7f4f57559c2a/resourceGroups/EWM-RG/providers/Microsoft.Network/networkInterfaces/EWM-nic-1",
            "internal_dns_name_label": "",
            "internal_domain_name_suffix": "b10koeal22jedbhdiy0eboueee.bx.internal.cloudapp.net",
            "ip_configuration": [
              {
                "name": "ipconfig1",
                "primary": true,
                "private_ip_address": "10.0.1.4",
                "private_ip_address_allocation": "Dynamic",
                "private_ip_address_version": "IPv4",
                "public_ip_address_id": "/subscriptions/838a252c-163f-461b-96d4-7f4f57559c2a/resourceGroups/EWM-RG/providers/Microsoft.Network/publicIPAddresses/EWM-publicip-1",
                "subnet_id": "/subscriptions/838a252c-163f-461b-96d4-7f4f57559c2a/resourceGroups/EWM-RG/providers/Microsoft.Network/virtualNetworks/EWM-vnet/subnets/internal"
              }
            ],
            "location": "eastus",
            "mac_address": "",
            "name": "EWM-nic-1",
            "private_ip_address": "10.0.1.4",
            "private_ip_addresses": [
              "10.0.1.4"
            ],
            "resource_group_name": "EWM-RG",
            "tags": null,
            "timeouts": null,
            "virtual_machine_id": ""
          },
          "sensitive_attributes": [],
          "private": "eyJlMmJmYjczMC1lY2FhLTExZTYtOGY4OC0zNDM2M2JjN2M0YzAiOnsiY3JlYXRlIjoxODAwMDAwMDAwMDAwLCJkZWxldGUiOjE4MDAwMDAwMDAwMDAsInJlYWQiOjMwMDAwMDAwMDAwMCwidXBkYXRlIjoxODAwMDAwMDAwMDAwfX0=",
          "dependencies": [
            "azurerm_public_ip.PIP",
            "azurerm_resource_group.RG",
            "azurerm_subnet.Subnet1",
            "azurerm_virtual_network.VNET"
          ]
        }
      ]
    },
    {
      "mode": "managed",
      "type": "azurerm_public_ip",
      "name": "PIP",
      "provider": "provider[\"registry.terraform.io/hashicorp/azurerm\"]",
      "instances": [
        {
          "index_key": 0,
          "schema_version": 0,
          "attributes": {
            "allocation_method": "Static",
            "domain_name_label": null,
            "fqdn": null,
            "id": "/subscriptions/838a252c-163f-461b-96d4-7f4f57559c2a/resourceGroups/EWM-RG/providers/Microsoft.Network/publicIPAddresses/EWM-publicip-0",
            "idle_timeout_in_minutes": 4,
            "ip_address": "40.112.56.156",
            "ip_tags": null,
            "ip_version": "IPv4",
            "location": "eastus",
            "name": "EWM-publicip-0",
            "public_ip_prefix_id": null,
            "resource_group_name": "EWM-RG",
            "reverse_fqdn": null,
            "sku": "Basic",
            "tags": null,
            "timeouts": null,
            "zones": null
          },
          "sensitive_attributes": [],
          "private": "eyJlMmJmYjczMC1lY2FhLTExZTYtOGY4OC0zNDM2M2JjN2M0YzAiOnsiY3JlYXRlIjoxODAwMDAwMDAwMDAwLCJkZWxldGUiOjE4MDAwMDAwMDAwMDAsInJlYWQiOjMwMDAwMDAwMDAwMCwidXBkYXRlIjoxODAwMDAwMDAwMDAwfX0=",
          "dependencies": [
            "azurerm_resource_group.RG"
          ]
        },
        {
          "index_key": 1,
          "schema_version": 0,
          "attributes": {
            "allocation_method": "Static",
            "domain_name_label": null,
            "fqdn": null,
            "id": "/subscriptions/838a252c-163f-461b-96d4-7f4f57559c2a/resourceGroups/EWM-RG/providers/Microsoft.Network/publicIPAddresses/EWM-publicip-1",
            "idle_timeout_in_minutes": 4,
            "ip_address": "40.112.56.154",
            "ip_tags": null,
            "ip_version": "IPv4",
            "location": "eastus",
            "name": "EWM-publicip-1",
            "public_ip_prefix_id": null,
            "resource_group_name": "EWM-RG",
            "reverse_fqdn": null,
            "sku": "Basic",
            "tags": null,
            "timeouts": null,
            "zones": null
          },
          "sensitive_attributes": [],
          "private": "eyJlMmJmYjczMC1lY2FhLTExZTYtOGY4OC0zNDM2M2JjN2M0YzAiOnsiY3JlYXRlIjoxODAwMDAwMDAwMDAwLCJkZWxldGUiOjE4MDAwMDAwMDAwMDAsInJlYWQiOjMwMDAwMDAwMDAwMCwidXBkYXRlIjoxODAwMDAwMDAwMDAwfX0=",
          "dependencies": [
            "azurerm_resource_group.RG"
          ]
        }
      ]
    },
    {
      "mode": "managed",
      "type": "azurerm_resource_group",
      "name": "RG",
      "provider": "provider[\"registry.terraform.io/hashicorp/azurerm\"]",
      "instances": [
        {
          "schema_version": 0,
          "attributes": {
            "id": "/subscriptions/838a252c-163f-461b-96d4-7f4f57559c2a/resourceGroups/EWM-RG",
            "location": "eastus",
            "name": "EWM-RG",
            "tags": null,
            "timeouts": null
          },
          "sensitive_attributes": [],
          "private": "eyJlMmJmYjczMC1lY2FhLTExZTYtOGY4OC0zNDM2M2JjN2M0YzAiOnsiY3JlYXRlIjo1NDAwMDAwMDAwMDAwLCJkZWxldGUiOjU0MDAwMDAwMDAwMDAsInJlYWQiOjMwMDAwMDAwMDAwMCwidXBkYXRlIjo1NDAwMDAwMDAwMDAwfX0="
        }
      ]
    },
    {
      "mode": "managed",
      "type": "azurerm_storage_account",
      "name": "mystorageaccount",
      "provider": "provider[\"registry.terraform.io/hashicorp/azurerm\"]",
      "instances": [
        {
          "schema_version": 2,
          "attributes": {
            "access_tier": "Hot",
            "account_kind": "StorageV2",
            "account_replication_type": "LRS",
            "account_tier": "Standard",
            "allow_blob_public_access": false,
            "blob_properties": [],
            "custom_domain": [],
            "enable_https_traffic_only": true,
            "id": "/subscriptions/838a252c-163f-461b-96d4-7f4f57559c2a/resourceGroups/EWM-RG/providers/Microsoft.Storage/storageAccounts/diagc8909e4e6fca01a1",
            "identity": [],
            "is_hns_enabled": false,
            "large_file_share_enabled": null,
            "location": "eastus",
            "min_tls_version": "TLS1_0",
            "name": "diagc8909e4e6fca01a1",
            "network_rules": [
              {
                "bypass": [
                  "AzureServices"
                ],
                "default_action": "Allow",
                "ip_rules": [],
                "virtual_network_subnet_ids": []
              }
            ],
            "primary_access_key": "fbt/0S1e4JQbCL6UCypg27QtVt+dmQF8/bXpKerVpvUOfyIjvLA1bgdhAGwSSVGOIhCguPJCMw+QZDAMl3xKgA==",
            "primary_blob_connection_string": "DefaultEndpointsProtocol=https;BlobEndpoint=https://diagc8909e4e6fca01a1.blob.core.windows.net/;AccountName=diagc8909e4e6fca01a1;AccountKey=fbt/0S1e4JQbCL6UCypg27QtVt+dmQF8/bXpKerVpvUOfyIjvLA1bgdhAGwSSVGOIhCguPJCMw+QZDAMl3xKgA==",
            "primary_blob_endpoint": "https://diagc8909e4e6fca01a1.blob.core.windows.net/",
            "primary_blob_host": "diagc8909e4e6fca01a1.blob.core.windows.net",
            "primary_connection_string": "DefaultEndpointsProtocol=https;AccountName=diagc8909e4e6fca01a1;AccountKey=fbt/0S1e4JQbCL6UCypg27QtVt+dmQF8/bXpKerVpvUOfyIjvLA1bgdhAGwSSVGOIhCguPJCMw+QZDAMl3xKgA==;EndpointSuffix=core.windows.net",
            "primary_dfs_endpoint": "https://diagc8909e4e6fca01a1.dfs.core.windows.net/",
            "primary_dfs_host": "diagc8909e4e6fca01a1.dfs.core.windows.net",
            "primary_file_endpoint": "https://diagc8909e4e6fca01a1.file.core.windows.net/",
            "primary_file_host": "diagc8909e4e6fca01a1.file.core.windows.net",
            "primary_location": "eastus",
            "primary_queue_endpoint": "https://diagc8909e4e6fca01a1.queue.core.windows.net/",
            "primary_queue_host": "diagc8909e4e6fca01a1.queue.core.windows.net",
            "primary_table_endpoint": "https://diagc8909e4e6fca01a1.table.core.windows.net/",
            "primary_table_host": "diagc8909e4e6fca01a1.table.core.windows.net",
            "primary_web_endpoint": "https://diagc8909e4e6fca01a1.z13.web.core.windows.net/",
            "primary_web_host": "diagc8909e4e6fca01a1.z13.web.core.windows.net",
            "queue_properties": [
              {
                "cors_rule": [],
                "hour_metrics": [
                  {
                    "enabled": true,
                    "include_apis": true,
                    "retention_policy_days": 7,
                    "version": "1.0"
                  }
                ],
                "logging": [
                  {
                    "delete": false,
                    "read": false,
                    "retention_policy_days": 0,
                    "version": "1.0",
                    "write": false
                  }
                ],
                "minute_metrics": [
                  {
                    "enabled": false,
                    "include_apis": false,
                    "retention_policy_days": 0,
                    "version": "1.0"
                  }
                ]
              }
            ],
            "resource_group_name": "EWM-RG",
            "secondary_access_key": "lph+t9T+uxG7l8c41jyxtHfqznoO4V+tj0v5utLo5uWTlM+4njMqhcIlTgmzyzLn6F+Z4ZVThSpwd/okimNRUw==",
            "secondary_blob_connection_string": "",
            "secondary_blob_endpoint": null,
            "secondary_blob_host": null,
            "secondary_connection_string": "DefaultEndpointsProtocol=https;AccountName=diagc8909e4e6fca01a1;AccountKey=lph+t9T+uxG7l8c41jyxtHfqznoO4V+tj0v5utLo5uWTlM+4njMqhcIlTgmzyzLn6F+Z4ZVThSpwd/okimNRUw==;EndpointSuffix=core.windows.net",
            "secondary_dfs_endpoint": null,
            "secondary_dfs_host": null,
            "secondary_file_endpoint": null,
            "secondary_file_host": null,
            "secondary_location": "",
            "secondary_queue_endpoint": null,
            "secondary_queue_host": null,
            "secondary_table_endpoint": null,
            "secondary_table_host": null,
            "secondary_web_endpoint": null,
            "secondary_web_host": null,
            "static_website": [],
            "tags": null,
            "timeouts": null
          },
          "sensitive_attributes": [],
          "private": "eyJlMmJmYjczMC1lY2FhLTExZTYtOGY4OC0zNDM2M2JjN2M0YzAiOnsiY3JlYXRlIjozNjAwMDAwMDAwMDAwLCJkZWxldGUiOjM2MDAwMDAwMDAwMDAsInJlYWQiOjMwMDAwMDAwMDAwMCwidXBkYXRlIjozNjAwMDAwMDAwMDAwfSwic2NoZW1hX3ZlcnNpb24iOiIyIn0=",
          "dependencies": [
            "azurerm_resource_group.RG",
            "random_id.randomId"
          ]
        }
      ]
    },
    {
      "mode": "managed",
      "type": "azurerm_subnet",
      "name": "Subnet1",
      "provider": "provider[\"registry.terraform.io/hashicorp/azurerm\"]",
      "instances": [
        {
          "schema_version": 0,
          "attributes": {
            "address_prefix": "10.0.1.0/24",
            "address_prefixes": [
              "10.0.1.0/24"
            ],
            "delegation": [],
            "enforce_private_link_endpoint_network_policies": false,
            "enforce_private_link_service_network_policies": false,
            "id": "/subscriptions/838a252c-163f-461b-96d4-7f4f57559c2a/resourceGroups/EWM-RG/providers/Microsoft.Network/virtualNetworks/EWM-vnet/subnets/internal",
            "name": "internal",
            "resource_group_name": "EWM-RG",
            "service_endpoint_policy_ids": null,
            "service_endpoints": null,
            "timeouts": null,
            "virtual_network_name": "EWM-vnet"
          },
          "sensitive_attributes": [],
          "private": "eyJlMmJmYjczMC1lY2FhLTExZTYtOGY4OC0zNDM2M2JjN2M0YzAiOnsiY3JlYXRlIjoxODAwMDAwMDAwMDAwLCJkZWxldGUiOjE4MDAwMDAwMDAwMDAsInJlYWQiOjMwMDAwMDAwMDAwMCwidXBkYXRlIjoxODAwMDAwMDAwMDAwfX0=",
          "dependencies": [
            "azurerm_resource_group.RG",
            "azurerm_virtual_network.VNET"
          ]
        }
      ]
    },
    {
      "mode": "managed",
      "type": "azurerm_virtual_network",
      "name": "VNET",
      "provider": "provider[\"registry.terraform.io/hashicorp/azurerm\"]",
      "instances": [
        {
          "schema_version": 0,
          "attributes": {
            "address_space": [
              "10.0.0.0/16"
            ],
            "bgp_community": "",
            "ddos_protection_plan": [],
            "dns_servers": null,
            "guid": "10a7f40e-e70b-4112-84e3-463440ba8424",
            "id": "/subscriptions/838a252c-163f-461b-96d4-7f4f57559c2a/resourceGroups/EWM-RG/providers/Microsoft.Network/virtualNetworks/EWM-vnet",
            "location": "eastus",
            "name": "EWM-vnet",
            "resource_group_name": "EWM-RG",
            "subnet": [],
            "tags": null,
            "timeouts": null,
            "vm_protection_enabled": false
          },
          "sensitive_attributes": [],
          "private": "eyJlMmJmYjczMC1lY2FhLTExZTYtOGY4OC0zNDM2M2JjN2M0YzAiOnsiY3JlYXRlIjoxODAwMDAwMDAwMDAwLCJkZWxldGUiOjE4MDAwMDAwMDAwMDAsInJlYWQiOjMwMDAwMDAwMDAwMCwidXBkYXRlIjoxODAwMDAwMDAwMDAwfX0=",
          "dependencies": [
            "azurerm_resource_group.RG"
          ]
        }
      ]
    },
    {
      "mode": "managed",
      "type": "random_id",
      "name": "randomId",
      "provider": "provider[\"registry.terraform.io/hashicorp/random\"]",
      "instances": [
        {
          "schema_version": 0,
          "attributes": {
            "b64_std": "yJCeTm/KAaE=",
            "b64_url": "yJCeTm_KAaE",
            "byte_length": 8,
            "dec": "14452225263952069025",
            "hex": "c8909e4e6fca01a1",
            "id": "yJCeTm_KAaE",
            "keepers": {
              "resource_group": "EWM-RG"
            },
            "prefix": null
          },
          "sensitive_attributes": [],
          "private": "bnVsbA==",
          "dependencies": [
            "azurerm_resource_group.RG"
          ]
        }
      ]
    },
    {
      "mode": "managed",
      "type": "tls_private_key",
      "name": "example_ssh",
      "provider": "provider[\"registry.terraform.io/hashicorp/tls\"]",
      "instances": [
        {
          "schema_version": 0,
          "attributes": {
            "algorithm": "RSA",
            "ecdsa_curve": "P224",
            "id": "4d339aaf9ddd37d46a1104f403afa5309bd267bd",
            "private_key_pem": "-----BEGIN RSA PRIVATE KEY-----\nMIIJKQIBAAKCAgEAwp7XgD4fpsZPxcfQYmPI1SqB9NHqDVDehvRpoV8R7czUu7PN\ngSY7wVfJM2iqXUQ0Vu3itXv8ZeTVWukjyDhzuG/O/aM5gHieQxqyyyQhTqJPr4w6\nif+wasdWnUmbhIocDrY5LnGikR01U9kSL6jVyC/pWB3x4qgh5Rnd84qBPzCng0Ge\naMKBYCOxAxbLRRVQVN3W9rVWTvwDAqrPFVOSOi9OUU6ELuTZOmsmvzFqmvAdxLYN\nJPEW789MU9g8pwN6TxHIC51o0fl7CJBE1tNwdOez1nHtypgjQ+a7TeAj6PQv5KVk\n9UR0E3u1XpZqO1lDdKBsc9xp+MqYw9gSD22/CjgLfVGNsExSqudks/9NvQ9Bm9tF\neZm6u4Xn6vqnty/prxqLnlB7mdae7+HdcDnkeeXuYOEyp8Vog+53j7lDOKsqNwCY\nQxA84ay1JxiPZJPn9qUD+pPDWzDZ1bfTJRl1yIX2Xb9yBkHIfh3OpFfiw+AGRGeP\ns8d7Yy/bdbIB6AS/3mmu9EACGnJj1PgAYULwIzZ1CZ5vR+qFt26faqdjSpBr/8K6\n6mkyMzV6gv7pM/yqNJmvXrc783wGCDiYKEGepxIv1tQwRDCivzV91IX6CJUF+k0y\ns3YHVNBXsRXtvBPFFRN5dMtYGGYtYwym6/KsfUNRsqdTR3ATz5IXwNAZ828CAwEA\nAQKCAgA052bfRoPmGuxecCWWSVezkn2HJnTAL+Z9uvznz+cYxGBjscnAPLtroEhi\nQCZnef3cT4gcG1sN+7l/n/aJG8dhMIuM6QzdfmxPA3fsvqKLNJYCu1TCZI35SLyj\nvvmWetCLsz8x/9PYLJ9tbomCCRwr8dI1kNZK7bdhBroN1O2zVq+Cf5jnE1CF6M3a\ncBzLZ7LRjwg7Qin3CIxs8i+etXv/cxKQCY7nDHB8b9o1iOJYwcLl0TMbgqnggHJY\nLGS4Zbqeuc+uUJjI0099kXIVD573OHDrb0bblqWndJYf4jkAvzgxqEAcaAJBtZQk\n5TB1d5tdnao9iIIKDlCelCK8rPGMBTtcmGL1nGykVYemzvvjCt7BlwtzhWx1hAOh\nkl9Vh//BYjNGjvoQn0UIFzXwLcCX/+6dho0Evv39fDNmpefcIxo2Aw88FiYfoeuZ\ngPYuZEGtoxGlq4B13i6+Gf6ZmgZKv2WzuMeRPYpesi1Cie6crqZk66rpAXADo1PV\nIjfy3ithAKQOiHom121g2r5D2oFAATVBd3QSpieD5dCJgcBs+Z0rkFpc4sEOv4hR\nlXqQ0NnfV0bcoeRUadKKCBMP/qf6X2jnypvcAnd0A+G5v+hxogTDybZdMuP5obkv\ntpYjfGm+MJtmISUUsv71giYxLZIHbMyXYsqRKU9XA/dBqTb2oQKCAQEA4GPEvjaH\nht7BB0uaBaz0SPv/ZgAFRZaMxvhlj2wpwvVdKSDRR/RgMtje13JgrPdYlyHlBGXv\n1AwPCXHhg/Q5mUW4L26E6wbzrYBdvwc61DXI/5LriTN1hJ8MGHuGgKidap9VzIYR\nhJxcFnKGM3rELqwab+GGmjlb+PvRlTue1O1OsXiaYU4RATqxtLvichbqje5a/Xd3\nFqOECACTsSaTqRSimI6zS6gqwOPc+s6mzJqO3YtjIhcM8ZbAaclFjiRKKgOZ1/pT\n4rHCQwLcsyZzN8eg2HWUSa+ZjkEukQgf9xVhE3j2r9jIpVaA7CdOzmeiiaJf+1bs\nHsJLKECubj3wPwKCAQEA3gl/Eh5E0NvedpR6B2JrIRe4rvdGIZaYwqBoCEhi220X\n/WRo5m8Pi6MgzQ7qTuFZsBMBOi6SyDWi+ec/SFALdRGWJl+DS4g+Ya4MUeCTefGF\nvMnlthRajGQ58QLBsY/0sUE67Stpy3KDa4/W0lK49daOWtXQOiltAYLnx5L76we6\nRMN5uGl3gdr5yhlGxsYSwh18FGEhoF13FBLM3rqc+tMk0BMM1mFUiR9C95XbAlrb\nVSJU3cyJGvt5uFi8MZpknjT1NucGTNQGmVVH9JfPq7KTeZCa5P5bhAi5CrYwJJnS\nzder5YGroiZxOJKIyG2JIqvUEUBQDawLAxO0LkMw0QKCAQABat/tS67jfTi+8Q1S\nB9urMlxUqp9d5yuQfjU2CLrizmX+QoTP7Y1GBPSza7eMoCthGQe3VWWEc2cM6jlA\neiR7AWO+ePZB/dNAP1VYRZVrjcNtSeJPBZIyeka7SNx6p5YG/GawWhB2Q/6Y7bRH\nUvk2SkQIfOY6xy37jquuQ6gnNDCREm/3OWUGGvbQa3dsvRRSPTU58K1B6VqGKmrE\nbbf1E3pLeGtNiQxsF4Rn2TJYjIlmgODpcDfWttsUT/8ufLAzP76TDLPG9NSDU9tN\nDmsf6RTtCSEcrg1MRsEijWiWSP5J/zOfvMDXuoop872dtC3krK/qiIwJTbTn1jDD\n5YRFAoIBAQCTV7Xtbgy4lM9h3VHFSLhSs40o/oqZi3g/33Zp2K9RcWm0C0fZcuXc\nAhqoOTeftMdxoorz8ygQmBdYwu4prISN4WfEeymDnBvZckhWpTL4fyACkfBQDd2w\nwGn615t1m1QDtIfID0Ebcxhm7oLd+2smKIU7HhwaHJdro1TwCUgHRY+ERjul9scJ\ncyjDxlZDXfnguvQ2Cebopl15AqjVPP0jLa6GLb4dHWWdwRMNfXJic6yNKEUtEqgB\nMdQqUyg/unb+zaHUFycFIMZoRkGDvKJhDBX1W9KOF4Tfb3Jr+06jWziaxH4bxRsC\ndYQ4yHTgnF+elGwcLpNxHzQHjLHK6WehAoIBAQCIhflgKVGkkzXqu2pWQVNNMJK1\nmGBEAFwivXGNruisJia4nSR8WXxVUvtFl5OWkOKXnpLxelyj5TBnhOLV2uLKAprU\nLuamLGFKficus3rWUj28gN+mUNECCYTlvuTQfr4xWqJo5RAXyJqUrYEeQ4HwMeuX\noEYUxxuUGXqFEXH8y8r64P0V+BQtKjDTkk61pyHL7v518OmkOlOcN1E2APC8HZeb\nlWwoVnUeTYnYIpG3/vNQzmtuU5Ot3o7ac1+AwVxgX0xudJfxbPDV2wIF8rG3F0WN\n24miswwNj546UygmZrrtKdR1YKQDCeoWKlkKiHPJEZMHlmm0+Vy1gPpfeQsZ\n-----END RSA PRIVATE KEY-----\n",
            "public_key_fingerprint_md5": "49:78:10:1a:b6:f3:41:96:93:be:1e:18:6b:ef:53:36",
            "public_key_openssh": "ssh-rsa AAAAB3NzaC1yc2EAAAADAQABAAACAQDCnteAPh+mxk/Fx9BiY8jVKoH00eoNUN6G9GmhXxHtzNS7s82BJjvBV8kzaKpdRDRW7eK1e/xl5NVa6SPIOHO4b879ozmAeJ5DGrLLJCFOok+vjDqJ/7Bqx1adSZuEihwOtjkucaKRHTVT2RIvqNXIL+lYHfHiqCHlGd3zioE/MKeDQZ5owoFgI7EDFstFFVBU3db2tVZO/AMCqs8VU5I6L05RToQu5Nk6aya/MWqa8B3Etg0k8Rbvz0xT2DynA3pPEcgLnWjR+XsIkETW03B057PWce3KmCND5rtN4CPo9C/kpWT1RHQTe7Velmo7WUN0oGxz3Gn4ypjD2BIPbb8KOAt9UY2wTFKq52Sz/029D0Gb20V5mbq7hefq+qe3L+mvGoueUHuZ1p7v4d1wOeR55e5g4TKnxWiD7nePuUM4qyo3AJhDEDzhrLUnGI9kk+f2pQP6k8NbMNnVt9MlGXXIhfZdv3IGQch+Hc6kV+LD4AZEZ4+zx3tjL9t1sgHoBL/eaa70QAIacmPU+ABhQvAjNnUJnm9H6oW3bp9qp2NKkGv/wrrqaTIzNXqC/ukz/Ko0ma9etzvzfAYIOJgoQZ6nEi/W1DBEMKK/NX3UhfoIlQX6TTKzdgdU0FexFe28E8UVE3l0y1gYZi1jDKbr8qx9Q1Gyp1NHcBPPkhfA0Bnzbw==\n",
            "public_key_pem": "-----BEGIN PUBLIC KEY-----\nMIICIjANBgkqhkiG9w0BAQEFAAOCAg8AMIICCgKCAgEAwp7XgD4fpsZPxcfQYmPI\n1SqB9NHqDVDehvRpoV8R7czUu7PNgSY7wVfJM2iqXUQ0Vu3itXv8ZeTVWukjyDhz\nuG/O/aM5gHieQxqyyyQhTqJPr4w6if+wasdWnUmbhIocDrY5LnGikR01U9kSL6jV\nyC/pWB3x4qgh5Rnd84qBPzCng0GeaMKBYCOxAxbLRRVQVN3W9rVWTvwDAqrPFVOS\nOi9OUU6ELuTZOmsmvzFqmvAdxLYNJPEW789MU9g8pwN6TxHIC51o0fl7CJBE1tNw\ndOez1nHtypgjQ+a7TeAj6PQv5KVk9UR0E3u1XpZqO1lDdKBsc9xp+MqYw9gSD22/\nCjgLfVGNsExSqudks/9NvQ9Bm9tFeZm6u4Xn6vqnty/prxqLnlB7mdae7+HdcDnk\neeXuYOEyp8Vog+53j7lDOKsqNwCYQxA84ay1JxiPZJPn9qUD+pPDWzDZ1bfTJRl1\nyIX2Xb9yBkHIfh3OpFfiw+AGRGePs8d7Yy/bdbIB6AS/3mmu9EACGnJj1PgAYULw\nIzZ1CZ5vR+qFt26faqdjSpBr/8K66mkyMzV6gv7pM/yqNJmvXrc783wGCDiYKEGe\npxIv1tQwRDCivzV91IX6CJUF+k0ys3YHVNBXsRXtvBPFFRN5dMtYGGYtYwym6/Ks\nfUNRsqdTR3ATz5IXwNAZ828CAwEAAQ==\n-----END PUBLIC KEY-----\n",
            "rsa_bits": 4096
          },
          "sensitive_attributes": [],
          "private": "bnVsbA=="
        }
      ]
    }
  ]
}
