{
  "version": 4,
  "terraform_version": "0.15.0",
  "serial": 285,
  "lineage": "de02dbe7-f868-f90b-2e7d-7bfe1480b9a2",
  "outputs": {
    "algorithm": {
      "value": "RSA",
      "type": "string"
    },
    "private_key_pem": {
      "value": "-----BEGIN RSA PRIVATE KEY-----\nMIIJKAIBAAKCAgEAyk1Ww1ARKXDwD+qGrNwu+9669G7mOpF8AqGpkpYrLdLH6Epw\neiSY429B/wkC80p9Q7hc91M2FqtxCsuph3EWM3DhjgFG2WZBu2XRwEtIHPKB9HFs\noFeEyHhSk5aZJFB6B3ovLBjbLMYUltl3s0c1WNPCwNbJ92lv4svPsirXsEuXu70+\ntwmBqD3yZobuhrIzkpexkctz4X6AuAaYjg3O/xiU03zYmpe1Hpcaw51JLVybrsYi\nn0xI3/CFeq+VM7t86zPYd90oRb28fE6DmxIbZjb/y4ATM2LphsHj9vZs6dkq0Jsl\nITRF+4gjOEJUGAA66YetZ+gDXL7M6mb2HMd0Tj4qCxFJbo43p30symFVBx2f4srF\nZvHsY1laDzMSaHw+Ogn6kxh3DxJjRxgenAByx6flfwqJN12XkN5oXmsIXvJpf9YA\nhnDaAIRF6enBW6AJR7TxAm28XpigvpnBd78/x3VZFYldeyiYWN/V0nvpEtSWp80j\n3FJCvNxyfzD9dkpr+ulXVZZg5Em1nNPxrLWni/oJX2liClTmXTPDgx2VVKkTr8si\n+uGEMt5N+L5afGK8AiXjssbN639bcXXm5WA6TcYN1p119W3wo6un5oeNpTep1Hcf\n/oAOYJMhnKEDcEUvC+7enVHAqhv29Nw033QXRgNgTntV+D6M4s2hlzJnApECAwEA\nAQKCAgALY/Ngp99vf+ZkXwYaMYOLtuy72oqn/Y0H8OZFVKM1v0p2L8rJdcoN9DO5\nEl7SJ/2JlJXXbx36hMimnPT8pUdkuhRZFIVStEk7Le5zb0muJ5FdnA1LseHOD8hG\nexJAUy+rwBtr1jJxAO4j2Da/J2E/kRzEEtPoVE1ybZtSIstmJ7txXKRtVeGxAVvm\nne5MMzhoJpZe6R+rMJ46vlRUmz5uaonmpn7jpWsTP9rH7NEz9qTlYE6OvZLU2QwK\n7lvuP7422AJ2LUOZOaelMB6E2q4kQTCB2sI6AHW5mq0lOJbFS+73M+URS4otMWsa\nPdHSUCEBCRygXxXhYPTUtdthn3FS5NQlE46OQlcaDeBo7SPLsUfZLos5qj2SVfKE\nsJdQPys9W0VuA5V+6QdzSrfGJjPDkFMrGH8XSJrlmzTlfOlFtQOvXC1yERYa5Kw+\nZzlnzvv4RUqkojyBvoSes5P8A7gA1c5lTm35qE80l5Ubjy9X6EYls4drSumcVDrf\nu5EZdJIzdr0y2TETu1DGGhQg5roskRUkzqShGaiwpVZ70zzt4RJ1hM4iT8bsMSJw\njcMmmM6eCXLFAiC+ZslJYv9BYJECqEhRldCs+NBZVnTGdOid0vC0RMtVx6HymJeY\nBRWmpLw1lCqWFbIZ4GpMsKVRJPh4isf0W5WJ8cXj9GuBHnSIYQKCAQEA7Co2Ez5r\nuV5vRH9QlpNaESmWxKBY/vJ98tcQ+Jvs1kCxWpTVvBOBTnmaOEyu9pTFTAc/0m7Q\nvAt/zOFIDDizqmtWSyUg3y+5BlXQay20x26n4bilCH8labbflGTvvZsbslSkUxVI\nszfPPj1I9lUxM/+yFM0Ud4FH4fa0dLTeYnjzdSjcJA5Yx78aUpjw/Uo0Rh/rDERp\nBqiAWhnxRPMWrt0rdJSxjncFNq+mlxNU4Tyc9y5u45QxibwjK3d//a7gT4yW0WJM\nfNqCDYx/TXTMoUwa0ku3Ll32qGptR/0+Bt4lF3r4wfdABB4IxedUVe2M0r4qbbGW\n8zxCjY0auLscZQKCAQEA20sK/PVg2BWMywe/ncAXiV87WKy9peHaDlgS9uPDNjDW\nEvfCAhgtKBFWJEpNwFV9+2I92tkQNXIa6auriyjYN6l/Kax7LXkpd513d6cBbM7Y\n52outpu3PS4NoNs9y0As0M6q4E4EyfTw8qYOSdngRC0XvLOMuPnX67E27rtpB79p\nEiz6CzvdNMft11uUQT1W6/0Gw2qEbMgtvdVVyQqB0+TADZh6CHSNQHsZY6f6sQF8\nxBbqd9j6gywg5hJnwZBWepmKTGfUISRpkyM/tEOrhfTh6snVDtQyPUK6eGfCPh48\nJg0LFLMa1EMhcQwQ/rFRu1owBKFcNUO9pP3DPggcvQKCAQEAqo8VvLIxFJAqJbsZ\nFZZXzttNYrY3b/Drm01NmW7rDhVswPGKpykjEuzpv01KcxUgpHb71dtobtaTNwFg\niksNHsAkc2LeKbIKm5OwUSeSTxIQtwkmT0ucVovXTxHSvwndZ96PSt2tQpnE17tl\nDVqbjWVWVIWECYbZxkzpKPxTO6UElxGqY3PlFGVk+lAwg41q0VZN5+8kNsXM5MWl\npNk3AZUDxE97KFu27TbQRn2UqJKg/jePqFanrESu1b6ZNjptD6aGabPnb6hTkrts\nWSFIhBk1qbk7E4aTFDDAueQgPs+C1EFglJ0fo5mZVmxqUSCdurnSZKSEUyirHBXT\nPaUMrQKCAQA5VdqOnt1uQdwo7WK1LRc6TJLosWl4aJ+ppm9268ALeCNQnES2ZXnR\nAw9ht6eyhOfGhT4k7SHmx2mv9LmKTeiSTRe5XqZqEka8RoiI2TpvJ3ngr4t9JSN4\ntITNrOTwMlxFT/OvZ9aqswcYekA8IOIZES0mok9FwdUpg5EYRBnG883V+bp6m3FP\nroJKD2Co2g/S7boJ99yd0IzdGF0wjjW5oBJyu44UjdysokLWIoJSK1BiuJcfNLTy\n/OOxI9jK7CEgNurI5VC6RZnw5YNvb032XTuANrslAGgOSlcUyhQoR6F0VW6zP8zg\n+JhSxVPgM55p/L+XRlUkfAymic61dkuFAoIBAAdy/x7LRQf1EkAxQp3jYvakWtPo\nba3MFdFoWgHBbCv2VHDDHJxQiWLdcymkdrVxzZndx7zzTKs3dKP8CSOkcRAY2DpN\nbrA54TClKFwZX8bEvyo8UOHnAtDLLeJGkCMI/V/rOW3nqUP8R1Q5m22FiMWX3qMJ\nx7N7Wr6rXGJghmCEFBKrDhjH9reDFCjVocZwREap6vclqPHZscxFqMLbws4u89b1\nO3YgAsRCR0Jd75P34UYzh0olakZwTi+ZNqp/TfkPxBKq+zgsnJcx6KR5+P96pI+Z\n2ZVWcYjdO8vHoPLXVFlIW4Zc9qyrccjpHmF4zbTPwJtreTaHXas695gttnk=\n-----END RSA PRIVATE KEY-----\n",
      "type": "string",
      "sensitive": true
    },
    "public_key_openssh": {
      "value": "ssh-rsa AAAAB3NzaC1yc2EAAAADAQABAAACAQDKTVbDUBEpcPAP6oas3C773rr0buY6kXwCoamSlist0sfoSnB6JJjjb0H/CQLzSn1DuFz3UzYWq3EKy6mHcRYzcOGOAUbZZkG7ZdHAS0gc8oH0cWygV4TIeFKTlpkkUHoHei8sGNssxhSW2XezRzVY08LA1sn3aW/iy8+yKtewS5e7vT63CYGoPfJmhu6GsjOSl7GRy3PhfoC4BpiODc7/GJTTfNial7UelxrDnUktXJuuxiKfTEjf8IV6r5Uzu3zrM9h33ShFvbx8ToObEhtmNv/LgBMzYumGweP29mzp2SrQmyUhNEX7iCM4QlQYADrph61n6ANcvszqZvYcx3ROPioLEUlujjenfSzKYVUHHZ/iysVm8exjWVoPMxJofD46CfqTGHcPEmNHGB6cAHLHp+V/Cok3XZeQ3mheawhe8ml/1gCGcNoAhEXp6cFboAlHtPECbbxemKC+mcF3vz/HdVkViV17KJhY39XSe+kS1JanzSPcUkK83HJ/MP12Smv66VdVlmDkSbWc0/GstaeL+glfaWIKVOZdM8ODHZVUqROvyyL64YQy3k34vlp8YrwCJeOyxs3rf1txdeblYDpNxg3WnXX1bfCjq6fmh42lN6nUdx/+gA5gkyGcoQNwRS8L7t6dUcCqG/b03DTfdBdGA2BOe1X4PozizaGXMmcCkQ==\n",
      "type": "string"
    },
    "public_key_pem": {
      "value": "-----BEGIN PUBLIC KEY-----\nMIICIjANBgkqhkiG9w0BAQEFAAOCAg8AMIICCgKCAgEAyk1Ww1ARKXDwD+qGrNwu\n+9669G7mOpF8AqGpkpYrLdLH6EpweiSY429B/wkC80p9Q7hc91M2FqtxCsuph3EW\nM3DhjgFG2WZBu2XRwEtIHPKB9HFsoFeEyHhSk5aZJFB6B3ovLBjbLMYUltl3s0c1\nWNPCwNbJ92lv4svPsirXsEuXu70+twmBqD3yZobuhrIzkpexkctz4X6AuAaYjg3O\n/xiU03zYmpe1Hpcaw51JLVybrsYin0xI3/CFeq+VM7t86zPYd90oRb28fE6DmxIb\nZjb/y4ATM2LphsHj9vZs6dkq0JslITRF+4gjOEJUGAA66YetZ+gDXL7M6mb2HMd0\nTj4qCxFJbo43p30symFVBx2f4srFZvHsY1laDzMSaHw+Ogn6kxh3DxJjRxgenABy\nx6flfwqJN12XkN5oXmsIXvJpf9YAhnDaAIRF6enBW6AJR7TxAm28XpigvpnBd78/\nx3VZFYldeyiYWN/V0nvpEtSWp80j3FJCvNxyfzD9dkpr+ulXVZZg5Em1nNPxrLWn\ni/oJX2liClTmXTPDgx2VVKkTr8si+uGEMt5N+L5afGK8AiXjssbN639bcXXm5WA6\nTcYN1p119W3wo6un5oeNpTep1Hcf/oAOYJMhnKEDcEUvC+7enVHAqhv29Nw033QX\nRgNgTntV+D6M4s2hlzJnApECAwEAAQ==\n-----END PUBLIC KEY-----\n",
      "type": "string"
    }
  },
  "resources": [
    {
      "mode": "data",
      "type": "template_file",
      "name": "firstboot",
      "provider": "provider[\"registry.terraform.io/hashicorp/template\"]",
      "instances": [
        {
          "schema_version": 0,
          "attributes": {
            "filename": null,
            "id": "fd3bad1481cebbc4537f6d459ddfdac8dae117c490b18aff8530f611d35172af",
            "rendered": "#cloud-config\n# Add groups to the system\n# Adds the ubuntu group with members 'root' and 'sys'\n# and the empty group hashicorp.\n# Downloads the golang package\n#packages:\n  #- libselinux-python \n # - python\nruncmd:\n  - [ sh, sudo yum install -y libselinux-python python]\n",
            "template": "#cloud-config\n# Add groups to the system\n# Adds the ubuntu group with members 'root' and 'sys'\n# and the empty group hashicorp.\n# Downloads the golang package\n#packages:\n  #- libselinux-python \n # - python\nruncmd:\n  - [ sh, sudo yum install -y libselinux-python python]\n",
            "vars": null
          },
          "sensitive_attributes": []
        }
      ]
    },
    {
      "mode": "data",
      "type": "template_file",
      "name": "firstbootjump",
      "provider": "provider[\"registry.terraform.io/hashicorp/template\"]",
      "instances": [
        {
          "schema_version": 0,
          "attributes": {
            "filename": null,
            "id": "937e9f9476c42f54d0520e61cb36701c60dafb8b080d7fa314defddc9603a399",
            "rendered": "#cloud-config\n# Add groups to the system\n# Adds the ubuntu group with members 'root' and 'sys'\n# and the empty group hashicorp.\n# Downloads the golang package\n#cloud-config\nruncmd:\n  - [ sh, sudo yum install -y https://dl.fedoraproject.org/pub/epel/epel-release-latest-7.noarch.rpm]\n  - [ sh, sudo yum upgrade -y]\n  - [ sh, sudo yum install -y ansible]\n",
            "template": "#cloud-config\n# Add groups to the system\n# Adds the ubuntu group with members 'root' and 'sys'\n# and the empty group hashicorp.\n# Downloads the golang package\n#cloud-config\nruncmd:\n  - [ sh, sudo yum install -y https://dl.fedoraproject.org/pub/epel/epel-release-latest-7.noarch.rpm]\n  - [ sh, sudo yum upgrade -y]\n  - [ sh, sudo yum install -y ansible]\n",
            "vars": null
          },
          "sensitive_attributes": []
        }
      ]
    },
    {
      "mode": "managed",
      "type": "azurerm_linux_virtual_machine",
      "name": "VMs",
      "provider": "provider[\"registry.terraform.io/hashicorp/azurerm\"]",
      "instances": [
        {
          "index_key": 0,
          "schema_version": 0,
          "attributes": {
            "additional_capabilities": [],
            "admin_password": null,
            "admin_ssh_key": [
              {
                "public_key": "ssh-rsa AAAAB3NzaC1yc2EAAAADAQABAAACAQDKTVbDUBEpcPAP6oas3C773rr0buY6kXwCoamSlist0sfoSnB6JJjjb0H/CQLzSn1DuFz3UzYWq3EKy6mHcRYzcOGOAUbZZkG7ZdHAS0gc8oH0cWygV4TIeFKTlpkkUHoHei8sGNssxhSW2XezRzVY08LA1sn3aW/iy8+yKtewS5e7vT63CYGoPfJmhu6GsjOSl7GRy3PhfoC4BpiODc7/GJTTfNial7UelxrDnUktXJuuxiKfTEjf8IV6r5Uzu3zrM9h33ShFvbx8ToObEhtmNv/LgBMzYumGweP29mzp2SrQmyUhNEX7iCM4QlQYADrph61n6ANcvszqZvYcx3ROPioLEUlujjenfSzKYVUHHZ/iysVm8exjWVoPMxJofD46CfqTGHcPEmNHGB6cAHLHp+V/Cok3XZeQ3mheawhe8ml/1gCGcNoAhEXp6cFboAlHtPECbbxemKC+mcF3vz/HdVkViV17KJhY39XSe+kS1JanzSPcUkK83HJ/MP12Smv66VdVlmDkSbWc0/GstaeL+glfaWIKVOZdM8ODHZVUqROvyyL64YQy3k34vlp8YrwCJeOyxs3rf1txdeblYDpNxg3WnXX1bfCjq6fmh42lN6nUdx/+gA5gkyGcoQNwRS8L7t6dUcCqG/b03DTfdBdGA2BOe1X4PozizaGXMmcCkQ==\n",
                "username": "azureuser"
              }
            ],
            "admin_username": "azureuser",
            "allow_extension_operations": true,
            "availability_set_id": "",
            "boot_diagnostics": [
              {
                "storage_account_uri": "https://diag166b9aa980635cb0.blob.core.windows.net/"
              }
            ],
            "computer_name": "sonarqube-vm-0",
            "custom_data": "I2Nsb3VkLWNvbmZpZwojIEFkZCBncm91cHMgdG8gdGhlIHN5c3RlbQojIEFkZHMgdGhlIHVidW50dSBncm91cCB3aXRoIG1lbWJlcnMgJ3Jvb3QnIGFuZCAnc3lzJwojIGFuZCB0aGUgZW1wdHkgZ3JvdXAgaGFzaGljb3JwLgojIERvd25sb2FkcyB0aGUgZ29sYW5nIHBhY2thZ2UKI3BhY2thZ2VzOgogICMtIGxpYnNlbGludXgtcHl0aG9uIAogIyAtIHB5dGhvbgpydW5jbWQ6CiAgLSBbIHNoLCBzdWRvIHl1bSBpbnN0YWxsIC15IGxpYnNlbGludXgtcHl0aG9uIHB5dGhvbl0K",
            "dedicated_host_id": "",
            "disable_password_authentication": true,
            "encryption_at_host_enabled": false,
            "eviction_policy": "",
            "extensions_time_budget": "PT1H30M",
            "id": "/subscriptions/838a252c-163f-461b-96d4-7f4f57559c2a/resourceGroups/sonarqube-RG/providers/Microsoft.Compute/virtualMachines/sonarqube-vm-0",
            "identity": [],
            "license_type": "",
            "location": "eastus",
            "max_bid_price": -1,
            "name": "sonarqube-vm-0",
            "network_interface_ids": [
              "/subscriptions/838a252c-163f-461b-96d4-7f4f57559c2a/resourceGroups/sonarqube-RG/providers/Microsoft.Network/networkInterfaces/sonarqube-nic-0"
            ],
            "os_disk": [
              {
                "caching": "ReadWrite",
                "diff_disk_settings": [],
                "disk_encryption_set_id": "",
                "disk_size_gb": 128,
                "name": "sonarqube-osdisk-0",
                "storage_account_type": "Standard_LRS",
                "write_accelerator_enabled": false
              }
            ],
            "plan": [],
            "platform_fault_domain": -1,
            "priority": "Regular",
            "private_ip_address": "10.0.1.6",
            "private_ip_addresses": [
              "10.0.1.6"
            ],
            "provision_vm_agent": true,
            "proximity_placement_group_id": "",
            "public_ip_address": "",
            "public_ip_addresses": [],
            "resource_group_name": "sonarqube-RG",
            "secret": [],
            "size": "Standard_DS1_v2",
            "source_image_id": "",
            "source_image_reference": [
              {
                "offer": "RHEL",
                "publisher": "RedHat",
                "sku": "7-LVM",
                "version": "latest"
              }
            ],
            "tags": null,
            "timeouts": null,
            "virtual_machine_id": "fe831003-666f-416c-94a1-a0b2d1517f17",
            "virtual_machine_scale_set_id": "",
            "zone": ""
          },
          "sensitive_attributes": [],
          "private": "eyJlMmJmYjczMC1lY2FhLTExZTYtOGY4OC0zNDM2M2JjN2M0YzAiOnsiY3JlYXRlIjoyNzAwMDAwMDAwMDAwLCJkZWxldGUiOjI3MDAwMDAwMDAwMDAsInJlYWQiOjMwMDAwMDAwMDAwMCwidXBkYXRlIjoyNzAwMDAwMDAwMDAwfX0=",
          "dependencies": [
            "azurerm_network_interface.nic",
            "azurerm_resource_group.RG",
            "azurerm_storage_account.mystorageaccount",
            "data.template_file.firstboot",
            "tls_private_key.example_ssh"
          ]
        },
        {
          "index_key": 1,
          "schema_version": 0,
          "attributes": {
            "additional_capabilities": [],
            "admin_password": null,
            "admin_ssh_key": [
              {
                "public_key": "ssh-rsa AAAAB3NzaC1yc2EAAAADAQABAAACAQDKTVbDUBEpcPAP6oas3C773rr0buY6kXwCoamSlist0sfoSnB6JJjjb0H/CQLzSn1DuFz3UzYWq3EKy6mHcRYzcOGOAUbZZkG7ZdHAS0gc8oH0cWygV4TIeFKTlpkkUHoHei8sGNssxhSW2XezRzVY08LA1sn3aW/iy8+yKtewS5e7vT63CYGoPfJmhu6GsjOSl7GRy3PhfoC4BpiODc7/GJTTfNial7UelxrDnUktXJuuxiKfTEjf8IV6r5Uzu3zrM9h33ShFvbx8ToObEhtmNv/LgBMzYumGweP29mzp2SrQmyUhNEX7iCM4QlQYADrph61n6ANcvszqZvYcx3ROPioLEUlujjenfSzKYVUHHZ/iysVm8exjWVoPMxJofD46CfqTGHcPEmNHGB6cAHLHp+V/Cok3XZeQ3mheawhe8ml/1gCGcNoAhEXp6cFboAlHtPECbbxemKC+mcF3vz/HdVkViV17KJhY39XSe+kS1JanzSPcUkK83HJ/MP12Smv66VdVlmDkSbWc0/GstaeL+glfaWIKVOZdM8ODHZVUqROvyyL64YQy3k34vlp8YrwCJeOyxs3rf1txdeblYDpNxg3WnXX1bfCjq6fmh42lN6nUdx/+gA5gkyGcoQNwRS8L7t6dUcCqG/b03DTfdBdGA2BOe1X4PozizaGXMmcCkQ==\n",
                "username": "azureuser"
              }
            ],
            "admin_username": "azureuser",
            "allow_extension_operations": true,
            "availability_set_id": "",
            "boot_diagnostics": [
              {
                "storage_account_uri": "https://diag166b9aa980635cb0.blob.core.windows.net/"
              }
            ],
            "computer_name": "sonarqube-vm-1",
            "custom_data": "I2Nsb3VkLWNvbmZpZwojIEFkZCBncm91cHMgdG8gdGhlIHN5c3RlbQojIEFkZHMgdGhlIHVidW50dSBncm91cCB3aXRoIG1lbWJlcnMgJ3Jvb3QnIGFuZCAnc3lzJwojIGFuZCB0aGUgZW1wdHkgZ3JvdXAgaGFzaGljb3JwLgojIERvd25sb2FkcyB0aGUgZ29sYW5nIHBhY2thZ2UKI3BhY2thZ2VzOgogICMtIGxpYnNlbGludXgtcHl0aG9uIAogIyAtIHB5dGhvbgpydW5jbWQ6CiAgLSBbIHNoLCBzdWRvIHl1bSBpbnN0YWxsIC15IGxpYnNlbGludXgtcHl0aG9uIHB5dGhvbl0K",
            "dedicated_host_id": "",
            "disable_password_authentication": true,
            "encryption_at_host_enabled": false,
            "eviction_policy": "",
            "extensions_time_budget": "PT1H30M",
            "id": "/subscriptions/838a252c-163f-461b-96d4-7f4f57559c2a/resourceGroups/sonarqube-RG/providers/Microsoft.Compute/virtualMachines/sonarqube-vm-1",
            "identity": [],
            "license_type": "",
            "location": "eastus",
            "max_bid_price": -1,
            "name": "sonarqube-vm-1",
            "network_interface_ids": [
              "/subscriptions/838a252c-163f-461b-96d4-7f4f57559c2a/resourceGroups/sonarqube-RG/providers/Microsoft.Network/networkInterfaces/sonarqube-nic-1"
            ],
            "os_disk": [
              {
                "caching": "ReadWrite",
                "diff_disk_settings": [],
                "disk_encryption_set_id": "",
                "disk_size_gb": 128,
                "name": "sonarqube-osdisk-1",
                "storage_account_type": "Standard_LRS",
                "write_accelerator_enabled": false
              }
            ],
            "plan": [],
            "platform_fault_domain": -1,
            "priority": "Regular",
            "private_ip_address": "10.0.1.7",
            "private_ip_addresses": [
              "10.0.1.7"
            ],
            "provision_vm_agent": true,
            "proximity_placement_group_id": "",
            "public_ip_address": "",
            "public_ip_addresses": [],
            "resource_group_name": "sonarqube-RG",
            "secret": [],
            "size": "Standard_DS1_v2",
            "source_image_id": "",
            "source_image_reference": [
              {
                "offer": "RHEL",
                "publisher": "RedHat",
                "sku": "7-LVM",
                "version": "latest"
              }
            ],
            "tags": null,
            "timeouts": null,
            "virtual_machine_id": "e34ed725-afcf-4912-83df-39dab58a91ac",
            "virtual_machine_scale_set_id": "",
            "zone": ""
          },
          "sensitive_attributes": [],
          "private": "eyJlMmJmYjczMC1lY2FhLTExZTYtOGY4OC0zNDM2M2JjN2M0YzAiOnsiY3JlYXRlIjoyNzAwMDAwMDAwMDAwLCJkZWxldGUiOjI3MDAwMDAwMDAwMDAsInJlYWQiOjMwMDAwMDAwMDAwMCwidXBkYXRlIjoyNzAwMDAwMDAwMDAwfX0=",
          "dependencies": [
            "azurerm_network_interface.nic",
            "azurerm_resource_group.RG",
            "azurerm_storage_account.mystorageaccount",
            "data.template_file.firstboot",
            "tls_private_key.example_ssh"
          ]
        },
        {
          "index_key": 2,
          "schema_version": 0,
          "attributes": {
            "additional_capabilities": [],
            "admin_password": null,
            "admin_ssh_key": [
              {
                "public_key": "ssh-rsa AAAAB3NzaC1yc2EAAAADAQABAAACAQDKTVbDUBEpcPAP6oas3C773rr0buY6kXwCoamSlist0sfoSnB6JJjjb0H/CQLzSn1DuFz3UzYWq3EKy6mHcRYzcOGOAUbZZkG7ZdHAS0gc8oH0cWygV4TIeFKTlpkkUHoHei8sGNssxhSW2XezRzVY08LA1sn3aW/iy8+yKtewS5e7vT63CYGoPfJmhu6GsjOSl7GRy3PhfoC4BpiODc7/GJTTfNial7UelxrDnUktXJuuxiKfTEjf8IV6r5Uzu3zrM9h33ShFvbx8ToObEhtmNv/LgBMzYumGweP29mzp2SrQmyUhNEX7iCM4QlQYADrph61n6ANcvszqZvYcx3ROPioLEUlujjenfSzKYVUHHZ/iysVm8exjWVoPMxJofD46CfqTGHcPEmNHGB6cAHLHp+V/Cok3XZeQ3mheawhe8ml/1gCGcNoAhEXp6cFboAlHtPECbbxemKC+mcF3vz/HdVkViV17KJhY39XSe+kS1JanzSPcUkK83HJ/MP12Smv66VdVlmDkSbWc0/GstaeL+glfaWIKVOZdM8ODHZVUqROvyyL64YQy3k34vlp8YrwCJeOyxs3rf1txdeblYDpNxg3WnXX1bfCjq6fmh42lN6nUdx/+gA5gkyGcoQNwRS8L7t6dUcCqG/b03DTfdBdGA2BOe1X4PozizaGXMmcCkQ==\n",
                "username": "azureuser"
              }
            ],
            "admin_username": "azureuser",
            "allow_extension_operations": true,
            "availability_set_id": "",
            "boot_diagnostics": [
              {
                "storage_account_uri": "https://diag166b9aa980635cb0.blob.core.windows.net/"
              }
            ],
            "computer_name": "sonarqube-vm-2",
            "custom_data": "I2Nsb3VkLWNvbmZpZwojIEFkZCBncm91cHMgdG8gdGhlIHN5c3RlbQojIEFkZHMgdGhlIHVidW50dSBncm91cCB3aXRoIG1lbWJlcnMgJ3Jvb3QnIGFuZCAnc3lzJwojIGFuZCB0aGUgZW1wdHkgZ3JvdXAgaGFzaGljb3JwLgojIERvd25sb2FkcyB0aGUgZ29sYW5nIHBhY2thZ2UKI3BhY2thZ2VzOgogICMtIGxpYnNlbGludXgtcHl0aG9uIAogIyAtIHB5dGhvbgpydW5jbWQ6CiAgLSBbIHNoLCBzdWRvIHl1bSBpbnN0YWxsIC15IGxpYnNlbGludXgtcHl0aG9uIHB5dGhvbl0K",
            "dedicated_host_id": "",
            "disable_password_authentication": true,
            "encryption_at_host_enabled": false,
            "eviction_policy": "",
            "extensions_time_budget": "PT1H30M",
            "id": "/subscriptions/838a252c-163f-461b-96d4-7f4f57559c2a/resourceGroups/sonarqube-RG/providers/Microsoft.Compute/virtualMachines/sonarqube-vm-2",
            "identity": [],
            "license_type": "",
            "location": "eastus",
            "max_bid_price": -1,
            "name": "sonarqube-vm-2",
            "network_interface_ids": [
              "/subscriptions/838a252c-163f-461b-96d4-7f4f57559c2a/resourceGroups/sonarqube-RG/providers/Microsoft.Network/networkInterfaces/sonarqube-nic-2"
            ],
            "os_disk": [
              {
                "caching": "ReadWrite",
                "diff_disk_settings": [],
                "disk_encryption_set_id": "",
                "disk_size_gb": 128,
                "name": "sonarqube-osdisk-2",
                "storage_account_type": "Standard_LRS",
                "write_accelerator_enabled": false
              }
            ],
            "plan": [],
            "platform_fault_domain": -1,
            "priority": "Regular",
            "private_ip_address": "10.0.1.10",
            "private_ip_addresses": [
              "10.0.1.10"
            ],
            "provision_vm_agent": true,
            "proximity_placement_group_id": "",
            "public_ip_address": "",
            "public_ip_addresses": [],
            "resource_group_name": "sonarqube-RG",
            "secret": [],
            "size": "Standard_DS1_v2",
            "source_image_id": "",
            "source_image_reference": [
              {
                "offer": "RHEL",
                "publisher": "RedHat",
                "sku": "7-LVM",
                "version": "latest"
              }
            ],
            "tags": null,
            "timeouts": null,
            "virtual_machine_id": "08de0b27-73b3-4962-b6ad-de314b801a61",
            "virtual_machine_scale_set_id": "",
            "zone": ""
          },
          "sensitive_attributes": [],
          "private": "eyJlMmJmYjczMC1lY2FhLTExZTYtOGY4OC0zNDM2M2JjN2M0YzAiOnsiY3JlYXRlIjoyNzAwMDAwMDAwMDAwLCJkZWxldGUiOjI3MDAwMDAwMDAwMDAsInJlYWQiOjMwMDAwMDAwMDAwMCwidXBkYXRlIjoyNzAwMDAwMDAwMDAwfX0=",
          "dependencies": [
            "azurerm_network_interface.nic",
            "azurerm_resource_group.RG",
            "azurerm_storage_account.mystorageaccount",
            "data.template_file.firstboot",
            "tls_private_key.example_ssh"
          ]
        },
        {
          "index_key": 3,
          "schema_version": 0,
          "attributes": {
            "additional_capabilities": [],
            "admin_password": null,
            "admin_ssh_key": [
              {
                "public_key": "ssh-rsa AAAAB3NzaC1yc2EAAAADAQABAAACAQDKTVbDUBEpcPAP6oas3C773rr0buY6kXwCoamSlist0sfoSnB6JJjjb0H/CQLzSn1DuFz3UzYWq3EKy6mHcRYzcOGOAUbZZkG7ZdHAS0gc8oH0cWygV4TIeFKTlpkkUHoHei8sGNssxhSW2XezRzVY08LA1sn3aW/iy8+yKtewS5e7vT63CYGoPfJmhu6GsjOSl7GRy3PhfoC4BpiODc7/GJTTfNial7UelxrDnUktXJuuxiKfTEjf8IV6r5Uzu3zrM9h33ShFvbx8ToObEhtmNv/LgBMzYumGweP29mzp2SrQmyUhNEX7iCM4QlQYADrph61n6ANcvszqZvYcx3ROPioLEUlujjenfSzKYVUHHZ/iysVm8exjWVoPMxJofD46CfqTGHcPEmNHGB6cAHLHp+V/Cok3XZeQ3mheawhe8ml/1gCGcNoAhEXp6cFboAlHtPECbbxemKC+mcF3vz/HdVkViV17KJhY39XSe+kS1JanzSPcUkK83HJ/MP12Smv66VdVlmDkSbWc0/GstaeL+glfaWIKVOZdM8ODHZVUqROvyyL64YQy3k34vlp8YrwCJeOyxs3rf1txdeblYDpNxg3WnXX1bfCjq6fmh42lN6nUdx/+gA5gkyGcoQNwRS8L7t6dUcCqG/b03DTfdBdGA2BOe1X4PozizaGXMmcCkQ==\n",
                "username": "azureuser"
              }
            ],
            "admin_username": "azureuser",
            "allow_extension_operations": true,
            "availability_set_id": "",
            "boot_diagnostics": [
              {
                "storage_account_uri": "https://diag166b9aa980635cb0.blob.core.windows.net/"
              }
            ],
            "computer_name": "sonarqube-vm-3",
            "custom_data": "I2Nsb3VkLWNvbmZpZwojIEFkZCBncm91cHMgdG8gdGhlIHN5c3RlbQojIEFkZHMgdGhlIHVidW50dSBncm91cCB3aXRoIG1lbWJlcnMgJ3Jvb3QnIGFuZCAnc3lzJwojIGFuZCB0aGUgZW1wdHkgZ3JvdXAgaGFzaGljb3JwLgojIERvd25sb2FkcyB0aGUgZ29sYW5nIHBhY2thZ2UKI3BhY2thZ2VzOgogICMtIGxpYnNlbGludXgtcHl0aG9uIAogIyAtIHB5dGhvbgpydW5jbWQ6CiAgLSBbIHNoLCBzdWRvIHl1bSBpbnN0YWxsIC15IGxpYnNlbGludXgtcHl0aG9uIHB5dGhvbl0K",
            "dedicated_host_id": "",
            "disable_password_authentication": true,
            "encryption_at_host_enabled": false,
            "eviction_policy": "",
            "extensions_time_budget": "PT1H30M",
            "id": "/subscriptions/838a252c-163f-461b-96d4-7f4f57559c2a/resourceGroups/sonarqube-RG/providers/Microsoft.Compute/virtualMachines/sonarqube-vm-3",
            "identity": [],
            "license_type": "",
            "location": "eastus",
            "max_bid_price": -1,
            "name": "sonarqube-vm-3",
            "network_interface_ids": [
              "/subscriptions/838a252c-163f-461b-96d4-7f4f57559c2a/resourceGroups/sonarqube-RG/providers/Microsoft.Network/networkInterfaces/sonarqube-nic-3"
            ],
            "os_disk": [
              {
                "caching": "ReadWrite",
                "diff_disk_settings": [],
                "disk_encryption_set_id": "",
                "disk_size_gb": 128,
                "name": "sonarqube-osdisk-3",
                "storage_account_type": "Standard_LRS",
                "write_accelerator_enabled": false
              }
            ],
            "plan": [],
            "platform_fault_domain": -1,
            "priority": "Regular",
            "private_ip_address": "10.0.1.4",
            "private_ip_addresses": [
              "10.0.1.4"
            ],
            "provision_vm_agent": true,
            "proximity_placement_group_id": "",
            "public_ip_address": "",
            "public_ip_addresses": [],
            "resource_group_name": "sonarqube-RG",
            "secret": [],
            "size": "Standard_DS1_v2",
            "source_image_id": "",
            "source_image_reference": [
              {
                "offer": "RHEL",
                "publisher": "RedHat",
                "sku": "7-LVM",
                "version": "latest"
              }
            ],
            "tags": null,
            "timeouts": null,
            "virtual_machine_id": "8d067ce6-1d36-449f-9a97-d5a9fbcf1f32",
            "virtual_machine_scale_set_id": "",
            "zone": ""
          },
          "sensitive_attributes": [],
          "private": "eyJlMmJmYjczMC1lY2FhLTExZTYtOGY4OC0zNDM2M2JjN2M0YzAiOnsiY3JlYXRlIjoyNzAwMDAwMDAwMDAwLCJkZWxldGUiOjI3MDAwMDAwMDAwMDAsInJlYWQiOjMwMDAwMDAwMDAwMCwidXBkYXRlIjoyNzAwMDAwMDAwMDAwfX0=",
          "dependencies": [
            "azurerm_network_interface.nic",
            "azurerm_resource_group.RG",
            "azurerm_storage_account.mystorageaccount",
            "data.template_file.firstboot",
            "tls_private_key.example_ssh"
          ]
        },
        {
          "index_key": 4,
          "schema_version": 0,
          "attributes": {
            "additional_capabilities": [],
            "admin_password": null,
            "admin_ssh_key": [
              {
                "public_key": "ssh-rsa AAAAB3NzaC1yc2EAAAADAQABAAACAQDKTVbDUBEpcPAP6oas3C773rr0buY6kXwCoamSlist0sfoSnB6JJjjb0H/CQLzSn1DuFz3UzYWq3EKy6mHcRYzcOGOAUbZZkG7ZdHAS0gc8oH0cWygV4TIeFKTlpkkUHoHei8sGNssxhSW2XezRzVY08LA1sn3aW/iy8+yKtewS5e7vT63CYGoPfJmhu6GsjOSl7GRy3PhfoC4BpiODc7/GJTTfNial7UelxrDnUktXJuuxiKfTEjf8IV6r5Uzu3zrM9h33ShFvbx8ToObEhtmNv/LgBMzYumGweP29mzp2SrQmyUhNEX7iCM4QlQYADrph61n6ANcvszqZvYcx3ROPioLEUlujjenfSzKYVUHHZ/iysVm8exjWVoPMxJofD46CfqTGHcPEmNHGB6cAHLHp+V/Cok3XZeQ3mheawhe8ml/1gCGcNoAhEXp6cFboAlHtPECbbxemKC+mcF3vz/HdVkViV17KJhY39XSe+kS1JanzSPcUkK83HJ/MP12Smv66VdVlmDkSbWc0/GstaeL+glfaWIKVOZdM8ODHZVUqROvyyL64YQy3k34vlp8YrwCJeOyxs3rf1txdeblYDpNxg3WnXX1bfCjq6fmh42lN6nUdx/+gA5gkyGcoQNwRS8L7t6dUcCqG/b03DTfdBdGA2BOe1X4PozizaGXMmcCkQ==\n",
                "username": "azureuser"
              }
            ],
            "admin_username": "azureuser",
            "allow_extension_operations": true,
            "availability_set_id": "",
            "boot_diagnostics": [
              {
                "storage_account_uri": "https://diag166b9aa980635cb0.blob.core.windows.net/"
              }
            ],
            "computer_name": "sonarqube-vm-4",
            "custom_data": "I2Nsb3VkLWNvbmZpZwojIEFkZCBncm91cHMgdG8gdGhlIHN5c3RlbQojIEFkZHMgdGhlIHVidW50dSBncm91cCB3aXRoIG1lbWJlcnMgJ3Jvb3QnIGFuZCAnc3lzJwojIGFuZCB0aGUgZW1wdHkgZ3JvdXAgaGFzaGljb3JwLgojIERvd25sb2FkcyB0aGUgZ29sYW5nIHBhY2thZ2UKI3BhY2thZ2VzOgogICMtIGxpYnNlbGludXgtcHl0aG9uIAogIyAtIHB5dGhvbgpydW5jbWQ6CiAgLSBbIHNoLCBzdWRvIHl1bSBpbnN0YWxsIC15IGxpYnNlbGludXgtcHl0aG9uIHB5dGhvbl0K",
            "dedicated_host_id": "",
            "disable_password_authentication": true,
            "encryption_at_host_enabled": false,
            "eviction_policy": "",
            "extensions_time_budget": "PT1H30M",
            "id": "/subscriptions/838a252c-163f-461b-96d4-7f4f57559c2a/resourceGroups/sonarqube-RG/providers/Microsoft.Compute/virtualMachines/sonarqube-vm-4",
            "identity": [],
            "license_type": "",
            "location": "eastus",
            "max_bid_price": -1,
            "name": "sonarqube-vm-4",
            "network_interface_ids": [
              "/subscriptions/838a252c-163f-461b-96d4-7f4f57559c2a/resourceGroups/sonarqube-RG/providers/Microsoft.Network/networkInterfaces/sonarqube-nic-4"
            ],
            "os_disk": [
              {
                "caching": "ReadWrite",
                "diff_disk_settings": [],
                "disk_encryption_set_id": "",
                "disk_size_gb": 128,
                "name": "sonarqube-osdisk-4",
                "storage_account_type": "Standard_LRS",
                "write_accelerator_enabled": false
              }
            ],
            "plan": [],
            "platform_fault_domain": -1,
            "priority": "Regular",
            "private_ip_address": "10.0.1.5",
            "private_ip_addresses": [
              "10.0.1.5"
            ],
            "provision_vm_agent": true,
            "proximity_placement_group_id": "",
            "public_ip_address": "",
            "public_ip_addresses": [],
            "resource_group_name": "sonarqube-RG",
            "secret": [],
            "size": "Standard_DS1_v2",
            "source_image_id": "",
            "source_image_reference": [
              {
                "offer": "RHEL",
                "publisher": "RedHat",
                "sku": "7-LVM",
                "version": "latest"
              }
            ],
            "tags": null,
            "timeouts": null,
            "virtual_machine_id": "3d8f5269-6c27-407c-8930-0f1649497007",
            "virtual_machine_scale_set_id": "",
            "zone": ""
          },
          "sensitive_attributes": [],
          "private": "eyJlMmJmYjczMC1lY2FhLTExZTYtOGY4OC0zNDM2M2JjN2M0YzAiOnsiY3JlYXRlIjoyNzAwMDAwMDAwMDAwLCJkZWxldGUiOjI3MDAwMDAwMDAwMDAsInJlYWQiOjMwMDAwMDAwMDAwMCwidXBkYXRlIjoyNzAwMDAwMDAwMDAwfX0=",
          "dependencies": [
            "azurerm_network_interface.nic",
            "azurerm_resource_group.RG",
            "azurerm_storage_account.mystorageaccount",
            "data.template_file.firstboot",
            "tls_private_key.example_ssh"
          ]
        }
      ]
    },
    {
      "mode": "managed",
      "type": "azurerm_linux_virtual_machine",
      "name": "jumpboxVM",
      "provider": "provider[\"registry.terraform.io/hashicorp/azurerm\"]",
      "instances": [
        {
          "schema_version": 0,
          "attributes": {
            "additional_capabilities": [],
            "admin_password": null,
            "admin_ssh_key": [
              {
                "public_key": "ssh-rsa AAAAB3NzaC1yc2EAAAADAQABAAACAQDKTVbDUBEpcPAP6oas3C773rr0buY6kXwCoamSlist0sfoSnB6JJjjb0H/CQLzSn1DuFz3UzYWq3EKy6mHcRYzcOGOAUbZZkG7ZdHAS0gc8oH0cWygV4TIeFKTlpkkUHoHei8sGNssxhSW2XezRzVY08LA1sn3aW/iy8+yKtewS5e7vT63CYGoPfJmhu6GsjOSl7GRy3PhfoC4BpiODc7/GJTTfNial7UelxrDnUktXJuuxiKfTEjf8IV6r5Uzu3zrM9h33ShFvbx8ToObEhtmNv/LgBMzYumGweP29mzp2SrQmyUhNEX7iCM4QlQYADrph61n6ANcvszqZvYcx3ROPioLEUlujjenfSzKYVUHHZ/iysVm8exjWVoPMxJofD46CfqTGHcPEmNHGB6cAHLHp+V/Cok3XZeQ3mheawhe8ml/1gCGcNoAhEXp6cFboAlHtPECbbxemKC+mcF3vz/HdVkViV17KJhY39XSe+kS1JanzSPcUkK83HJ/MP12Smv66VdVlmDkSbWc0/GstaeL+glfaWIKVOZdM8ODHZVUqROvyyL64YQy3k34vlp8YrwCJeOyxs3rf1txdeblYDpNxg3WnXX1bfCjq6fmh42lN6nUdx/+gA5gkyGcoQNwRS8L7t6dUcCqG/b03DTfdBdGA2BOe1X4PozizaGXMmcCkQ==\n",
                "username": "azureuser"
              }
            ],
            "admin_username": "azureuser",
            "allow_extension_operations": true,
            "availability_set_id": "",
            "boot_diagnostics": [
              {
                "storage_account_uri": "https://diag166b9aa980635cb0.blob.core.windows.net/"
              }
            ],
            "computer_name": "sonarqube-jumpbox",
            "custom_data": "I2Nsb3VkLWNvbmZpZwojIEFkZCBncm91cHMgdG8gdGhlIHN5c3RlbQojIEFkZHMgdGhlIHVidW50dSBncm91cCB3aXRoIG1lbWJlcnMgJ3Jvb3QnIGFuZCAnc3lzJwojIGFuZCB0aGUgZW1wdHkgZ3JvdXAgaGFzaGljb3JwLgojIERvd25sb2FkcyB0aGUgZ29sYW5nIHBhY2thZ2UKI2Nsb3VkLWNvbmZpZwpydW5jbWQ6CiAgLSBbIHNoLCBzdWRvIHl1bSBpbnN0YWxsIC15IGh0dHBzOi8vZGwuZmVkb3JhcHJvamVjdC5vcmcvcHViL2VwZWwvZXBlbC1yZWxlYXNlLWxhdGVzdC03Lm5vYXJjaC5ycG1dCiAgLSBbIHNoLCBzdWRvIHl1bSB1cGdyYWRlIC15XQogIC0gWyBzaCwgc3VkbyB5dW0gaW5zdGFsbCAteSBhbnNpYmxlXQo=",
            "dedicated_host_id": "",
            "disable_password_authentication": true,
            "encryption_at_host_enabled": false,
            "eviction_policy": "",
            "extensions_time_budget": "PT1H30M",
            "id": "/subscriptions/838a252c-163f-461b-96d4-7f4f57559c2a/resourceGroups/sonarqube-RG/providers/Microsoft.Compute/virtualMachines/sonarqube-jumpbox",
            "identity": [],
            "license_type": "",
            "location": "eastus",
            "max_bid_price": -1,
            "name": "sonarqube-jumpbox",
            "network_interface_ids": [
              "/subscriptions/838a252c-163f-461b-96d4-7f4f57559c2a/resourceGroups/sonarqube-RG/providers/Microsoft.Network/networkInterfaces/sonarqube-jumpboxnic"
            ],
            "os_disk": [
              {
                "caching": "ReadWrite",
                "diff_disk_settings": [],
                "disk_encryption_set_id": "",
                "disk_size_gb": 128,
                "name": "sonarqube-osdisk-jump",
                "storage_account_type": "Standard_LRS",
                "write_accelerator_enabled": false
              }
            ],
            "plan": [],
            "platform_fault_domain": -1,
            "priority": "Regular",
            "private_ip_address": "10.0.1.8",
            "private_ip_addresses": [
              "10.0.1.8"
            ],
            "provision_vm_agent": true,
            "proximity_placement_group_id": "",
            "public_ip_address": "13.90.202.9",
            "public_ip_addresses": [
              "13.90.202.9"
            ],
            "resource_group_name": "sonarqube-RG",
            "secret": [],
            "size": "Standard_DS1_v2",
            "source_image_id": "",
            "source_image_reference": [
              {
                "offer": "RHEL",
                "publisher": "RedHat",
                "sku": "7-LVM",
                "version": "latest"
              }
            ],
            "tags": null,
            "timeouts": null,
            "virtual_machine_id": "3cf7a8eb-9a22-4fe9-804f-c00be7f51f5f",
            "virtual_machine_scale_set_id": "",
            "zone": ""
          },
          "sensitive_attributes": [],
          "private": "eyJlMmJmYjczMC1lY2FhLTExZTYtOGY4OC0zNDM2M2JjN2M0YzAiOnsiY3JlYXRlIjoyNzAwMDAwMDAwMDAwLCJkZWxldGUiOjI3MDAwMDAwMDAwMDAsInJlYWQiOjMwMDAwMDAwMDAwMCwidXBkYXRlIjoyNzAwMDAwMDAwMDAwfX0=",
          "dependencies": [
            "azurerm_network_interface.jumpboxnic",
            "azurerm_resource_group.RG",
            "azurerm_storage_account.mystorageaccount",
            "data.template_file.firstbootjump",
            "tls_private_key.example_ssh"
          ]
        }
      ]
    },
    {
      "mode": "managed",
      "type": "azurerm_network_interface",
      "name": "jumpboxnic",
      "provider": "provider[\"registry.terraform.io/hashicorp/azurerm\"]",
      "instances": [
        {
          "schema_version": 0,
          "attributes": {
            "applied_dns_servers": [],
            "dns_servers": [],
            "enable_accelerated_networking": false,
            "enable_ip_forwarding": false,
            "id": "/subscriptions/838a252c-163f-461b-96d4-7f4f57559c2a/resourceGroups/sonarqube-RG/providers/Microsoft.Network/networkInterfaces/sonarqube-jumpboxnic",
            "internal_dns_name_label": "",
            "internal_domain_name_suffix": "esotn35bmnzuld1jcyd1fd3via.bx.internal.cloudapp.net",
            "ip_configuration": [
              {
                "name": "ipconfig-jump",
                "primary": true,
                "private_ip_address": "10.0.1.8",
                "private_ip_address_allocation": "Dynamic",
                "private_ip_address_version": "IPv4",
                "public_ip_address_id": "/subscriptions/838a252c-163f-461b-96d4-7f4f57559c2a/resourceGroups/sonarqube-RG/providers/Microsoft.Network/publicIPAddresses/sonarqube-publicip",
                "subnet_id": "/subscriptions/838a252c-163f-461b-96d4-7f4f57559c2a/resourceGroups/sonarqube-RG/providers/Microsoft.Network/virtualNetworks/sonarqube-vnet/subnets/internal"
              }
            ],
            "location": "eastus",
            "mac_address": "00-0D-3A-8E-33-C9",
            "name": "sonarqube-jumpboxnic",
            "private_ip_address": "10.0.1.8",
            "private_ip_addresses": [
              "10.0.1.8"
            ],
            "resource_group_name": "sonarqube-RG",
            "tags": {},
            "timeouts": null,
            "virtual_machine_id": "/subscriptions/838a252c-163f-461b-96d4-7f4f57559c2a/resourceGroups/sonarqube-RG/providers/Microsoft.Compute/virtualMachines/sonarqube-jumpbox"
          },
          "sensitive_attributes": [],
          "private": "eyJlMmJmYjczMC1lY2FhLTExZTYtOGY4OC0zNDM2M2JjN2M0YzAiOnsiY3JlYXRlIjoxODAwMDAwMDAwMDAwLCJkZWxldGUiOjE4MDAwMDAwMDAwMDAsInJlYWQiOjMwMDAwMDAwMDAwMCwidXBkYXRlIjoxODAwMDAwMDAwMDAwfX0=",
          "dependencies": [
            "azurerm_virtual_network.VNET",
            "azurerm_public_ip.PIP",
            "azurerm_resource_group.RG",
            "azurerm_subnet.Subnet1"
          ]
        }
      ]
    },
    {
      "mode": "managed",
      "type": "azurerm_network_interface",
      "name": "nic",
      "provider": "provider[\"registry.terraform.io/hashicorp/azurerm\"]",
      "instances": [
        {
          "index_key": 0,
          "schema_version": 0,
          "attributes": {
            "applied_dns_servers": [],
            "dns_servers": [],
            "enable_accelerated_networking": false,
            "enable_ip_forwarding": false,
            "id": "/subscriptions/838a252c-163f-461b-96d4-7f4f57559c2a/resourceGroups/sonarqube-RG/providers/Microsoft.Network/networkInterfaces/sonarqube-nic-0",
            "internal_dns_name_label": "",
            "internal_domain_name_suffix": "esotn35bmnzuld1jcyd1fd3via.bx.internal.cloudapp.net",
            "ip_configuration": [
              {
                "name": "ipconfig0",
                "primary": true,
                "private_ip_address": "10.0.1.6",
                "private_ip_address_allocation": "Dynamic",
                "private_ip_address_version": "IPv4",
                "public_ip_address_id": "",
                "subnet_id": "/subscriptions/838a252c-163f-461b-96d4-7f4f57559c2a/resourceGroups/sonarqube-RG/providers/Microsoft.Network/virtualNetworks/sonarqube-vnet/subnets/internal"
              }
            ],
            "location": "eastus",
            "mac_address": "00-0D-3A-9C-57-0B",
            "name": "sonarqube-nic-0",
            "private_ip_address": "10.0.1.6",
            "private_ip_addresses": [
              "10.0.1.6"
            ],
            "resource_group_name": "sonarqube-RG",
            "tags": {},
            "timeouts": null,
            "virtual_machine_id": "/subscriptions/838a252c-163f-461b-96d4-7f4f57559c2a/resourceGroups/sonarqube-RG/providers/Microsoft.Compute/virtualMachines/sonarqube-vm-0"
          },
          "sensitive_attributes": [],
          "private": "eyJlMmJmYjczMC1lY2FhLTExZTYtOGY4OC0zNDM2M2JjN2M0YzAiOnsiY3JlYXRlIjoxODAwMDAwMDAwMDAwLCJkZWxldGUiOjE4MDAwMDAwMDAwMDAsInJlYWQiOjMwMDAwMDAwMDAwMCwidXBkYXRlIjoxODAwMDAwMDAwMDAwfX0=",
          "dependencies": [
            "azurerm_resource_group.RG",
            "azurerm_subnet.Subnet1",
            "azurerm_virtual_network.VNET"
          ]
        },
        {
          "index_key": 1,
          "schema_version": 0,
          "attributes": {
            "applied_dns_servers": [],
            "dns_servers": [],
            "enable_accelerated_networking": false,
            "enable_ip_forwarding": false,
            "id": "/subscriptions/838a252c-163f-461b-96d4-7f4f57559c2a/resourceGroups/sonarqube-RG/providers/Microsoft.Network/networkInterfaces/sonarqube-nic-1",
            "internal_dns_name_label": "",
            "internal_domain_name_suffix": "esotn35bmnzuld1jcyd1fd3via.bx.internal.cloudapp.net",
            "ip_configuration": [
              {
                "name": "ipconfig1",
                "primary": true,
                "private_ip_address": "10.0.1.7",
                "private_ip_address_allocation": "Dynamic",
                "private_ip_address_version": "IPv4",
                "public_ip_address_id": "",
                "subnet_id": "/subscriptions/838a252c-163f-461b-96d4-7f4f57559c2a/resourceGroups/sonarqube-RG/providers/Microsoft.Network/virtualNetworks/sonarqube-vnet/subnets/internal"
              }
            ],
            "location": "eastus",
            "mac_address": "00-0D-3A-8E-32-D0",
            "name": "sonarqube-nic-1",
            "private_ip_address": "10.0.1.7",
            "private_ip_addresses": [
              "10.0.1.7"
            ],
            "resource_group_name": "sonarqube-RG",
            "tags": {},
            "timeouts": null,
            "virtual_machine_id": "/subscriptions/838a252c-163f-461b-96d4-7f4f57559c2a/resourceGroups/sonarqube-RG/providers/Microsoft.Compute/virtualMachines/sonarqube-vm-1"
          },
          "sensitive_attributes": [],
          "private": "eyJlMmJmYjczMC1lY2FhLTExZTYtOGY4OC0zNDM2M2JjN2M0YzAiOnsiY3JlYXRlIjoxODAwMDAwMDAwMDAwLCJkZWxldGUiOjE4MDAwMDAwMDAwMDAsInJlYWQiOjMwMDAwMDAwMDAwMCwidXBkYXRlIjoxODAwMDAwMDAwMDAwfX0=",
          "dependencies": [
            "azurerm_resource_group.RG",
            "azurerm_subnet.Subnet1",
            "azurerm_virtual_network.VNET"
          ]
        },
        {
          "index_key": 2,
          "schema_version": 0,
          "attributes": {
            "applied_dns_servers": [],
            "dns_servers": [],
            "enable_accelerated_networking": false,
            "enable_ip_forwarding": false,
            "id": "/subscriptions/838a252c-163f-461b-96d4-7f4f57559c2a/resourceGroups/sonarqube-RG/providers/Microsoft.Network/networkInterfaces/sonarqube-nic-2",
            "internal_dns_name_label": "",
            "internal_domain_name_suffix": "esotn35bmnzuld1jcyd1fd3via.bx.internal.cloudapp.net",
            "ip_configuration": [
              {
                "name": "ipconfig2",
                "primary": true,
                "private_ip_address": "10.0.1.10",
                "private_ip_address_allocation": "Dynamic",
                "private_ip_address_version": "IPv4",
                "public_ip_address_id": "",
                "subnet_id": "/subscriptions/838a252c-163f-461b-96d4-7f4f57559c2a/resourceGroups/sonarqube-RG/providers/Microsoft.Network/virtualNetworks/sonarqube-vnet/subnets/internal"
              }
            ],
            "location": "eastus",
            "mac_address": "00-0D-3A-9C-56-9D",
            "name": "sonarqube-nic-2",
            "private_ip_address": "10.0.1.10",
            "private_ip_addresses": [
              "10.0.1.10"
            ],
            "resource_group_name": "sonarqube-RG",
            "tags": {},
            "timeouts": null,
            "virtual_machine_id": "/subscriptions/838a252c-163f-461b-96d4-7f4f57559c2a/resourceGroups/sonarqube-RG/providers/Microsoft.Compute/virtualMachines/sonarqube-vm-2"
          },
          "sensitive_attributes": [],
          "private": "eyJlMmJmYjczMC1lY2FhLTExZTYtOGY4OC0zNDM2M2JjN2M0YzAiOnsiY3JlYXRlIjoxODAwMDAwMDAwMDAwLCJkZWxldGUiOjE4MDAwMDAwMDAwMDAsInJlYWQiOjMwMDAwMDAwMDAwMCwidXBkYXRlIjoxODAwMDAwMDAwMDAwfX0=",
          "dependencies": [
            "azurerm_subnet.Subnet1",
            "azurerm_virtual_network.VNET",
            "azurerm_resource_group.RG"
          ]
        },
        {
          "index_key": 3,
          "schema_version": 0,
          "attributes": {
            "applied_dns_servers": [],
            "dns_servers": [],
            "enable_accelerated_networking": false,
            "enable_ip_forwarding": false,
            "id": "/subscriptions/838a252c-163f-461b-96d4-7f4f57559c2a/resourceGroups/sonarqube-RG/providers/Microsoft.Network/networkInterfaces/sonarqube-nic-3",
            "internal_dns_name_label": "",
            "internal_domain_name_suffix": "esotn35bmnzuld1jcyd1fd3via.bx.internal.cloudapp.net",
            "ip_configuration": [
              {
                "name": "ipconfig3",
                "primary": true,
                "private_ip_address": "10.0.1.4",
                "private_ip_address_allocation": "Dynamic",
                "private_ip_address_version": "IPv4",
                "public_ip_address_id": "",
                "subnet_id": "/subscriptions/838a252c-163f-461b-96d4-7f4f57559c2a/resourceGroups/sonarqube-RG/providers/Microsoft.Network/virtualNetworks/sonarqube-vnet/subnets/internal"
              }
            ],
            "location": "eastus",
            "mac_address": "00-0D-3A-8F-6D-67",
            "name": "sonarqube-nic-3",
            "private_ip_address": "10.0.1.4",
            "private_ip_addresses": [
              "10.0.1.4"
            ],
            "resource_group_name": "sonarqube-RG",
            "tags": {},
            "timeouts": null,
            "virtual_machine_id": "/subscriptions/838a252c-163f-461b-96d4-7f4f57559c2a/resourceGroups/sonarqube-RG/providers/Microsoft.Compute/virtualMachines/sonarqube-vm-3"
          },
          "sensitive_attributes": [],
          "private": "eyJlMmJmYjczMC1lY2FhLTExZTYtOGY4OC0zNDM2M2JjN2M0YzAiOnsiY3JlYXRlIjoxODAwMDAwMDAwMDAwLCJkZWxldGUiOjE4MDAwMDAwMDAwMDAsInJlYWQiOjMwMDAwMDAwMDAwMCwidXBkYXRlIjoxODAwMDAwMDAwMDAwfX0=",
          "dependencies": [
            "azurerm_resource_group.RG",
            "azurerm_subnet.Subnet1",
            "azurerm_virtual_network.VNET"
          ]
        },
        {
          "index_key": 4,
          "schema_version": 0,
          "attributes": {
            "applied_dns_servers": [],
            "dns_servers": [],
            "enable_accelerated_networking": false,
            "enable_ip_forwarding": false,
            "id": "/subscriptions/838a252c-163f-461b-96d4-7f4f57559c2a/resourceGroups/sonarqube-RG/providers/Microsoft.Network/networkInterfaces/sonarqube-nic-4",
            "internal_dns_name_label": "",
            "internal_domain_name_suffix": "esotn35bmnzuld1jcyd1fd3via.bx.internal.cloudapp.net",
            "ip_configuration": [
              {
                "name": "ipconfig4",
                "primary": true,
                "private_ip_address": "10.0.1.5",
                "private_ip_address_allocation": "Dynamic",
                "private_ip_address_version": "IPv4",
                "public_ip_address_id": "",
                "subnet_id": "/subscriptions/838a252c-163f-461b-96d4-7f4f57559c2a/resourceGroups/sonarqube-RG/providers/Microsoft.Network/virtualNetworks/sonarqube-vnet/subnets/internal"
              }
            ],
            "location": "eastus",
            "mac_address": "00-22-48-1F-75-B8",
            "name": "sonarqube-nic-4",
            "private_ip_address": "10.0.1.5",
            "private_ip_addresses": [
              "10.0.1.5"
            ],
            "resource_group_name": "sonarqube-RG",
            "tags": {},
            "timeouts": null,
            "virtual_machine_id": "/subscriptions/838a252c-163f-461b-96d4-7f4f57559c2a/resourceGroups/sonarqube-RG/providers/Microsoft.Compute/virtualMachines/sonarqube-vm-4"
          },
          "sensitive_attributes": [],
          "private": "eyJlMmJmYjczMC1lY2FhLTExZTYtOGY4OC0zNDM2M2JjN2M0YzAiOnsiY3JlYXRlIjoxODAwMDAwMDAwMDAwLCJkZWxldGUiOjE4MDAwMDAwMDAwMDAsInJlYWQiOjMwMDAwMDAwMDAwMCwidXBkYXRlIjoxODAwMDAwMDAwMDAwfX0=",
          "dependencies": [
            "azurerm_subnet.Subnet1",
            "azurerm_virtual_network.VNET",
            "azurerm_resource_group.RG"
          ]
        }
      ]
    },
    {
      "mode": "managed",
      "type": "azurerm_postgresql_database",
      "name": "sonardb",
      "provider": "provider[\"registry.terraform.io/hashicorp/azurerm\"]",
      "instances": [
        {
          "schema_version": 0,
          "attributes": {
            "charset": "UTF8",
            "collation": "English_United States.1252",
            "id": "/subscriptions/838a252c-163f-461b-96d4-7f4f57559c2a/resourceGroups/sonarqube-RG/providers/Microsoft.DBforPostgreSQL/servers/sonarqube-dc-server/databases/sonarqubedb",
            "name": "sonarqubedb",
            "resource_group_name": "sonarqube-RG",
            "server_name": "sonarqube-dc-server",
            "timeouts": null
          },
          "sensitive_attributes": [],
          "private": "eyJlMmJmYjczMC1lY2FhLTExZTYtOGY4OC0zNDM2M2JjN2M0YzAiOnsiY3JlYXRlIjozNjAwMDAwMDAwMDAwLCJkZWxldGUiOjM2MDAwMDAwMDAwMDAsInJlYWQiOjMwMDAwMDAwMDAwMCwidXBkYXRlIjozNjAwMDAwMDAwMDAwfX0=",
          "dependencies": [
            "azurerm_postgresql_server.PG",
            "azurerm_resource_group.RG"
          ]
        }
      ]
    },
    {
      "mode": "managed",
      "type": "azurerm_postgresql_server",
      "name": "PG",
      "provider": "provider[\"registry.terraform.io/hashicorp/azurerm\"]",
      "instances": [
        {
          "schema_version": 0,
          "attributes": {
            "administrator_login": "sonarqube",
            "administrator_login_password": "$7$\u0026l7q8zu*u1\u0026no",
            "auto_grow_enabled": true,
            "backup_retention_days": 7,
            "create_mode": "Default",
            "creation_source_server_id": null,
            "fqdn": "sonarqube-dc-server.postgres.database.azure.com",
            "geo_redundant_backup_enabled": false,
            "id": "/subscriptions/838a252c-163f-461b-96d4-7f4f57559c2a/resourceGroups/sonarqube-RG/providers/Microsoft.DBforPostgreSQL/servers/sonarqube-dc-server",
            "identity": [],
            "infrastructure_encryption_enabled": false,
            "location": "eastus",
            "name": "sonarqube-dc-server",
            "public_network_access_enabled": true,
            "resource_group_name": "sonarqube-RG",
            "restore_point_in_time": null,
            "sku_name": "B_Gen5_2",
            "ssl_enforcement": "Enabled",
            "ssl_enforcement_enabled": true,
            "ssl_minimal_tls_version_enforced": "TLSEnforcementDisabled",
            "storage_mb": 5120,
            "storage_profile": [
              {
                "auto_grow": "Enabled",
                "backup_retention_days": 7,
                "geo_redundant_backup": "Disabled",
                "storage_mb": 5120
              }
            ],
            "tags": {},
            "threat_detection_policy": [],
            "timeouts": null,
            "version": "9.5"
          },
          "sensitive_attributes": [],
          "private": "eyJlMmJmYjczMC1lY2FhLTExZTYtOGY4OC0zNDM2M2JjN2M0YzAiOnsiY3JlYXRlIjozNjAwMDAwMDAwMDAwLCJkZWxldGUiOjM2MDAwMDAwMDAwMDAsInJlYWQiOjMwMDAwMDAwMDAwMCwidXBkYXRlIjozNjAwMDAwMDAwMDAwfX0=",
          "dependencies": [
            "azurerm_resource_group.RG"
          ]
        }
      ]
    },
    {
      "mode": "managed",
      "type": "azurerm_public_ip",
      "name": "PIP",
      "provider": "provider[\"registry.terraform.io/hashicorp/azurerm\"]",
      "instances": [
        {
          "schema_version": 0,
          "attributes": {
            "allocation_method": "Static",
            "domain_name_label": null,
            "fqdn": null,
            "id": "/subscriptions/838a252c-163f-461b-96d4-7f4f57559c2a/resourceGroups/sonarqube-RG/providers/Microsoft.Network/publicIPAddresses/sonarqube-publicip",
            "idle_timeout_in_minutes": 4,
            "ip_address": "13.90.202.9",
            "ip_tags": {},
            "ip_version": "IPv4",
            "location": "eastus",
            "name": "sonarqube-publicip",
            "public_ip_prefix_id": null,
            "resource_group_name": "sonarqube-RG",
            "reverse_fqdn": null,
            "sku": "Basic",
            "tags": {},
            "timeouts": null,
            "zones": []
          },
          "sensitive_attributes": [],
          "private": "eyJlMmJmYjczMC1lY2FhLTExZTYtOGY4OC0zNDM2M2JjN2M0YzAiOnsiY3JlYXRlIjoxODAwMDAwMDAwMDAwLCJkZWxldGUiOjE4MDAwMDAwMDAwMDAsInJlYWQiOjMwMDAwMDAwMDAwMCwidXBkYXRlIjoxODAwMDAwMDAwMDAwfX0=",
          "dependencies": [
            "azurerm_resource_group.RG"
          ]
        }
      ]
    },
    {
      "mode": "managed",
      "type": "azurerm_resource_group",
      "name": "RG",
      "provider": "provider[\"registry.terraform.io/hashicorp/azurerm\"]",
      "instances": [
        {
          "schema_version": 0,
          "attributes": {
            "id": "/subscriptions/838a252c-163f-461b-96d4-7f4f57559c2a/resourceGroups/sonarqube-RG",
            "location": "eastus",
            "name": "sonarqube-RG",
            "tags": {},
            "timeouts": null
          },
          "sensitive_attributes": [],
          "private": "eyJlMmJmYjczMC1lY2FhLTExZTYtOGY4OC0zNDM2M2JjN2M0YzAiOnsiY3JlYXRlIjo1NDAwMDAwMDAwMDAwLCJkZWxldGUiOjU0MDAwMDAwMDAwMDAsInJlYWQiOjMwMDAwMDAwMDAwMCwidXBkYXRlIjo1NDAwMDAwMDAwMDAwfX0="
        }
      ]
    },
    {
      "mode": "managed",
      "type": "azurerm_storage_account",
      "name": "mystorageaccount",
      "provider": "provider[\"registry.terraform.io/hashicorp/azurerm\"]",
      "instances": [
        {
          "schema_version": 2,
          "attributes": {
            "access_tier": "Hot",
            "account_kind": "StorageV2",
            "account_replication_type": "LRS",
            "account_tier": "Standard",
            "allow_blob_public_access": false,
            "blob_properties": [],
            "custom_domain": [],
            "enable_https_traffic_only": true,
            "id": "/subscriptions/838a252c-163f-461b-96d4-7f4f57559c2a/resourceGroups/sonarqube-RG/providers/Microsoft.Storage/storageAccounts/diag166b9aa980635cb0",
            "identity": [],
            "is_hns_enabled": false,
            "large_file_share_enabled": null,
            "location": "eastus",
            "min_tls_version": "TLS1_0",
            "name": "diag166b9aa980635cb0",
            "network_rules": [
              {
                "bypass": [
                  "AzureServices"
                ],
                "default_action": "Allow",
                "ip_rules": [],
                "virtual_network_subnet_ids": []
              }
            ],
            "primary_access_key": "PYk494dgKqH0LEl7eE9++G0s8gskvbrAMS0dqt6EJVmjMnUB4OJ4gW2RpZBpwnCngRyWBpwKE51nzEenV5QIbQ==",
            "primary_blob_connection_string": "DefaultEndpointsProtocol=https;BlobEndpoint=https://diag166b9aa980635cb0.blob.core.windows.net/;AccountName=diag166b9aa980635cb0;AccountKey=PYk494dgKqH0LEl7eE9++G0s8gskvbrAMS0dqt6EJVmjMnUB4OJ4gW2RpZBpwnCngRyWBpwKE51nzEenV5QIbQ==",
            "primary_blob_endpoint": "https://diag166b9aa980635cb0.blob.core.windows.net/",
            "primary_blob_host": "diag166b9aa980635cb0.blob.core.windows.net",
            "primary_connection_string": "DefaultEndpointsProtocol=https;AccountName=diag166b9aa980635cb0;AccountKey=PYk494dgKqH0LEl7eE9++G0s8gskvbrAMS0dqt6EJVmjMnUB4OJ4gW2RpZBpwnCngRyWBpwKE51nzEenV5QIbQ==;EndpointSuffix=core.windows.net",
            "primary_dfs_endpoint": "https://diag166b9aa980635cb0.dfs.core.windows.net/",
            "primary_dfs_host": "diag166b9aa980635cb0.dfs.core.windows.net",
            "primary_file_endpoint": "https://diag166b9aa980635cb0.file.core.windows.net/",
            "primary_file_host": "diag166b9aa980635cb0.file.core.windows.net",
            "primary_location": "eastus",
            "primary_queue_endpoint": "https://diag166b9aa980635cb0.queue.core.windows.net/",
            "primary_queue_host": "diag166b9aa980635cb0.queue.core.windows.net",
            "primary_table_endpoint": "https://diag166b9aa980635cb0.table.core.windows.net/",
            "primary_table_host": "diag166b9aa980635cb0.table.core.windows.net",
            "primary_web_endpoint": "https://diag166b9aa980635cb0.z13.web.core.windows.net/",
            "primary_web_host": "diag166b9aa980635cb0.z13.web.core.windows.net",
            "queue_properties": [
              {
                "cors_rule": [],
                "hour_metrics": [
                  {
                    "enabled": true,
                    "include_apis": true,
                    "retention_policy_days": 7,
                    "version": "1.0"
                  }
                ],
                "logging": [
                  {
                    "delete": false,
                    "read": false,
                    "retention_policy_days": 0,
                    "version": "1.0",
                    "write": false
                  }
                ],
                "minute_metrics": [
                  {
                    "enabled": false,
                    "include_apis": false,
                    "retention_policy_days": 0,
                    "version": "1.0"
                  }
                ]
              }
            ],
            "resource_group_name": "sonarqube-RG",
            "secondary_access_key": "Xn8OVtu5rX+/XZmNh1im+iG2JL89C/lI8Fpvck2mkEjCEBMl5LPCIg/tXG0i7pClgd2At8sx5/dum9yOX5/zIw==",
            "secondary_blob_connection_string": "",
            "secondary_blob_endpoint": null,
            "secondary_blob_host": null,
            "secondary_connection_string": "DefaultEndpointsProtocol=https;AccountName=diag166b9aa980635cb0;AccountKey=Xn8OVtu5rX+/XZmNh1im+iG2JL89C/lI8Fpvck2mkEjCEBMl5LPCIg/tXG0i7pClgd2At8sx5/dum9yOX5/zIw==;EndpointSuffix=core.windows.net",
            "secondary_dfs_endpoint": null,
            "secondary_dfs_host": null,
            "secondary_file_endpoint": null,
            "secondary_file_host": null,
            "secondary_location": "",
            "secondary_queue_endpoint": null,
            "secondary_queue_host": null,
            "secondary_table_endpoint": null,
            "secondary_table_host": null,
            "secondary_web_endpoint": null,
            "secondary_web_host": null,
            "static_website": [],
            "tags": {},
            "timeouts": null
          },
          "sensitive_attributes": [],
          "private": "eyJlMmJmYjczMC1lY2FhLTExZTYtOGY4OC0zNDM2M2JjN2M0YzAiOnsiY3JlYXRlIjozNjAwMDAwMDAwMDAwLCJkZWxldGUiOjM2MDAwMDAwMDAwMDAsInJlYWQiOjMwMDAwMDAwMDAwMCwidXBkYXRlIjozNjAwMDAwMDAwMDAwfSwic2NoZW1hX3ZlcnNpb24iOiIyIn0=",
          "dependencies": [
            "azurerm_resource_group.RG",
            "random_id.randomId"
          ]
        }
      ]
    },
    {
      "mode": "managed",
      "type": "azurerm_subnet",
      "name": "Subnet1",
      "provider": "provider[\"registry.terraform.io/hashicorp/azurerm\"]",
      "instances": [
        {
          "schema_version": 0,
          "attributes": {
            "address_prefix": "10.0.1.0/24",
            "address_prefixes": [
              "10.0.1.0/24"
            ],
            "delegation": [],
            "enforce_private_link_endpoint_network_policies": false,
            "enforce_private_link_service_network_policies": false,
            "id": "/subscriptions/838a252c-163f-461b-96d4-7f4f57559c2a/resourceGroups/sonarqube-RG/providers/Microsoft.Network/virtualNetworks/sonarqube-vnet/subnets/internal",
            "name": "internal",
            "resource_group_name": "sonarqube-RG",
            "service_endpoint_policy_ids": [],
            "service_endpoints": [],
            "timeouts": null,
            "virtual_network_name": "sonarqube-vnet"
          },
          "sensitive_attributes": [],
          "private": "eyJlMmJmYjczMC1lY2FhLTExZTYtOGY4OC0zNDM2M2JjN2M0YzAiOnsiY3JlYXRlIjoxODAwMDAwMDAwMDAwLCJkZWxldGUiOjE4MDAwMDAwMDAwMDAsInJlYWQiOjMwMDAwMDAwMDAwMCwidXBkYXRlIjoxODAwMDAwMDAwMDAwfX0=",
          "dependencies": [
            "azurerm_resource_group.RG",
            "azurerm_virtual_network.VNET"
          ]
        }
      ]
    },
    {
      "mode": "managed",
      "type": "azurerm_virtual_network",
      "name": "VNET",
      "provider": "provider[\"registry.terraform.io/hashicorp/azurerm\"]",
      "instances": [
        {
          "schema_version": 0,
          "attributes": {
            "address_space": [
              "10.0.0.0/16"
            ],
            "bgp_community": "",
            "ddos_protection_plan": [],
            "dns_servers": [],
            "guid": "f7369d24-63e1-4573-8f69-1607b28fb540",
            "id": "/subscriptions/838a252c-163f-461b-96d4-7f4f57559c2a/resourceGroups/sonarqube-RG/providers/Microsoft.Network/virtualNetworks/sonarqube-vnet",
            "location": "eastus",
            "name": "sonarqube-vnet",
            "resource_group_name": "sonarqube-RG",
            "subnet": [
              {
                "address_prefix": "10.0.1.0/24",
                "id": "/subscriptions/838a252c-163f-461b-96d4-7f4f57559c2a/resourceGroups/sonarqube-RG/providers/Microsoft.Network/virtualNetworks/sonarqube-vnet/subnets/internal",
                "name": "internal",
                "security_group": ""
              }
            ],
            "tags": {},
            "timeouts": null,
            "vm_protection_enabled": false
          },
          "sensitive_attributes": [],
          "private": "eyJlMmJmYjczMC1lY2FhLTExZTYtOGY4OC0zNDM2M2JjN2M0YzAiOnsiY3JlYXRlIjoxODAwMDAwMDAwMDAwLCJkZWxldGUiOjE4MDAwMDAwMDAwMDAsInJlYWQiOjMwMDAwMDAwMDAwMCwidXBkYXRlIjoxODAwMDAwMDAwMDAwfX0=",
          "dependencies": [
            "azurerm_resource_group.RG"
          ]
        }
      ]
    },
    {
      "mode": "managed",
      "type": "random_id",
      "name": "randomId",
      "provider": "provider[\"registry.terraform.io/hashicorp/random\"]",
      "instances": [
        {
          "schema_version": 0,
          "attributes": {
            "b64_std": "FmuaqYBjXLA=",
            "b64_url": "FmuaqYBjXLA",
            "byte_length": 8,
            "dec": "1615554944136600752",
            "hex": "166b9aa980635cb0",
            "id": "FmuaqYBjXLA",
            "keepers": {
              "resource_group": "sonarqube-RG"
            },
            "prefix": null
          },
          "sensitive_attributes": [],
          "private": "bnVsbA==",
          "dependencies": [
            "azurerm_resource_group.RG"
          ]
        }
      ]
    },
    {
      "mode": "managed",
      "type": "tls_private_key",
      "name": "example_ssh",
      "provider": "provider[\"registry.terraform.io/hashicorp/tls\"]",
      "instances": [
        {
          "schema_version": 0,
          "attributes": {
            "algorithm": "RSA",
            "ecdsa_curve": "P224",
            "id": "a268518d71d52a4b74856bc98a92bf5f696e12b7",
            "private_key_pem": "-----BEGIN RSA PRIVATE KEY-----\nMIIJKAIBAAKCAgEAyk1Ww1ARKXDwD+qGrNwu+9669G7mOpF8AqGpkpYrLdLH6Epw\neiSY429B/wkC80p9Q7hc91M2FqtxCsuph3EWM3DhjgFG2WZBu2XRwEtIHPKB9HFs\noFeEyHhSk5aZJFB6B3ovLBjbLMYUltl3s0c1WNPCwNbJ92lv4svPsirXsEuXu70+\ntwmBqD3yZobuhrIzkpexkctz4X6AuAaYjg3O/xiU03zYmpe1Hpcaw51JLVybrsYi\nn0xI3/CFeq+VM7t86zPYd90oRb28fE6DmxIbZjb/y4ATM2LphsHj9vZs6dkq0Jsl\nITRF+4gjOEJUGAA66YetZ+gDXL7M6mb2HMd0Tj4qCxFJbo43p30symFVBx2f4srF\nZvHsY1laDzMSaHw+Ogn6kxh3DxJjRxgenAByx6flfwqJN12XkN5oXmsIXvJpf9YA\nhnDaAIRF6enBW6AJR7TxAm28XpigvpnBd78/x3VZFYldeyiYWN/V0nvpEtSWp80j\n3FJCvNxyfzD9dkpr+ulXVZZg5Em1nNPxrLWni/oJX2liClTmXTPDgx2VVKkTr8si\n+uGEMt5N+L5afGK8AiXjssbN639bcXXm5WA6TcYN1p119W3wo6un5oeNpTep1Hcf\n/oAOYJMhnKEDcEUvC+7enVHAqhv29Nw033QXRgNgTntV+D6M4s2hlzJnApECAwEA\nAQKCAgALY/Ngp99vf+ZkXwYaMYOLtuy72oqn/Y0H8OZFVKM1v0p2L8rJdcoN9DO5\nEl7SJ/2JlJXXbx36hMimnPT8pUdkuhRZFIVStEk7Le5zb0muJ5FdnA1LseHOD8hG\nexJAUy+rwBtr1jJxAO4j2Da/J2E/kRzEEtPoVE1ybZtSIstmJ7txXKRtVeGxAVvm\nne5MMzhoJpZe6R+rMJ46vlRUmz5uaonmpn7jpWsTP9rH7NEz9qTlYE6OvZLU2QwK\n7lvuP7422AJ2LUOZOaelMB6E2q4kQTCB2sI6AHW5mq0lOJbFS+73M+URS4otMWsa\nPdHSUCEBCRygXxXhYPTUtdthn3FS5NQlE46OQlcaDeBo7SPLsUfZLos5qj2SVfKE\nsJdQPys9W0VuA5V+6QdzSrfGJjPDkFMrGH8XSJrlmzTlfOlFtQOvXC1yERYa5Kw+\nZzlnzvv4RUqkojyBvoSes5P8A7gA1c5lTm35qE80l5Ubjy9X6EYls4drSumcVDrf\nu5EZdJIzdr0y2TETu1DGGhQg5roskRUkzqShGaiwpVZ70zzt4RJ1hM4iT8bsMSJw\njcMmmM6eCXLFAiC+ZslJYv9BYJECqEhRldCs+NBZVnTGdOid0vC0RMtVx6HymJeY\nBRWmpLw1lCqWFbIZ4GpMsKVRJPh4isf0W5WJ8cXj9GuBHnSIYQKCAQEA7Co2Ez5r\nuV5vRH9QlpNaESmWxKBY/vJ98tcQ+Jvs1kCxWpTVvBOBTnmaOEyu9pTFTAc/0m7Q\nvAt/zOFIDDizqmtWSyUg3y+5BlXQay20x26n4bilCH8labbflGTvvZsbslSkUxVI\nszfPPj1I9lUxM/+yFM0Ud4FH4fa0dLTeYnjzdSjcJA5Yx78aUpjw/Uo0Rh/rDERp\nBqiAWhnxRPMWrt0rdJSxjncFNq+mlxNU4Tyc9y5u45QxibwjK3d//a7gT4yW0WJM\nfNqCDYx/TXTMoUwa0ku3Ll32qGptR/0+Bt4lF3r4wfdABB4IxedUVe2M0r4qbbGW\n8zxCjY0auLscZQKCAQEA20sK/PVg2BWMywe/ncAXiV87WKy9peHaDlgS9uPDNjDW\nEvfCAhgtKBFWJEpNwFV9+2I92tkQNXIa6auriyjYN6l/Kax7LXkpd513d6cBbM7Y\n52outpu3PS4NoNs9y0As0M6q4E4EyfTw8qYOSdngRC0XvLOMuPnX67E27rtpB79p\nEiz6CzvdNMft11uUQT1W6/0Gw2qEbMgtvdVVyQqB0+TADZh6CHSNQHsZY6f6sQF8\nxBbqd9j6gywg5hJnwZBWepmKTGfUISRpkyM/tEOrhfTh6snVDtQyPUK6eGfCPh48\nJg0LFLMa1EMhcQwQ/rFRu1owBKFcNUO9pP3DPggcvQKCAQEAqo8VvLIxFJAqJbsZ\nFZZXzttNYrY3b/Drm01NmW7rDhVswPGKpykjEuzpv01KcxUgpHb71dtobtaTNwFg\niksNHsAkc2LeKbIKm5OwUSeSTxIQtwkmT0ucVovXTxHSvwndZ96PSt2tQpnE17tl\nDVqbjWVWVIWECYbZxkzpKPxTO6UElxGqY3PlFGVk+lAwg41q0VZN5+8kNsXM5MWl\npNk3AZUDxE97KFu27TbQRn2UqJKg/jePqFanrESu1b6ZNjptD6aGabPnb6hTkrts\nWSFIhBk1qbk7E4aTFDDAueQgPs+C1EFglJ0fo5mZVmxqUSCdurnSZKSEUyirHBXT\nPaUMrQKCAQA5VdqOnt1uQdwo7WK1LRc6TJLosWl4aJ+ppm9268ALeCNQnES2ZXnR\nAw9ht6eyhOfGhT4k7SHmx2mv9LmKTeiSTRe5XqZqEka8RoiI2TpvJ3ngr4t9JSN4\ntITNrOTwMlxFT/OvZ9aqswcYekA8IOIZES0mok9FwdUpg5EYRBnG883V+bp6m3FP\nroJKD2Co2g/S7boJ99yd0IzdGF0wjjW5oBJyu44UjdysokLWIoJSK1BiuJcfNLTy\n/OOxI9jK7CEgNurI5VC6RZnw5YNvb032XTuANrslAGgOSlcUyhQoR6F0VW6zP8zg\n+JhSxVPgM55p/L+XRlUkfAymic61dkuFAoIBAAdy/x7LRQf1EkAxQp3jYvakWtPo\nba3MFdFoWgHBbCv2VHDDHJxQiWLdcymkdrVxzZndx7zzTKs3dKP8CSOkcRAY2DpN\nbrA54TClKFwZX8bEvyo8UOHnAtDLLeJGkCMI/V/rOW3nqUP8R1Q5m22FiMWX3qMJ\nx7N7Wr6rXGJghmCEFBKrDhjH9reDFCjVocZwREap6vclqPHZscxFqMLbws4u89b1\nO3YgAsRCR0Jd75P34UYzh0olakZwTi+ZNqp/TfkPxBKq+zgsnJcx6KR5+P96pI+Z\n2ZVWcYjdO8vHoPLXVFlIW4Zc9qyrccjpHmF4zbTPwJtreTaHXas695gttnk=\n-----END RSA PRIVATE KEY-----\n",
            "public_key_fingerprint_md5": "59:d9:ed:80:09:3d:fe:92:09:13:a8:86:5f:48:e1:c4",
            "public_key_openssh": "ssh-rsa AAAAB3NzaC1yc2EAAAADAQABAAACAQDKTVbDUBEpcPAP6oas3C773rr0buY6kXwCoamSlist0sfoSnB6JJjjb0H/CQLzSn1DuFz3UzYWq3EKy6mHcRYzcOGOAUbZZkG7ZdHAS0gc8oH0cWygV4TIeFKTlpkkUHoHei8sGNssxhSW2XezRzVY08LA1sn3aW/iy8+yKtewS5e7vT63CYGoPfJmhu6GsjOSl7GRy3PhfoC4BpiODc7/GJTTfNial7UelxrDnUktXJuuxiKfTEjf8IV6r5Uzu3zrM9h33ShFvbx8ToObEhtmNv/LgBMzYumGweP29mzp2SrQmyUhNEX7iCM4QlQYADrph61n6ANcvszqZvYcx3ROPioLEUlujjenfSzKYVUHHZ/iysVm8exjWVoPMxJofD46CfqTGHcPEmNHGB6cAHLHp+V/Cok3XZeQ3mheawhe8ml/1gCGcNoAhEXp6cFboAlHtPECbbxemKC+mcF3vz/HdVkViV17KJhY39XSe+kS1JanzSPcUkK83HJ/MP12Smv66VdVlmDkSbWc0/GstaeL+glfaWIKVOZdM8ODHZVUqROvyyL64YQy3k34vlp8YrwCJeOyxs3rf1txdeblYDpNxg3WnXX1bfCjq6fmh42lN6nUdx/+gA5gkyGcoQNwRS8L7t6dUcCqG/b03DTfdBdGA2BOe1X4PozizaGXMmcCkQ==\n",
            "public_key_pem": "-----BEGIN PUBLIC KEY-----\nMIICIjANBgkqhkiG9w0BAQEFAAOCAg8AMIICCgKCAgEAyk1Ww1ARKXDwD+qGrNwu\n+9669G7mOpF8AqGpkpYrLdLH6EpweiSY429B/wkC80p9Q7hc91M2FqtxCsuph3EW\nM3DhjgFG2WZBu2XRwEtIHPKB9HFsoFeEyHhSk5aZJFB6B3ovLBjbLMYUltl3s0c1\nWNPCwNbJ92lv4svPsirXsEuXu70+twmBqD3yZobuhrIzkpexkctz4X6AuAaYjg3O\n/xiU03zYmpe1Hpcaw51JLVybrsYin0xI3/CFeq+VM7t86zPYd90oRb28fE6DmxIb\nZjb/y4ATM2LphsHj9vZs6dkq0JslITRF+4gjOEJUGAA66YetZ+gDXL7M6mb2HMd0\nTj4qCxFJbo43p30symFVBx2f4srFZvHsY1laDzMSaHw+Ogn6kxh3DxJjRxgenABy\nx6flfwqJN12XkN5oXmsIXvJpf9YAhnDaAIRF6enBW6AJR7TxAm28XpigvpnBd78/\nx3VZFYldeyiYWN/V0nvpEtSWp80j3FJCvNxyfzD9dkpr+ulXVZZg5Em1nNPxrLWn\ni/oJX2liClTmXTPDgx2VVKkTr8si+uGEMt5N+L5afGK8AiXjssbN639bcXXm5WA6\nTcYN1p119W3wo6un5oeNpTep1Hcf/oAOYJMhnKEDcEUvC+7enVHAqhv29Nw033QX\nRgNgTntV+D6M4s2hlzJnApECAwEAAQ==\n-----END PUBLIC KEY-----\n",
            "rsa_bits": 4096
          },
          "sensitive_attributes": [],
          "private": "bnVsbA=="
        }
      ]
    }
  ]
}
